PODS:
  - AFNetworking (3.0.4):
    - AFNetworking/NSURLSession (= 3.0.4)
    - AFNetworking/Reachability (= 3.0.4)
    - AFNetworking/Security (= 3.0.4)
    - AFNetworking/Serialization (= 3.0.4)
    - AFNetworking/UIKit (= 3.0.4)
  - AFNetworking/NSURLSession (3.0.4):
    - AFNetworking/Reachability
    - AFNetworking/Security
    - AFNetworking/Serialization
  - AFNetworking/Reachability (3.0.4)
  - AFNetworking/Security (3.0.4)
  - AFNetworking/Serialization (3.0.4)
  - AFNetworking/UIKit (3.0.4):
    - AFNetworking/NSURLSession
  - IQKeyboardManager (3.3.6)
  - PureLayout (3.0.1)
  - SDWebImage (3.7.5):
    - SDWebImage/Core (= 3.7.5)
  - SDWebImage/Core (3.7.5)
  - UIActivityIndicator-for-SDWebImage (1.2):
    - SDWebImage (~> 3.7)
  - UIViewController-KeyboardAdditions (1.1)

DEPENDENCIES:
  - AFNetworking
  - IQKeyboardManager
  - PureLayout
  - SDWebImage
  - UIActivityIndicator-for-SDWebImage
  - UIViewController-KeyboardAdditions

SPEC CHECKSUMS:
  AFNetworking: a0075feb321559dc78d9d85b55d11caa19eabb93
  IQKeyboardManager: 037cf3aec1d0a045108859a47818714eb1bfc149
  PureLayout: f35f5384c9c4e4479df041dbe33ad7577b71ddfb
  SDWebImage: 69c6303e3348fba97e03f65d65d4fbc26740f461
  UIActivityIndicator-for-SDWebImage: 7bf7ebbf0ed1747dedc0d6e949c4603a6d0f9e0c
  UIViewController-KeyboardAdditions: 5db782fc55ec1e49a20caf80f8d4217f4032eaee

COCOAPODS: 0.38.2
