// !$*UTF8*$!
{
	archiveVersion = 1;
	classes = {
	};
	objectVersion = 46;
	objects = {

/* Begin PBXBuildFile section */
		015468D213152E4DB0DEFF15 /* libPods-Swing.a in Frameworks */ = {isa = PBXBuildFile; fileRef = 2C19A6FBE22DAA79A59B1FD3 /* libPods-Swing.a */; };
		0F12C33F1E507B1E0055DBB0 /* EditKidViewController.m in Sources */ = {isa = PBXBuildFile; fileRef = 0F12C33E1E507B1E0055DBB0 /* EditKidViewController.m */; };
		0F1376131DE04A5D00DB6C33 /* DBHelper.m in Sources */ = {isa = PBXBuildFile; fileRef = 0F1376121DE04A5D00DB6C33 /* DBHelper.m */; };
		0F1376341DE0593600DB6C33 /* ColorTransformer.m in Sources */ = {isa = PBXBuildFile; fileRef = 0F1376331DE0593600DB6C33 /* ColorTransformer.m */; };
		0F140B711D88432B005B9763 /* alert2.json in Resources */ = {isa = PBXBuildFile; fileRef = 0F140B701D88432B005B9763 /* alert2.json */; };
		0F15D2A91E0AC48E004F8F69 /* IndexViewController.m in Sources */ = {isa = PBXBuildFile; fileRef = 0F15D2A81E0AC48E004F8F69 /* IndexViewController.m */; };
		0F176EBF1DE48FB70014F079 /* Todo+CoreDataClass.m in Sources */ = {isa = PBXBuildFile; fileRef = 0F176EB81DE48FB70014F079 /* Todo+CoreDataClass.m */; };
		0F176EC01DE48FB70014F079 /* Todo+CoreDataProperties.m in Sources */ = {isa = PBXBuildFile; fileRef = 0F176EBA1DE48FB70014F079 /* Todo+CoreDataProperties.m */; };
		0F176EC11DE48FB70014F079 /* Event+CoreDataClass.m in Sources */ = {isa = PBXBuildFile; fileRef = 0F176EBC1DE48FB70014F079 /* Event+CoreDataClass.m */; };
		0F176EC21DE48FB70014F079 /* Event+CoreDataProperties.m in Sources */ = {isa = PBXBuildFile; fileRef = 0F176EBE1DE48FB70014F079 /* Event+CoreDataProperties.m */; };
		0F1B77FC1E4EAC4600FD2421 /* OptionViewController.m in Sources */ = {isa = PBXBuildFile; fileRef = 0F1B77FB1E4EAC4600FD2421 /* OptionViewController.m */; };
		0F1D939D1DEDD90F000444B9 /* BLEDelegate.m in Sources */ = {isa = PBXBuildFile; fileRef = 0F1D939C1DEDD90F000444B9 /* BLEDelegate.m */; };
		0F37056E1E096A6700E87BF0 /* Localizable.strings in Resources */ = {isa = PBXBuildFile; fileRef = 0F3705701E096A6700E87BF0 /* Localizable.strings */; };
		0F445E0F1D7094A6008A092C /* JSONValueTransformer+NSData.m in Sources */ = {isa = PBXBuildFile; fileRef = 0F445E0E1D7094A6008A092C /* JSONValueTransformer+NSData.m */; };
		0F45AB831D6316FA00EF385F /* STextField.m in Sources */ = {isa = PBXBuildFile; fileRef = 0F45AB821D6316FA00EF385F /* STextField.m */; };
		0F45AB881D63593400EF385F /* ActivityModel.m in Sources */ = {isa = PBXBuildFile; fileRef = 0F45AB871D63593400EF385F /* ActivityModel.m */; };
		0F45AB8B1D63614800EF385F /* ActivityResultModel.m in Sources */ = {isa = PBXBuildFile; fileRef = 0F45AB8A1D63614800EF385F /* ActivityResultModel.m */; };
		0F68BEEE1DE87F8D002FDFB2 /* Activity+CoreDataClass.m in Sources */ = {isa = PBXBuildFile; fileRef = 0F68BEEB1DE87F8D002FDFB2 /* Activity+CoreDataClass.m */; };
		0F68BEEF1DE87F8D002FDFB2 /* Activity+CoreDataProperties.m in Sources */ = {isa = PBXBuildFile; fileRef = 0F68BEED1DE87F8D002FDFB2 /* Activity+CoreDataProperties.m */; };
		0F927FD51DDA02680011EF90 /* BLEClient.m in Sources */ = {isa = PBXBuildFile; fileRef = 0F927FCC1DDA02680011EF90 /* BLEClient.m */; };
		0F927FD61DDA02680011EF90 /* BLEInitDevice.m in Sources */ = {isa = PBXBuildFile; fileRef = 0F927FCE1DDA02680011EF90 /* BLEInitDevice.m */; };
		0F927FD71DDA02680011EF90 /* BLEScanDevice.m in Sources */ = {isa = PBXBuildFile; fileRef = 0F927FD01DDA02680011EF90 /* BLEScanDevice.m */; };
		0F927FD81DDA02680011EF90 /* BLESearchDevice.m in Sources */ = {isa = PBXBuildFile; fileRef = 0F927FD21DDA02680011EF90 /* BLESearchDevice.m */; };
		0F927FD91DDA02680011EF90 /* BLESyncDevice.m in Sources */ = {isa = PBXBuildFile; fileRef = 0F927FD41DDA02680011EF90 /* BLESyncDevice.m */; };
		0FD6B3E71D61B79300C00A45 /* ChoicesViewController.m in Sources */ = {isa = PBXBuildFile; fileRef = 0FD6B3E61D61B79300C00A45 /* ChoicesViewController.m */; };
		0FDAF5AA1D6405EF007CD808 /* citystate.json in Resources */ = {isa = PBXBuildFile; fileRef = 0FDAF5A91D6405EF007CD808 /* citystate.json */; };
		0FDBDA951D708725004F7AAF /* LMLocalData.m in Sources */ = {isa = PBXBuildFile; fileRef = 0FDBDA941D708725004F7AAF /* LMLocalData.m */; };
		0FEB6D5F1F014909007507D4 /* A-062617.bin in Resources */ = {isa = PBXBuildFile; fileRef = 0FEB6D5D1F014909007507D4 /* A-062617.bin */; };
		0FEB6D601F014909007507D4 /* B-062617.bin in Resources */ = {isa = PBXBuildFile; fileRef = 0FEB6D5E1F014909007507D4 /* B-062617.bin */; };
		0FEC584A1D69D91800201EBD /* BatteryModel.m in Sources */ = {isa = PBXBuildFile; fileRef = 0FEC58451D69D91700201EBD /* BatteryModel.m */; };
		AD05B5BD1D3BCAA4007BCF7C /* LoginViewController.m in Sources */ = {isa = PBXBuildFile; fileRef = AD05B5BC1D3BCAA4007BCF7C /* LoginViewController.m */; };
		AD05B5C01D3BD187007BCF7C /* SwingClient.m in Sources */ = {isa = PBXBuildFile; fileRef = AD05B5BF1D3BD187007BCF7C /* SwingClient.m */; };
		AD0B81171D37EF7400F43E72 /* ControlFactory.m in Sources */ = {isa = PBXBuildFile; fileRef = AD0B810B1D37EF7400F43E72 /* ControlFactory.m */; };
		AD0B81181D37EF7400F43E72 /* Fun.m in Sources */ = {isa = PBXBuildFile; fileRef = AD0B810D1D37EF7400F43E72 /* Fun.m */; };
		AD0B81191D37EF7400F43E72 /* GlobalCache.m in Sources */ = {isa = PBXBuildFile; fileRef = AD0B810F1D37EF7400F43E72 /* GlobalCache.m */; };
		AD0B811A1D37EF7400F43E72 /* LMBaseTableViewController.m in Sources */ = {isa = PBXBuildFile; fileRef = AD0B81111D37EF7400F43E72 /* LMBaseTableViewController.m */; };
		AD0B811B1D37EF7400F43E72 /* LMBaseTableViewController2.m in Sources */ = {isa = PBXBuildFile; fileRef = AD0B81131D37EF7400F43E72 /* LMBaseTableViewController2.m */; };
		AD0B811C1D37EF7400F43E72 /* LMBaseViewController.m in Sources */ = {isa = PBXBuildFile; fileRef = AD0B81151D37EF7400F43E72 /* LMBaseViewController.m */; };
		AD0B81281D37F09900F43E72 /* SimpleLogger.m in Sources */ = {isa = PBXBuildFile; fileRef = AD0B81231D37F09900F43E72 /* SimpleLogger.m */; };
		AD1C61971DDB2AEF00331474 /* ActivityCache.m in Sources */ = {isa = PBXBuildFile; fileRef = AD1C61961DDB2AEF00331474 /* ActivityCache.m */; };
		AD1CEF0A1D5ACB19004FEC24 /* LMBarView.m in Sources */ = {isa = PBXBuildFile; fileRef = AD1CEF091D5ACB19004FEC24 /* LMBarView.m */; };
		AD1CEF0D1D5ADA90004FEC24 /* LMArrowView.m in Sources */ = {isa = PBXBuildFile; fileRef = AD1CEF0C1D5ADA90004FEC24 /* LMArrowView.m */; };
		AD1CEF101D5AE7F5004FEC24 /* LMTabBarController2.m in Sources */ = {isa = PBXBuildFile; fileRef = AD1CEF0F1D5AE7F5004FEC24 /* LMTabBarController2.m */; };
		AD1CEF121D5AE886004FEC24 /* MainTab2.storyboard in Resources */ = {isa = PBXBuildFile; fileRef = AD1CEF111D5AE886004FEC24 /* MainTab2.storyboard */; };
		AD21A5D61E5FD4B300DA72E3 /* BLEUpdater.m in Sources */ = {isa = PBXBuildFile; fileRef = AD21A5D51E5FD4B300DA72E3 /* BLEUpdater.m */; };
		AD21A5DA1E5FD9E100DA72E3 /* CBService+LMMethod.m in Sources */ = {isa = PBXBuildFile; fileRef = AD21A5D91E5FD9E100DA72E3 /* CBService+LMMethod.m */; };
		AD21A5DD1E600EF500DA72E3 /* BLEUtility.m in Sources */ = {isa = PBXBuildFile; fileRef = AD21A5DC1E600EF500DA72E3 /* BLEUtility.m */; };
		AD289A5E1D3FD0E800898F92 /* AskStepViewController.m in Sources */ = {isa = PBXBuildFile; fileRef = AD289A5D1D3FD0E800898F92 /* AskStepViewController.m */; };
		AD2D338D1D5378AD005D9298 /* KidModel.m in Sources */ = {isa = PBXBuildFile; fileRef = AD2D338C1D5378AD005D9298 /* KidModel.m */; };
		AD2D33901D538418005D9298 /* ToDoModel.m in Sources */ = {isa = PBXBuildFile; fileRef = AD2D338F1D538418005D9298 /* ToDoModel.m */; };
		AD347D171D3FD8DD00E91DDD /* SearchWatchViewController.m in Sources */ = {isa = PBXBuildFile; fileRef = AD347D161D3FD8DD00E91DDD /* SearchWatchViewController.m */; };
		AD347D1B1D3FDE1A00E91DDD /* DeviceTableViewCell.m in Sources */ = {isa = PBXBuildFile; fileRef = AD347D1A1D3FDE1A00E91DDD /* DeviceTableViewCell.m */; };
		AD347D1E1D3FDEEC00E91DDD /* SelectWatchViewController.m in Sources */ = {isa = PBXBuildFile; fileRef = AD347D1D1D3FDEEC00E91DDD /* SelectWatchViewController.m */; };
		AD65905E1DDA8B8A006DD43D /* BLEWaitDevice.m in Sources */ = {isa = PBXBuildFile; fileRef = AD65905D1DDA8B8A006DD43D /* BLEWaitDevice.m */; };
		AD6654541D490C110056632C /* SyncDeviceViewController.m in Sources */ = {isa = PBXBuildFile; fileRef = AD6654531D490C110056632C /* SyncDeviceViewController.m */; };
		AD6654571D490EC20056632C /* SearchDeviceViewController.m in Sources */ = {isa = PBXBuildFile; fileRef = AD6654561D490EC20056632C /* SearchDeviceViewController.m */; };
		AD7438231D4DD47100F5F9D2 /* JBChartTooltipTipView.m in Sources */ = {isa = PBXBuildFile; fileRef = AD7438201D4DD47100F5F9D2 /* JBChartTooltipTipView.m */; };
		AD7438241D4DD47100F5F9D2 /* JBChartTooltipView.m in Sources */ = {isa = PBXBuildFile; fileRef = AD7438221D4DD47100F5F9D2 /* JBChartTooltipView.m */; };
		AD7438271D4DD50C00F5F9D2 /* JBBaseChartViewController.m in Sources */ = {isa = PBXBuildFile; fileRef = AD7438261D4DD50C00F5F9D2 /* JBBaseChartViewController.m */; };
		AD74D4DC1D4F90B5001F3B36 /* EventLabel.m in Sources */ = {isa = PBXBuildFile; fileRef = AD74D4DB1D4F90B5001F3B36 /* EventLabel.m */; };
		AD74D4DF1D4FA08E001F3B36 /* EventInfoViewController.m in Sources */ = {isa = PBXBuildFile; fileRef = AD74D4DE1D4FA08E001F3B36 /* EventInfoViewController.m */; };
		AD74D4E21D4FA750001F3B36 /* EventSelectTableViewCell.m in Sources */ = {isa = PBXBuildFile; fileRef = AD74D4E11D4FA750001F3B36 /* EventSelectTableViewCell.m */; };
		AD7797931D4C8D0600472B27 /* ProfileDeviceCell.m in Sources */ = {isa = PBXBuildFile; fileRef = AD7797921D4C8D0600472B27 /* ProfileDeviceCell.m */; };
		AD7797961D4C9B5200472B27 /* EditProfileViewController.m in Sources */ = {isa = PBXBuildFile; fileRef = AD7797951D4C9B5200472B27 /* EditProfileViewController.m */; };
		AD7797991D4CCFD200472B27 /* UnderlineTextField.m in Sources */ = {isa = PBXBuildFile; fileRef = AD7797981D4CCFD200472B27 /* UnderlineTextField.m */; };
		AD77979C1D4CE11B00472B27 /* CameraUtility.m in Sources */ = {isa = PBXBuildFile; fileRef = AD77979B1D4CE11B00472B27 /* CameraUtility.m */; };
		AD7797A01D4CF9C400472B27 /* ChartFooterView.m in Sources */ = {isa = PBXBuildFile; fileRef = AD77979F1D4CF9C400472B27 /* ChartFooterView.m */; };
		AD7797A31D4D034600472B27 /* ActivityViewController.m in Sources */ = {isa = PBXBuildFile; fileRef = AD7797A21D4D034600472B27 /* ActivityViewController.m */; };
		AD7797A61D4D085600472B27 /* ChartViewController.m in Sources */ = {isa = PBXBuildFile; fileRef = AD7797A51D4D085600472B27 /* ChartViewController.m */; };
		AD790F531DAF9D9B002FE2F1 /* LFTextField.m in Sources */ = {isa = PBXBuildFile; fileRef = AD790F511DAF9D9B002FE2F1 /* LFTextField.m */; };
		AD83559D1E55512A000AA668 /* UIImage+wiRoundedRectImage.m in Sources */ = {isa = PBXBuildFile; fileRef = AD83559C1E55512A000AA668 /* UIImage+wiRoundedRectImage.m */; };
		AD95A51B1D5243390047A0A2 /* SwingClientTest.m in Sources */ = {isa = PBXBuildFile; fileRef = AD95A51A1D5243390047A0A2 /* SwingClientTest.m */; };
		AD978D0C1D585EF000E59D2B /* MessageViewController.m in Sources */ = {isa = PBXBuildFile; fileRef = AD978D0B1D585EF000E59D2B /* MessageViewController.m */; };
		AD9B0D911D3BB935009FDD95 /* DashboardViewController.m in Sources */ = {isa = PBXBuildFile; fileRef = AD9B0D901D3BB935009FDD95 /* DashboardViewController.m */; };
		AD9B0D941D3BB947009FDD95 /* BatteryViewController.m in Sources */ = {isa = PBXBuildFile; fileRef = AD9B0D931D3BB947009FDD95 /* BatteryViewController.m */; };
		AD9B0D971D3BB954009FDD95 /* CalendarViewController.m in Sources */ = {isa = PBXBuildFile; fileRef = AD9B0D961D3BB954009FDD95 /* CalendarViewController.m */; };
		AD9B0D9A1D3BB964009FDD95 /* ProfileViewController.m in Sources */ = {isa = PBXBuildFile; fileRef = AD9B0D991D3BB964009FDD95 /* ProfileViewController.m */; };
		ADA1F82A1E234D4B0066CD35 /* SwingURL.m in Sources */ = {isa = PBXBuildFile; fileRef = ADA1F8291E234D4B0066CD35 /* SwingURL.m */; };
		ADBC9BD31D578403007E4A2C /* JSONValueTransformer+UIColor.m in Sources */ = {isa = PBXBuildFile; fileRef = ADBC9BD21D578403007E4A2C /* JSONValueTransformer+UIColor.m */; };
		ADCED9E41D3D2BAC002E3F78 /* LoginedModel.m in Sources */ = {isa = PBXBuildFile; fileRef = ADCED9E31D3D2BAC002E3F78 /* LoginedModel.m */; };
		ADCED9E71D3D3C8B002E3F78 /* RegisterViewController.m in Sources */ = {isa = PBXBuildFile; fileRef = ADCED9E61D3D3C8B002E3F78 /* RegisterViewController.m */; };
		ADD267151F0D0453005B18E8 /* alert_jp.json in Resources */ = {isa = PBXBuildFile; fileRef = ADD267141F0D0453005B18E8 /* alert_jp.json */; };
		ADD6555C1D5B886D0054FB24 /* AlertSelectViewController.m in Sources */ = {isa = PBXBuildFile; fileRef = ADD6555B1D5B886D0054FB24 /* AlertSelectViewController.m */; };
		ADD655611D5B8DAC0054FB24 /* AlertModel.m in Sources */ = {isa = PBXBuildFile; fileRef = ADD655601D5B8DAC0054FB24 /* AlertModel.m */; };
		ADDCD3F31D4C54960031DC66 /* LoginFlow.storyboard in Resources */ = {isa = PBXBuildFile; fileRef = ADDCD3EE1D4C54960031DC66 /* LoginFlow.storyboard */; };
		ADDCD3F41D4C54960031DC66 /* MainTab.storyboard in Resources */ = {isa = PBXBuildFile; fileRef = ADDCD3EF1D4C54960031DC66 /* MainTab.storyboard */; };
		ADDCD3F51D4C54960031DC66 /* SyncDevice.storyboard in Resources */ = {isa = PBXBuildFile; fileRef = ADDCD3F01D4C54960031DC66 /* SyncDevice.storyboard */; };
		ADDCD3F81D4C557E0031DC66 /* UIFont+AvenirFont.m in Sources */ = {isa = PBXBuildFile; fileRef = ADDCD3F71D4C557E0031DC66 /* UIFont+AvenirFont.m */; };
		ADDCD3FB1D4C59F10031DC66 /* Avenir-bold.ttf in Resources */ = {isa = PBXBuildFile; fileRef = ADDCD3F91D4C59E10031DC66 /* Avenir-bold.ttf */; };
		ADDCD3FC1D4C59F10031DC66 /* Avenir-Book.otf in Resources */ = {isa = PBXBuildFile; fileRef = ADDCD3FA1D4C59E10031DC66 /* Avenir-Book.otf */; };
		ADDEAE101DE299FB00AD478A /* Swing.xcdatamodeld in Resources */ = {isa = PBXBuildFile; fileRef = 0F1376291DE0524900DB6C33 /* Swing.xcdatamodeld */; };
		ADE0BE731D59933400E70109 /* LMCalendarDayView.m in Sources */ = {isa = PBXBuildFile; fileRef = ADE0BE721D59933400E70109 /* LMCalendarDayView.m */; };
		ADE6ED8A1D4E229D00FFA573 /* MonthCalendarViewController.m in Sources */ = {isa = PBXBuildFile; fileRef = ADE6ED891D4E229D00FFA573 /* MonthCalendarViewController.m */; };
		ADE6ED8D1D4E355300FFA573 /* BaseCalendarViewController.m in Sources */ = {isa = PBXBuildFile; fileRef = ADE6ED8C1D4E355300FFA573 /* BaseCalendarViewController.m */; };
		ADE6ED901D4E3B7D00FFA573 /* DayCalendarViewController.m in Sources */ = {isa = PBXBuildFile; fileRef = ADE6ED8F1D4E3B7D00FFA573 /* DayCalendarViewController.m */; };
		ADE6ED941D4E415900FFA573 /* TimeLineView.m in Sources */ = {isa = PBXBuildFile; fileRef = ADE6ED931D4E415900FFA573 /* TimeLineView.m */; };
		ADE6ED971D4E538B00FFA573 /* EventModel.m in Sources */ = {isa = PBXBuildFile; fileRef = ADE6ED961D4E538B00FFA573 /* EventModel.m */; };
		ADE820731D54C26200E12768 /* JSONValueTransformer+NSDate.m in Sources */ = {isa = PBXBuildFile; fileRef = ADE820721D54C26200E12768 /* JSONValueTransformer+NSDate.m */; };
		ADE820761D54C62D00E12768 /* UserModel.m in Sources */ = {isa = PBXBuildFile; fileRef = ADE820751D54C62D00E12768 /* UserModel.m */; };
		ADE820791D54D99000E12768 /* WeatherModel.m in Sources */ = {isa = PBXBuildFile; fileRef = ADE820781D54D99000E12768 /* WeatherModel.m */; };
		ADEF31CC1D47856200BB6A9B /* KidBindViewController.m in Sources */ = {isa = PBXBuildFile; fileRef = ADEF31CB1D47856200BB6A9B /* KidBindViewController.m */; };
		ADEF31CF1D478D2B00BB6A9B /* BindReadyViewController.m in Sources */ = {isa = PBXBuildFile; fileRef = ADEF31CE1D478D2B00BB6A9B /* BindReadyViewController.m */; };
		ADEF31D21D478E9900BB6A9B /* RoundButton.m in Sources */ = {isa = PBXBuildFile; fileRef = ADEF31D11D478E9900BB6A9B /* RoundButton.m */; };
		ADEF31D61D47B04200BB6A9B /* VPImageCropperViewController.m in Sources */ = {isa = PBXBuildFile; fileRef = ADEF31D51D47B04200BB6A9B /* VPImageCropperViewController.m */; };
		ADF33CB91D5A159400AE8874 /* LMCalendarWeekDayView.m in Sources */ = {isa = PBXBuildFile; fileRef = ADF33CB81D5A159400AE8874 /* LMCalendarWeekDayView.m */; };
		ADF33CBC1D5A323000AE8874 /* TodayChartViewController.m in Sources */ = {isa = PBXBuildFile; fileRef = ADF33CBB1D5A323000AE8874 /* TodayChartViewController.m */; };
		ADF33CBF1D5A32DD00AE8874 /* RectProgress.m in Sources */ = {isa = PBXBuildFile; fileRef = ADF33CBE1D5A32DD00AE8874 /* RectProgress.m */; };
		ADF519AE1D86D0DF00356CD3 /* AddEventViewController2.m in Sources */ = {isa = PBXBuildFile; fileRef = ADF519AD1D86D0DF00356CD3 /* AddEventViewController2.m */; };
		ADF985561D50C64A00B02075 /* ToDoListView.m in Sources */ = {isa = PBXBuildFile; fileRef = ADF985551D50C64A00B02075 /* ToDoListView.m */; };
		ADF985591D50CBFC00B02075 /* DoItemLabel.m in Sources */ = {isa = PBXBuildFile; fileRef = ADF985581D50CBFC00B02075 /* DoItemLabel.m */; };
		ADF9855C1D50D27400B02075 /* ColorLabel.m in Sources */ = {isa = PBXBuildFile; fileRef = ADF9855B1D50D27400B02075 /* ColorLabel.m */; };
		ADFC2C2D1D369949004EDCDF /* main.m in Sources */ = {isa = PBXBuildFile; fileRef = ADFC2C2C1D369949004EDCDF /* main.m */; };
		ADFC2C301D369949004EDCDF /* AppDelegate.m in Sources */ = {isa = PBXBuildFile; fileRef = ADFC2C2F1D369949004EDCDF /* AppDelegate.m */; };
		ADFC2C3B1D369949004EDCDF /* Assets.xcassets in Resources */ = {isa = PBXBuildFile; fileRef = ADFC2C3A1D369949004EDCDF /* Assets.xcassets */; };
/* End PBXBuildFile section */

/* Begin PBXFileReference section */
		0F12C33D1E507B1E0055DBB0 /* EditKidViewController.h */ = {isa = PBXFileReference; fileEncoding = 4; lastKnownFileType = sourcecode.c.h; path = EditKidViewController.h; sourceTree = "<group>"; };
		0F12C33E1E507B1E0055DBB0 /* EditKidViewController.m */ = {isa = PBXFileReference; fileEncoding = 4; lastKnownFileType = sourcecode.c.objc; path = EditKidViewController.m; sourceTree = "<group>"; };
		0F1376111DE04A5D00DB6C33 /* DBHelper.h */ = {isa = PBXFileReference; fileEncoding = 4; lastKnownFileType = sourcecode.c.h; path = DBHelper.h; sourceTree = "<group>"; };
		0F1376121DE04A5D00DB6C33 /* DBHelper.m */ = {isa = PBXFileReference; fileEncoding = 4; lastKnownFileType = sourcecode.c.objc; path = DBHelper.m; sourceTree = "<group>"; };
		0F13762A1DE0524900DB6C33 /* Swing.xcdatamodel */ = {isa = PBXFileReference; lastKnownFileType = wrapper.xcdatamodel; path = Swing.xcdatamodel; sourceTree = "<group>"; };
		0F1376321DE0593600DB6C33 /* ColorTransformer.h */ = {isa = PBXFileReference; fileEncoding = 4; lastKnownFileType = sourcecode.c.h; path = ColorTransformer.h; sourceTree = "<group>"; };
		0F1376331DE0593600DB6C33 /* ColorTransformer.m */ = {isa = PBXFileReference; fileEncoding = 4; lastKnownFileType = sourcecode.c.objc; path = ColorTransformer.m; sourceTree = "<group>"; };
		0F140B701D88432B005B9763 /* alert2.json */ = {isa = PBXFileReference; fileEncoding = 4; lastKnownFileType = text.json; path = alert2.json; sourceTree = "<group>"; };
		0F15D2A71E0AC48E004F8F69 /* IndexViewController.h */ = {isa = PBXFileReference; fileEncoding = 4; lastKnownFileType = sourcecode.c.h; path = IndexViewController.h; sourceTree = "<group>"; };
		0F15D2A81E0AC48E004F8F69 /* IndexViewController.m */ = {isa = PBXFileReference; fileEncoding = 4; lastKnownFileType = sourcecode.c.objc; path = IndexViewController.m; sourceTree = "<group>"; };
		0F176EB71DE48FB70014F079 /* Todo+CoreDataClass.h */ = {isa = PBXFileReference; fileEncoding = 4; lastKnownFileType = sourcecode.c.h; path = "Todo+CoreDataClass.h"; sourceTree = "<group>"; };
		0F176EB81DE48FB70014F079 /* Todo+CoreDataClass.m */ = {isa = PBXFileReference; fileEncoding = 4; lastKnownFileType = sourcecode.c.objc; path = "Todo+CoreDataClass.m"; sourceTree = "<group>"; };
		0F176EB91DE48FB70014F079 /* Todo+CoreDataProperties.h */ = {isa = PBXFileReference; fileEncoding = 4; lastKnownFileType = sourcecode.c.h; path = "Todo+CoreDataProperties.h"; sourceTree = "<group>"; };
		0F176EBA1DE48FB70014F079 /* Todo+CoreDataProperties.m */ = {isa = PBXFileReference; fileEncoding = 4; lastKnownFileType = sourcecode.c.objc; path = "Todo+CoreDataProperties.m"; sourceTree = "<group>"; };
		0F176EBB1DE48FB70014F079 /* Event+CoreDataClass.h */ = {isa = PBXFileReference; fileEncoding = 4; lastKnownFileType = sourcecode.c.h; path = "Event+CoreDataClass.h"; sourceTree = "<group>"; };
		0F176EBC1DE48FB70014F079 /* Event+CoreDataClass.m */ = {isa = PBXFileReference; fileEncoding = 4; lastKnownFileType = sourcecode.c.objc; path = "Event+CoreDataClass.m"; sourceTree = "<group>"; };
		0F176EBD1DE48FB70014F079 /* Event+CoreDataProperties.h */ = {isa = PBXFileReference; fileEncoding = 4; lastKnownFileType = sourcecode.c.h; path = "Event+CoreDataProperties.h"; sourceTree = "<group>"; };
		0F176EBE1DE48FB70014F079 /* Event+CoreDataProperties.m */ = {isa = PBXFileReference; fileEncoding = 4; lastKnownFileType = sourcecode.c.objc; path = "Event+CoreDataProperties.m"; sourceTree = "<group>"; };
		0F1B77FA1E4EAC4600FD2421 /* OptionViewController.h */ = {isa = PBXFileReference; fileEncoding = 4; lastKnownFileType = sourcecode.c.h; path = OptionViewController.h; sourceTree = "<group>"; };
		0F1B77FB1E4EAC4600FD2421 /* OptionViewController.m */ = {isa = PBXFileReference; fileEncoding = 4; lastKnownFileType = sourcecode.c.objc; path = OptionViewController.m; sourceTree = "<group>"; };
		0F1D939B1DEDD90F000444B9 /* BLEDelegate.h */ = {isa = PBXFileReference; fileEncoding = 4; lastKnownFileType = sourcecode.c.h; path = BLEDelegate.h; sourceTree = "<group>"; };
		0F1D939C1DEDD90F000444B9 /* BLEDelegate.m */ = {isa = PBXFileReference; fileEncoding = 4; lastKnownFileType = sourcecode.c.objc; path = BLEDelegate.m; sourceTree = "<group>"; };
		0F37056F1E096A6700E87BF0 /* en */ = {isa = PBXFileReference; lastKnownFileType = text.plist.strings; name = en; path = en.lproj/Localizable.strings; sourceTree = "<group>"; };
		0F3705721E096C2F00E87BF0 /* es */ = {isa = PBXFileReference; lastKnownFileType = text.plist.strings; name = es; path = es.lproj/Localizable.strings; sourceTree = "<group>"; };
		0F3705731E096C3800E87BF0 /* ru */ = {isa = PBXFileReference; lastKnownFileType = text.plist.strings; name = ru; path = ru.lproj/Localizable.strings; sourceTree = "<group>"; };
		0F445E0D1D7094A6008A092C /* JSONValueTransformer+NSData.h */ = {isa = PBXFileReference; fileEncoding = 4; lastKnownFileType = sourcecode.c.h; path = "JSONValueTransformer+NSData.h"; sourceTree = "<group>"; };
		0F445E0E1D7094A6008A092C /* JSONValueTransformer+NSData.m */ = {isa = PBXFileReference; fileEncoding = 4; lastKnownFileType = sourcecode.c.objc; path = "JSONValueTransformer+NSData.m"; sourceTree = "<group>"; };
		0F45AB811D6316FA00EF385F /* STextField.h */ = {isa = PBXFileReference; fileEncoding = 4; lastKnownFileType = sourcecode.c.h; path = STextField.h; sourceTree = "<group>"; };
		0F45AB821D6316FA00EF385F /* STextField.m */ = {isa = PBXFileReference; fileEncoding = 4; lastKnownFileType = sourcecode.c.objc; path = STextField.m; sourceTree = "<group>"; };
		0F45AB861D63593400EF385F /* ActivityModel.h */ = {isa = PBXFileReference; fileEncoding = 4; lastKnownFileType = sourcecode.c.h; path = ActivityModel.h; sourceTree = "<group>"; };
		0F45AB871D63593400EF385F /* ActivityModel.m */ = {isa = PBXFileReference; fileEncoding = 4; lastKnownFileType = sourcecode.c.objc; path = ActivityModel.m; sourceTree = "<group>"; };
		0F45AB891D63614800EF385F /* ActivityResultModel.h */ = {isa = PBXFileReference; fileEncoding = 4; lastKnownFileType = sourcecode.c.h; path = ActivityResultModel.h; sourceTree = "<group>"; };
		0F45AB8A1D63614800EF385F /* ActivityResultModel.m */ = {isa = PBXFileReference; fileEncoding = 4; lastKnownFileType = sourcecode.c.objc; path = ActivityResultModel.m; sourceTree = "<group>"; };
		0F68BEEA1DE87F8D002FDFB2 /* Activity+CoreDataClass.h */ = {isa = PBXFileReference; fileEncoding = 4; lastKnownFileType = sourcecode.c.h; path = "Activity+CoreDataClass.h"; sourceTree = "<group>"; };
		0F68BEEB1DE87F8D002FDFB2 /* Activity+CoreDataClass.m */ = {isa = PBXFileReference; fileEncoding = 4; lastKnownFileType = sourcecode.c.objc; path = "Activity+CoreDataClass.m"; sourceTree = "<group>"; };
		0F68BEEC1DE87F8D002FDFB2 /* Activity+CoreDataProperties.h */ = {isa = PBXFileReference; fileEncoding = 4; lastKnownFileType = sourcecode.c.h; path = "Activity+CoreDataProperties.h"; sourceTree = "<group>"; };
		0F68BEED1DE87F8D002FDFB2 /* Activity+CoreDataProperties.m */ = {isa = PBXFileReference; fileEncoding = 4; lastKnownFileType = sourcecode.c.objc; path = "Activity+CoreDataProperties.m"; sourceTree = "<group>"; };
		0F927FCB1DDA02680011EF90 /* BLEClient.h */ = {isa = PBXFileReference; fileEncoding = 4; lastKnownFileType = sourcecode.c.h; path = BLEClient.h; sourceTree = "<group>"; };
		0F927FCC1DDA02680011EF90 /* BLEClient.m */ = {isa = PBXFileReference; fileEncoding = 4; lastKnownFileType = sourcecode.c.objc; path = BLEClient.m; sourceTree = "<group>"; };
		0F927FCD1DDA02680011EF90 /* BLEInitDevice.h */ = {isa = PBXFileReference; fileEncoding = 4; lastKnownFileType = sourcecode.c.h; path = BLEInitDevice.h; sourceTree = "<group>"; };
		0F927FCE1DDA02680011EF90 /* BLEInitDevice.m */ = {isa = PBXFileReference; fileEncoding = 4; lastKnownFileType = sourcecode.c.objc; path = BLEInitDevice.m; sourceTree = "<group>"; };
		0F927FCF1DDA02680011EF90 /* BLEScanDevice.h */ = {isa = PBXFileReference; fileEncoding = 4; lastKnownFileType = sourcecode.c.h; path = BLEScanDevice.h; sourceTree = "<group>"; };
		0F927FD01DDA02680011EF90 /* BLEScanDevice.m */ = {isa = PBXFileReference; fileEncoding = 4; lastKnownFileType = sourcecode.c.objc; path = BLEScanDevice.m; sourceTree = "<group>"; };
		0F927FD11DDA02680011EF90 /* BLESearchDevice.h */ = {isa = PBXFileReference; fileEncoding = 4; lastKnownFileType = sourcecode.c.h; path = BLESearchDevice.h; sourceTree = "<group>"; };
		0F927FD21DDA02680011EF90 /* BLESearchDevice.m */ = {isa = PBXFileReference; fileEncoding = 4; lastKnownFileType = sourcecode.c.objc; path = BLESearchDevice.m; sourceTree = "<group>"; };
		0F927FD31DDA02680011EF90 /* BLESyncDevice.h */ = {isa = PBXFileReference; fileEncoding = 4; lastKnownFileType = sourcecode.c.h; path = BLESyncDevice.h; sourceTree = "<group>"; };
		0F927FD41DDA02680011EF90 /* BLESyncDevice.m */ = {isa = PBXFileReference; fileEncoding = 4; lastKnownFileType = sourcecode.c.objc; path = BLESyncDevice.m; sourceTree = "<group>"; };
		0FD6B3E51D61B79300C00A45 /* ChoicesViewController.h */ = {isa = PBXFileReference; fileEncoding = 4; lastKnownFileType = sourcecode.c.h; path = ChoicesViewController.h; sourceTree = "<group>"; };
		0FD6B3E61D61B79300C00A45 /* ChoicesViewController.m */ = {isa = PBXFileReference; fileEncoding = 4; lastKnownFileType = sourcecode.c.objc; path = ChoicesViewController.m; sourceTree = "<group>"; };
		0FDAF5A91D6405EF007CD808 /* citystate.json */ = {isa = PBXFileReference; fileEncoding = 4; lastKnownFileType = text.json; path = citystate.json; sourceTree = "<group>"; };
		0FDBDA931D708725004F7AAF /* LMLocalData.h */ = {isa = PBXFileReference; fileEncoding = 4; lastKnownFileType = sourcecode.c.h; path = LMLocalData.h; sourceTree = "<group>"; };
		0FDBDA941D708725004F7AAF /* LMLocalData.m */ = {isa = PBXFileReference; fileEncoding = 4; lastKnownFileType = sourcecode.c.objc; path = LMLocalData.m; sourceTree = "<group>"; };
		0FEB6D5D1F014909007507D4 /* A-062617.bin */ = {isa = PBXFileReference; lastKnownFileType = archive.macbinary; path = "A-062617.bin"; sourceTree = "<group>"; };
		0FEB6D5E1F014909007507D4 /* B-062617.bin */ = {isa = PBXFileReference; lastKnownFileType = archive.macbinary; path = "B-062617.bin"; sourceTree = "<group>"; };
		0FEC58441D69D91700201EBD /* BatteryModel.h */ = {isa = PBXFileReference; fileEncoding = 4; lastKnownFileType = sourcecode.c.h; path = BatteryModel.h; sourceTree = "<group>"; };
		0FEC58451D69D91700201EBD /* BatteryModel.m */ = {isa = PBXFileReference; fileEncoding = 4; lastKnownFileType = sourcecode.c.objc; path = BatteryModel.m; sourceTree = "<group>"; };
		2C19A6FBE22DAA79A59B1FD3 /* libPods-Swing.a */ = {isa = PBXFileReference; explicitFileType = archive.ar; includeInIndex = 0; path = "libPods-Swing.a"; sourceTree = BUILT_PRODUCTS_DIR; };
		A18820A5BC6E78E5A6B67715 /* Pods-Swing.debug.xcconfig */ = {isa = PBXFileReference; includeInIndex = 1; lastKnownFileType = text.xcconfig; name = "Pods-Swing.debug.xcconfig"; path = "Pods/Target Support Files/Pods-Swing/Pods-Swing.debug.xcconfig"; sourceTree = "<group>"; };
		A4B6A28BC80A5450DB08A31B /* Pods-Swing.release.xcconfig */ = {isa = PBXFileReference; includeInIndex = 1; lastKnownFileType = text.xcconfig; name = "Pods-Swing.release.xcconfig"; path = "Pods/Target Support Files/Pods-Swing/Pods-Swing.release.xcconfig"; sourceTree = "<group>"; };
		AD05B5BB1D3BCAA4007BCF7C /* LoginViewController.h */ = {isa = PBXFileReference; fileEncoding = 4; lastKnownFileType = sourcecode.c.h; path = LoginViewController.h; sourceTree = "<group>"; };
		AD05B5BC1D3BCAA4007BCF7C /* LoginViewController.m */ = {isa = PBXFileReference; fileEncoding = 4; lastKnownFileType = sourcecode.c.objc; path = LoginViewController.m; sourceTree = "<group>"; };
		AD05B5BE1D3BD187007BCF7C /* SwingClient.h */ = {isa = PBXFileReference; fileEncoding = 4; lastKnownFileType = sourcecode.c.h; path = SwingClient.h; sourceTree = "<group>"; };
		AD05B5BF1D3BD187007BCF7C /* SwingClient.m */ = {isa = PBXFileReference; fileEncoding = 4; lastKnownFileType = sourcecode.c.objc; path = SwingClient.m; sourceTree = "<group>"; };
		AD0B81091D37EF7400F43E72 /* CommonDef.h */ = {isa = PBXFileReference; fileEncoding = 4; lastKnownFileType = sourcecode.c.h; path = CommonDef.h; sourceTree = "<group>"; };
		AD0B810A1D37EF7400F43E72 /* ControlFactory.h */ = {isa = PBXFileReference; fileEncoding = 4; lastKnownFileType = sourcecode.c.h; path = ControlFactory.h; sourceTree = "<group>"; };
		AD0B810B1D37EF7400F43E72 /* ControlFactory.m */ = {isa = PBXFileReference; fileEncoding = 4; lastKnownFileType = sourcecode.c.objc; path = ControlFactory.m; sourceTree = "<group>"; };
		AD0B810C1D37EF7400F43E72 /* Fun.h */ = {isa = PBXFileReference; fileEncoding = 4; lastKnownFileType = sourcecode.c.h; path = Fun.h; sourceTree = "<group>"; };
		AD0B810D1D37EF7400F43E72 /* Fun.m */ = {isa = PBXFileReference; fileEncoding = 4; lastKnownFileType = sourcecode.c.objc; path = Fun.m; sourceTree = "<group>"; };
		AD0B810E1D37EF7400F43E72 /* GlobalCache.h */ = {isa = PBXFileReference; fileEncoding = 4; lastKnownFileType = sourcecode.c.h; lineEnding = 0; path = GlobalCache.h; sourceTree = "<group>"; xcLanguageSpecificationIdentifier = xcode.lang.objcpp; };
		AD0B810F1D37EF7400F43E72 /* GlobalCache.m */ = {isa = PBXFileReference; fileEncoding = 4; lastKnownFileType = sourcecode.c.objc; lineEnding = 0; path = GlobalCache.m; sourceTree = "<group>"; xcLanguageSpecificationIdentifier = xcode.lang.objc; };
		AD0B81101D37EF7400F43E72 /* LMBaseTableViewController.h */ = {isa = PBXFileReference; fileEncoding = 4; lastKnownFileType = sourcecode.c.h; path = LMBaseTableViewController.h; sourceTree = "<group>"; };
		AD0B81111D37EF7400F43E72 /* LMBaseTableViewController.m */ = {isa = PBXFileReference; fileEncoding = 4; lastKnownFileType = sourcecode.c.objc; path = LMBaseTableViewController.m; sourceTree = "<group>"; };
		AD0B81121D37EF7400F43E72 /* LMBaseTableViewController2.h */ = {isa = PBXFileReference; fileEncoding = 4; lastKnownFileType = sourcecode.c.h; path = LMBaseTableViewController2.h; sourceTree = "<group>"; };
		AD0B81131D37EF7400F43E72 /* LMBaseTableViewController2.m */ = {isa = PBXFileReference; fileEncoding = 4; lastKnownFileType = sourcecode.c.objc; path = LMBaseTableViewController2.m; sourceTree = "<group>"; };
		AD0B81141D37EF7400F43E72 /* LMBaseViewController.h */ = {isa = PBXFileReference; fileEncoding = 4; lastKnownFileType = sourcecode.c.h; lineEnding = 0; path = LMBaseViewController.h; sourceTree = "<group>"; xcLanguageSpecificationIdentifier = xcode.lang.objcpp; };
		AD0B81151D37EF7400F43E72 /* LMBaseViewController.m */ = {isa = PBXFileReference; fileEncoding = 4; lastKnownFileType = sourcecode.c.objc; path = LMBaseViewController.m; sourceTree = "<group>"; };
		AD0B81221D37F09900F43E72 /* SimpleLogger.h */ = {isa = PBXFileReference; fileEncoding = 4; lastKnownFileType = sourcecode.c.h; path = SimpleLogger.h; sourceTree = "<group>"; };
		AD0B81231D37F09900F43E72 /* SimpleLogger.m */ = {isa = PBXFileReference; fileEncoding = 4; lastKnownFileType = sourcecode.c.objc; path = SimpleLogger.m; sourceTree = "<group>"; };
		AD1502D71E4D50F300B6D000 /* Swing.entitlements */ = {isa = PBXFileReference; lastKnownFileType = text.plist.entitlements; path = Swing.entitlements; sourceTree = "<group>"; };
		AD1C61951DDB2AEF00331474 /* ActivityCache.h */ = {isa = PBXFileReference; fileEncoding = 4; lastKnownFileType = sourcecode.c.h; path = ActivityCache.h; sourceTree = "<group>"; };
		AD1C61961DDB2AEF00331474 /* ActivityCache.m */ = {isa = PBXFileReference; fileEncoding = 4; lastKnownFileType = sourcecode.c.objc; path = ActivityCache.m; sourceTree = "<group>"; };
		AD1CEF081D5ACB19004FEC24 /* LMBarView.h */ = {isa = PBXFileReference; fileEncoding = 4; lastKnownFileType = sourcecode.c.h; path = LMBarView.h; sourceTree = "<group>"; };
		AD1CEF091D5ACB19004FEC24 /* LMBarView.m */ = {isa = PBXFileReference; fileEncoding = 4; lastKnownFileType = sourcecode.c.objc; path = LMBarView.m; sourceTree = "<group>"; };
		AD1CEF0B1D5ADA90004FEC24 /* LMArrowView.h */ = {isa = PBXFileReference; fileEncoding = 4; lastKnownFileType = sourcecode.c.h; path = LMArrowView.h; sourceTree = "<group>"; };
		AD1CEF0C1D5ADA90004FEC24 /* LMArrowView.m */ = {isa = PBXFileReference; fileEncoding = 4; lastKnownFileType = sourcecode.c.objc; path = LMArrowView.m; sourceTree = "<group>"; };
		AD1CEF0E1D5AE7F5004FEC24 /* LMTabBarController2.h */ = {isa = PBXFileReference; fileEncoding = 4; lastKnownFileType = sourcecode.c.h; path = LMTabBarController2.h; sourceTree = "<group>"; };
		AD1CEF0F1D5AE7F5004FEC24 /* LMTabBarController2.m */ = {isa = PBXFileReference; fileEncoding = 4; lastKnownFileType = sourcecode.c.objc; path = LMTabBarController2.m; sourceTree = "<group>"; };
		AD1CEF111D5AE886004FEC24 /* MainTab2.storyboard */ = {isa = PBXFileReference; fileEncoding = 4; lastKnownFileType = file.storyboard; path = MainTab2.storyboard; sourceTree = "<group>"; };
		AD21A5D41E5FD4B300DA72E3 /* BLEUpdater.h */ = {isa = PBXFileReference; fileEncoding = 4; lastKnownFileType = sourcecode.c.h; path = BLEUpdater.h; sourceTree = "<group>"; };
		AD21A5D51E5FD4B300DA72E3 /* BLEUpdater.m */ = {isa = PBXFileReference; fileEncoding = 4; lastKnownFileType = sourcecode.c.objc; path = BLEUpdater.m; sourceTree = "<group>"; };
		AD21A5D71E5FD69400DA72E3 /* oad.h */ = {isa = PBXFileReference; lastKnownFileType = sourcecode.c.h; path = oad.h; sourceTree = "<group>"; };
		AD21A5D81E5FD9E100DA72E3 /* CBService+LMMethod.h */ = {isa = PBXFileReference; fileEncoding = 4; lastKnownFileType = sourcecode.c.h; path = "CBService+LMMethod.h"; sourceTree = "<group>"; };
		AD21A5D91E5FD9E100DA72E3 /* CBService+LMMethod.m */ = {isa = PBXFileReference; fileEncoding = 4; lastKnownFileType = sourcecode.c.objc; path = "CBService+LMMethod.m"; sourceTree = "<group>"; };
		AD21A5DB1E600EF500DA72E3 /* BLEUtility.h */ = {isa = PBXFileReference; fileEncoding = 4; lastKnownFileType = sourcecode.c.h; path = BLEUtility.h; sourceTree = "<group>"; };
		AD21A5DC1E600EF500DA72E3 /* BLEUtility.m */ = {isa = PBXFileReference; fileEncoding = 4; lastKnownFileType = sourcecode.c.objc; path = BLEUtility.m; sourceTree = "<group>"; };
		AD289A5C1D3FD0E800898F92 /* AskStepViewController.h */ = {isa = PBXFileReference; fileEncoding = 4; lastKnownFileType = sourcecode.c.h; lineEnding = 0; path = AskStepViewController.h; sourceTree = "<group>"; xcLanguageSpecificationIdentifier = xcode.lang.objcpp; };
		AD289A5D1D3FD0E800898F92 /* AskStepViewController.m */ = {isa = PBXFileReference; fileEncoding = 4; lastKnownFileType = sourcecode.c.objc; lineEnding = 0; path = AskStepViewController.m; sourceTree = "<group>"; xcLanguageSpecificationIdentifier = xcode.lang.objc; };
		AD2D338B1D5378AD005D9298 /* KidModel.h */ = {isa = PBXFileReference; fileEncoding = 4; lastKnownFileType = sourcecode.c.h; path = KidModel.h; sourceTree = "<group>"; };
		AD2D338C1D5378AD005D9298 /* KidModel.m */ = {isa = PBXFileReference; fileEncoding = 4; lastKnownFileType = sourcecode.c.objc; path = KidModel.m; sourceTree = "<group>"; };
		AD2D338E1D538418005D9298 /* ToDoModel.h */ = {isa = PBXFileReference; fileEncoding = 4; lastKnownFileType = sourcecode.c.h; path = ToDoModel.h; sourceTree = "<group>"; };
		AD2D338F1D538418005D9298 /* ToDoModel.m */ = {isa = PBXFileReference; fileEncoding = 4; lastKnownFileType = sourcecode.c.objc; path = ToDoModel.m; sourceTree = "<group>"; };
		AD347D151D3FD8DD00E91DDD /* SearchWatchViewController.h */ = {isa = PBXFileReference; fileEncoding = 4; lastKnownFileType = sourcecode.c.h; path = SearchWatchViewController.h; sourceTree = "<group>"; };
		AD347D161D3FD8DD00E91DDD /* SearchWatchViewController.m */ = {isa = PBXFileReference; fileEncoding = 4; lastKnownFileType = sourcecode.c.objc; path = SearchWatchViewController.m; sourceTree = "<group>"; };
		AD347D191D3FDE1A00E91DDD /* DeviceTableViewCell.h */ = {isa = PBXFileReference; fileEncoding = 4; lastKnownFileType = sourcecode.c.h; lineEnding = 0; path = DeviceTableViewCell.h; sourceTree = "<group>"; xcLanguageSpecificationIdentifier = xcode.lang.objcpp; };
		AD347D1A1D3FDE1A00E91DDD /* DeviceTableViewCell.m */ = {isa = PBXFileReference; fileEncoding = 4; lastKnownFileType = sourcecode.c.objc; lineEnding = 0; path = DeviceTableViewCell.m; sourceTree = "<group>"; xcLanguageSpecificationIdentifier = xcode.lang.objc; };
		AD347D1C1D3FDEEC00E91DDD /* SelectWatchViewController.h */ = {isa = PBXFileReference; fileEncoding = 4; lastKnownFileType = sourcecode.c.h; path = SelectWatchViewController.h; sourceTree = "<group>"; };
		AD347D1D1D3FDEEC00E91DDD /* SelectWatchViewController.m */ = {isa = PBXFileReference; fileEncoding = 4; lastKnownFileType = sourcecode.c.objc; path = SelectWatchViewController.m; sourceTree = "<group>"; };
		AD65905C1DDA8B8A006DD43D /* BLEWaitDevice.h */ = {isa = PBXFileReference; fileEncoding = 4; lastKnownFileType = sourcecode.c.h; path = BLEWaitDevice.h; sourceTree = "<group>"; };
		AD65905D1DDA8B8A006DD43D /* BLEWaitDevice.m */ = {isa = PBXFileReference; fileEncoding = 4; lastKnownFileType = sourcecode.c.objc; path = BLEWaitDevice.m; sourceTree = "<group>"; };
		AD6654521D490C110056632C /* SyncDeviceViewController.h */ = {isa = PBXFileReference; fileEncoding = 4; lastKnownFileType = sourcecode.c.h; path = SyncDeviceViewController.h; sourceTree = "<group>"; };
		AD6654531D490C110056632C /* SyncDeviceViewController.m */ = {isa = PBXFileReference; fileEncoding = 4; lastKnownFileType = sourcecode.c.objc; path = SyncDeviceViewController.m; sourceTree = "<group>"; };
		AD6654551D490EC20056632C /* SearchDeviceViewController.h */ = {isa = PBXFileReference; fileEncoding = 4; lastKnownFileType = sourcecode.c.h; path = SearchDeviceViewController.h; sourceTree = "<group>"; };
		AD6654561D490EC20056632C /* SearchDeviceViewController.m */ = {isa = PBXFileReference; fileEncoding = 4; lastKnownFileType = sourcecode.c.objc; path = SearchDeviceViewController.m; sourceTree = "<group>"; };
		AD74381F1D4DD47100F5F9D2 /* JBChartTooltipTipView.h */ = {isa = PBXFileReference; fileEncoding = 4; lastKnownFileType = sourcecode.c.h; path = JBChartTooltipTipView.h; sourceTree = "<group>"; };
		AD7438201D4DD47100F5F9D2 /* JBChartTooltipTipView.m */ = {isa = PBXFileReference; fileEncoding = 4; lastKnownFileType = sourcecode.c.objc; path = JBChartTooltipTipView.m; sourceTree = "<group>"; };
		AD7438211D4DD47100F5F9D2 /* JBChartTooltipView.h */ = {isa = PBXFileReference; fileEncoding = 4; lastKnownFileType = sourcecode.c.h; path = JBChartTooltipView.h; sourceTree = "<group>"; };
		AD7438221D4DD47100F5F9D2 /* JBChartTooltipView.m */ = {isa = PBXFileReference; fileEncoding = 4; lastKnownFileType = sourcecode.c.objc; path = JBChartTooltipView.m; sourceTree = "<group>"; };
		AD7438251D4DD50C00F5F9D2 /* JBBaseChartViewController.h */ = {isa = PBXFileReference; fileEncoding = 4; lastKnownFileType = sourcecode.c.h; path = JBBaseChartViewController.h; sourceTree = "<group>"; };
		AD7438261D4DD50C00F5F9D2 /* JBBaseChartViewController.m */ = {isa = PBXFileReference; fileEncoding = 4; lastKnownFileType = sourcecode.c.objc; path = JBBaseChartViewController.m; sourceTree = "<group>"; };
		AD74D4DA1D4F90B5001F3B36 /* EventLabel.h */ = {isa = PBXFileReference; fileEncoding = 4; lastKnownFileType = sourcecode.c.h; path = EventLabel.h; sourceTree = "<group>"; };
		AD74D4DB1D4F90B5001F3B36 /* EventLabel.m */ = {isa = PBXFileReference; fileEncoding = 4; lastKnownFileType = sourcecode.c.objc; path = EventLabel.m; sourceTree = "<group>"; };
		AD74D4DD1D4FA08E001F3B36 /* EventInfoViewController.h */ = {isa = PBXFileReference; fileEncoding = 4; lastKnownFileType = sourcecode.c.h; path = EventInfoViewController.h; sourceTree = "<group>"; };
		AD74D4DE1D4FA08E001F3B36 /* EventInfoViewController.m */ = {isa = PBXFileReference; fileEncoding = 4; lastKnownFileType = sourcecode.c.objc; path = EventInfoViewController.m; sourceTree = "<group>"; };
		AD74D4E01D4FA750001F3B36 /* EventSelectTableViewCell.h */ = {isa = PBXFileReference; fileEncoding = 4; lastKnownFileType = sourcecode.c.h; path = EventSelectTableViewCell.h; sourceTree = "<group>"; };
		AD74D4E11D4FA750001F3B36 /* EventSelectTableViewCell.m */ = {isa = PBXFileReference; fileEncoding = 4; lastKnownFileType = sourcecode.c.objc; path = EventSelectTableViewCell.m; sourceTree = "<group>"; };
		AD7797911D4C8D0600472B27 /* ProfileDeviceCell.h */ = {isa = PBXFileReference; fileEncoding = 4; lastKnownFileType = sourcecode.c.h; path = ProfileDeviceCell.h; sourceTree = "<group>"; };
		AD7797921D4C8D0600472B27 /* ProfileDeviceCell.m */ = {isa = PBXFileReference; fileEncoding = 4; lastKnownFileType = sourcecode.c.objc; path = ProfileDeviceCell.m; sourceTree = "<group>"; };
		AD7797941D4C9B5200472B27 /* EditProfileViewController.h */ = {isa = PBXFileReference; fileEncoding = 4; lastKnownFileType = sourcecode.c.h; path = EditProfileViewController.h; sourceTree = "<group>"; };
		AD7797951D4C9B5200472B27 /* EditProfileViewController.m */ = {isa = PBXFileReference; fileEncoding = 4; lastKnownFileType = sourcecode.c.objc; path = EditProfileViewController.m; sourceTree = "<group>"; };
		AD7797971D4CCFD200472B27 /* UnderlineTextField.h */ = {isa = PBXFileReference; fileEncoding = 4; lastKnownFileType = sourcecode.c.h; path = UnderlineTextField.h; sourceTree = "<group>"; };
		AD7797981D4CCFD200472B27 /* UnderlineTextField.m */ = {isa = PBXFileReference; fileEncoding = 4; lastKnownFileType = sourcecode.c.objc; path = UnderlineTextField.m; sourceTree = "<group>"; };
		AD77979A1D4CE11B00472B27 /* CameraUtility.h */ = {isa = PBXFileReference; fileEncoding = 4; lastKnownFileType = sourcecode.c.h; path = CameraUtility.h; sourceTree = "<group>"; };
		AD77979B1D4CE11B00472B27 /* CameraUtility.m */ = {isa = PBXFileReference; fileEncoding = 4; lastKnownFileType = sourcecode.c.objc; path = CameraUtility.m; sourceTree = "<group>"; };
		AD77979E1D4CF9C400472B27 /* ChartFooterView.h */ = {isa = PBXFileReference; fileEncoding = 4; lastKnownFileType = sourcecode.c.h; path = ChartFooterView.h; sourceTree = "<group>"; };
		AD77979F1D4CF9C400472B27 /* ChartFooterView.m */ = {isa = PBXFileReference; fileEncoding = 4; lastKnownFileType = sourcecode.c.objc; path = ChartFooterView.m; sourceTree = "<group>"; };
		AD7797A11D4D034600472B27 /* ActivityViewController.h */ = {isa = PBXFileReference; fileEncoding = 4; lastKnownFileType = sourcecode.c.h; path = ActivityViewController.h; sourceTree = "<group>"; };
		AD7797A21D4D034600472B27 /* ActivityViewController.m */ = {isa = PBXFileReference; fileEncoding = 4; lastKnownFileType = sourcecode.c.objc; path = ActivityViewController.m; sourceTree = "<group>"; };
		AD7797A41D4D085600472B27 /* ChartViewController.h */ = {isa = PBXFileReference; fileEncoding = 4; lastKnownFileType = sourcecode.c.h; path = ChartViewController.h; sourceTree = "<group>"; };
		AD7797A51D4D085600472B27 /* ChartViewController.m */ = {isa = PBXFileReference; fileEncoding = 4; lastKnownFileType = sourcecode.c.objc; path = ChartViewController.m; sourceTree = "<group>"; };
		AD790F511DAF9D9B002FE2F1 /* LFTextField.m */ = {isa = PBXFileReference; fileEncoding = 4; lastKnownFileType = sourcecode.c.objc; path = LFTextField.m; sourceTree = "<group>"; };
		AD790F521DAF9D9B002FE2F1 /* LFTextField.h */ = {isa = PBXFileReference; fileEncoding = 4; lastKnownFileType = sourcecode.c.h; path = LFTextField.h; sourceTree = "<group>"; };
		AD83559B1E55512A000AA668 /* UIImage+wiRoundedRectImage.h */ = {isa = PBXFileReference; fileEncoding = 4; lastKnownFileType = sourcecode.c.h; path = "UIImage+wiRoundedRectImage.h"; sourceTree = "<group>"; };
		AD83559C1E55512A000AA668 /* UIImage+wiRoundedRectImage.m */ = {isa = PBXFileReference; fileEncoding = 4; lastKnownFileType = sourcecode.c.objc; path = "UIImage+wiRoundedRectImage.m"; sourceTree = "<group>"; };
		AD95A5191D5243390047A0A2 /* SwingClientTest.h */ = {isa = PBXFileReference; fileEncoding = 4; lastKnownFileType = sourcecode.c.h; path = SwingClientTest.h; sourceTree = "<group>"; };
		AD95A51A1D5243390047A0A2 /* SwingClientTest.m */ = {isa = PBXFileReference; fileEncoding = 4; lastKnownFileType = sourcecode.c.objc; path = SwingClientTest.m; sourceTree = "<group>"; };
		AD978D0A1D585EF000E59D2B /* MessageViewController.h */ = {isa = PBXFileReference; fileEncoding = 4; lastKnownFileType = sourcecode.c.h; path = MessageViewController.h; sourceTree = "<group>"; };
		AD978D0B1D585EF000E59D2B /* MessageViewController.m */ = {isa = PBXFileReference; fileEncoding = 4; lastKnownFileType = sourcecode.c.objc; path = MessageViewController.m; sourceTree = "<group>"; };
		AD9B0D8F1D3BB935009FDD95 /* DashboardViewController.h */ = {isa = PBXFileReference; fileEncoding = 4; lastKnownFileType = sourcecode.c.h; lineEnding = 0; path = DashboardViewController.h; sourceTree = "<group>"; xcLanguageSpecificationIdentifier = xcode.lang.objcpp; };
		AD9B0D901D3BB935009FDD95 /* DashboardViewController.m */ = {isa = PBXFileReference; fileEncoding = 4; lastKnownFileType = sourcecode.c.objc; lineEnding = 0; path = DashboardViewController.m; sourceTree = "<group>"; xcLanguageSpecificationIdentifier = xcode.lang.objc; };
		AD9B0D921D3BB947009FDD95 /* BatteryViewController.h */ = {isa = PBXFileReference; fileEncoding = 4; lastKnownFileType = sourcecode.c.h; lineEnding = 0; path = BatteryViewController.h; sourceTree = "<group>"; xcLanguageSpecificationIdentifier = xcode.lang.objcpp; };
		AD9B0D931D3BB947009FDD95 /* BatteryViewController.m */ = {isa = PBXFileReference; fileEncoding = 4; lastKnownFileType = sourcecode.c.objc; lineEnding = 0; path = BatteryViewController.m; sourceTree = "<group>"; xcLanguageSpecificationIdentifier = xcode.lang.objc; };
		AD9B0D951D3BB954009FDD95 /* CalendarViewController.h */ = {isa = PBXFileReference; fileEncoding = 4; lastKnownFileType = sourcecode.c.h; lineEnding = 0; path = CalendarViewController.h; sourceTree = "<group>"; xcLanguageSpecificationIdentifier = xcode.lang.objcpp; };
		AD9B0D961D3BB954009FDD95 /* CalendarViewController.m */ = {isa = PBXFileReference; fileEncoding = 4; lastKnownFileType = sourcecode.c.objc; lineEnding = 0; path = CalendarViewController.m; sourceTree = "<group>"; xcLanguageSpecificationIdentifier = xcode.lang.objc; };
		AD9B0D981D3BB964009FDD95 /* ProfileViewController.h */ = {isa = PBXFileReference; fileEncoding = 4; lastKnownFileType = sourcecode.c.h; path = ProfileViewController.h; sourceTree = "<group>"; };
		AD9B0D991D3BB964009FDD95 /* ProfileViewController.m */ = {isa = PBXFileReference; fileEncoding = 4; lastKnownFileType = sourcecode.c.objc; path = ProfileViewController.m; sourceTree = "<group>"; };
		ADA1F8281E234D4B0066CD35 /* SwingURL.h */ = {isa = PBXFileReference; fileEncoding = 4; lastKnownFileType = sourcecode.c.h; path = SwingURL.h; sourceTree = "<group>"; };
		ADA1F8291E234D4B0066CD35 /* SwingURL.m */ = {isa = PBXFileReference; fileEncoding = 4; lastKnownFileType = sourcecode.c.objc; path = SwingURL.m; sourceTree = "<group>"; };
		ADBC9BD11D578403007E4A2C /* JSONValueTransformer+UIColor.h */ = {isa = PBXFileReference; fileEncoding = 4; lastKnownFileType = sourcecode.c.h; path = "JSONValueTransformer+UIColor.h"; sourceTree = "<group>"; };
		ADBC9BD21D578403007E4A2C /* JSONValueTransformer+UIColor.m */ = {isa = PBXFileReference; fileEncoding = 4; lastKnownFileType = sourcecode.c.objc; path = "JSONValueTransformer+UIColor.m"; sourceTree = "<group>"; };
		ADCED9E21D3D2BAC002E3F78 /* LoginedModel.h */ = {isa = PBXFileReference; fileEncoding = 4; lastKnownFileType = sourcecode.c.h; path = LoginedModel.h; sourceTree = "<group>"; };
		ADCED9E31D3D2BAC002E3F78 /* LoginedModel.m */ = {isa = PBXFileReference; fileEncoding = 4; lastKnownFileType = sourcecode.c.objc; path = LoginedModel.m; sourceTree = "<group>"; };
		ADCED9E51D3D3C8B002E3F78 /* RegisterViewController.h */ = {isa = PBXFileReference; fileEncoding = 4; lastKnownFileType = sourcecode.c.h; path = RegisterViewController.h; sourceTree = "<group>"; };
		ADCED9E61D3D3C8B002E3F78 /* RegisterViewController.m */ = {isa = PBXFileReference; fileEncoding = 4; lastKnownFileType = sourcecode.c.objc; path = RegisterViewController.m; sourceTree = "<group>"; };
		ADD267121F0CBE71005B18E8 /* ja */ = {isa = PBXFileReference; lastKnownFileType = text.plist.strings; name = ja; path = ja.lproj/Localizable.strings; sourceTree = "<group>"; };
		ADD267131F0CDC78005B18E8 /* zh-Hant */ = {isa = PBXFileReference; lastKnownFileType = text.plist.strings; name = "zh-Hant"; path = "zh-Hant.lproj/Localizable.strings"; sourceTree = "<group>"; };
		ADD267141F0D0453005B18E8 /* alert_jp.json */ = {isa = PBXFileReference; fileEncoding = 4; lastKnownFileType = text.json; path = alert_jp.json; sourceTree = "<group>"; };
		ADD6555A1D5B886D0054FB24 /* AlertSelectViewController.h */ = {isa = PBXFileReference; fileEncoding = 4; lastKnownFileType = sourcecode.c.h; path = AlertSelectViewController.h; sourceTree = "<group>"; };
		ADD6555B1D5B886D0054FB24 /* AlertSelectViewController.m */ = {isa = PBXFileReference; fileEncoding = 4; lastKnownFileType = sourcecode.c.objc; path = AlertSelectViewController.m; sourceTree = "<group>"; };
		ADD6555F1D5B8DAC0054FB24 /* AlertModel.h */ = {isa = PBXFileReference; fileEncoding = 4; lastKnownFileType = sourcecode.c.h; path = AlertModel.h; sourceTree = "<group>"; };
		ADD655601D5B8DAC0054FB24 /* AlertModel.m */ = {isa = PBXFileReference; fileEncoding = 4; lastKnownFileType = sourcecode.c.objc; path = AlertModel.m; sourceTree = "<group>"; };
		ADDCD3EE1D4C54960031DC66 /* LoginFlow.storyboard */ = {isa = PBXFileReference; fileEncoding = 4; lastKnownFileType = file.storyboard; path = LoginFlow.storyboard; sourceTree = "<group>"; };
		ADDCD3EF1D4C54960031DC66 /* MainTab.storyboard */ = {isa = PBXFileReference; fileEncoding = 4; lastKnownFileType = file.storyboard; path = MainTab.storyboard; sourceTree = "<group>"; };
		ADDCD3F01D4C54960031DC66 /* SyncDevice.storyboard */ = {isa = PBXFileReference; fileEncoding = 4; lastKnownFileType = file.storyboard; path = SyncDevice.storyboard; sourceTree = "<group>"; };
		ADDCD3F61D4C557E0031DC66 /* UIFont+AvenirFont.h */ = {isa = PBXFileReference; fileEncoding = 4; lastKnownFileType = sourcecode.c.h; path = "UIFont+AvenirFont.h"; sourceTree = "<group>"; };
		ADDCD3F71D4C557E0031DC66 /* UIFont+AvenirFont.m */ = {isa = PBXFileReference; fileEncoding = 4; lastKnownFileType = sourcecode.c.objc; path = "UIFont+AvenirFont.m"; sourceTree = "<group>"; };
		ADDCD3F91D4C59E10031DC66 /* Avenir-bold.ttf */ = {isa = PBXFileReference; lastKnownFileType = file; path = "Avenir-bold.ttf"; sourceTree = "<group>"; };
		ADDCD3FA1D4C59E10031DC66 /* Avenir-Book.otf */ = {isa = PBXFileReference; lastKnownFileType = file; path = "Avenir-Book.otf"; sourceTree = "<group>"; };
		ADE0BE711D59933400E70109 /* LMCalendarDayView.h */ = {isa = PBXFileReference; fileEncoding = 4; lastKnownFileType = sourcecode.c.h; path = LMCalendarDayView.h; sourceTree = "<group>"; };
		ADE0BE721D59933400E70109 /* LMCalendarDayView.m */ = {isa = PBXFileReference; fileEncoding = 4; lastKnownFileType = sourcecode.c.objc; path = LMCalendarDayView.m; sourceTree = "<group>"; };
		ADE6ED881D4E229D00FFA573 /* MonthCalendarViewController.h */ = {isa = PBXFileReference; fileEncoding = 4; lastKnownFileType = sourcecode.c.h; path = MonthCalendarViewController.h; sourceTree = "<group>"; };
		ADE6ED891D4E229D00FFA573 /* MonthCalendarViewController.m */ = {isa = PBXFileReference; fileEncoding = 4; lastKnownFileType = sourcecode.c.objc; path = MonthCalendarViewController.m; sourceTree = "<group>"; };
		ADE6ED8B1D4E355300FFA573 /* BaseCalendarViewController.h */ = {isa = PBXFileReference; fileEncoding = 4; lastKnownFileType = sourcecode.c.h; path = BaseCalendarViewController.h; sourceTree = "<group>"; };
		ADE6ED8C1D4E355300FFA573 /* BaseCalendarViewController.m */ = {isa = PBXFileReference; fileEncoding = 4; lastKnownFileType = sourcecode.c.objc; path = BaseCalendarViewController.m; sourceTree = "<group>"; };
		ADE6ED8E1D4E3B7D00FFA573 /* DayCalendarViewController.h */ = {isa = PBXFileReference; fileEncoding = 4; lastKnownFileType = sourcecode.c.h; path = DayCalendarViewController.h; sourceTree = "<group>"; };
		ADE6ED8F1D4E3B7D00FFA573 /* DayCalendarViewController.m */ = {isa = PBXFileReference; fileEncoding = 4; lastKnownFileType = sourcecode.c.objc; path = DayCalendarViewController.m; sourceTree = "<group>"; };
		ADE6ED921D4E415900FFA573 /* TimeLineView.h */ = {isa = PBXFileReference; fileEncoding = 4; lastKnownFileType = sourcecode.c.h; path = TimeLineView.h; sourceTree = "<group>"; };
		ADE6ED931D4E415900FFA573 /* TimeLineView.m */ = {isa = PBXFileReference; fileEncoding = 4; lastKnownFileType = sourcecode.c.objc; path = TimeLineView.m; sourceTree = "<group>"; };
		ADE6ED951D4E538B00FFA573 /* EventModel.h */ = {isa = PBXFileReference; fileEncoding = 4; lastKnownFileType = sourcecode.c.h; path = EventModel.h; sourceTree = "<group>"; };
		ADE6ED961D4E538B00FFA573 /* EventModel.m */ = {isa = PBXFileReference; fileEncoding = 4; lastKnownFileType = sourcecode.c.objc; path = EventModel.m; sourceTree = "<group>"; };
		ADE820711D54C26200E12768 /* JSONValueTransformer+NSDate.h */ = {isa = PBXFileReference; fileEncoding = 4; lastKnownFileType = sourcecode.c.h; path = "JSONValueTransformer+NSDate.h"; sourceTree = "<group>"; };
		ADE820721D54C26200E12768 /* JSONValueTransformer+NSDate.m */ = {isa = PBXFileReference; fileEncoding = 4; lastKnownFileType = sourcecode.c.objc; path = "JSONValueTransformer+NSDate.m"; sourceTree = "<group>"; };
		ADE820741D54C62D00E12768 /* UserModel.h */ = {isa = PBXFileReference; fileEncoding = 4; lastKnownFileType = sourcecode.c.h; path = UserModel.h; sourceTree = "<group>"; };
		ADE820751D54C62D00E12768 /* UserModel.m */ = {isa = PBXFileReference; fileEncoding = 4; lastKnownFileType = sourcecode.c.objc; path = UserModel.m; sourceTree = "<group>"; };
		ADE820771D54D99000E12768 /* WeatherModel.h */ = {isa = PBXFileReference; fileEncoding = 4; lastKnownFileType = sourcecode.c.h; path = WeatherModel.h; sourceTree = "<group>"; };
		ADE820781D54D99000E12768 /* WeatherModel.m */ = {isa = PBXFileReference; fileEncoding = 4; lastKnownFileType = sourcecode.c.objc; path = WeatherModel.m; sourceTree = "<group>"; };
		ADEF31CA1D47856200BB6A9B /* KidBindViewController.h */ = {isa = PBXFileReference; fileEncoding = 4; lastKnownFileType = sourcecode.c.h; lineEnding = 0; path = KidBindViewController.h; sourceTree = "<group>"; xcLanguageSpecificationIdentifier = xcode.lang.objcpp; };
		ADEF31CB1D47856200BB6A9B /* KidBindViewController.m */ = {isa = PBXFileReference; fileEncoding = 4; lastKnownFileType = sourcecode.c.objc; lineEnding = 0; path = KidBindViewController.m; sourceTree = "<group>"; xcLanguageSpecificationIdentifier = xcode.lang.objc; };
		ADEF31CD1D478D2B00BB6A9B /* BindReadyViewController.h */ = {isa = PBXFileReference; fileEncoding = 4; lastKnownFileType = sourcecode.c.h; lineEnding = 0; path = BindReadyViewController.h; sourceTree = "<group>"; xcLanguageSpecificationIdentifier = xcode.lang.objcpp; };
		ADEF31CE1D478D2B00BB6A9B /* BindReadyViewController.m */ = {isa = PBXFileReference; fileEncoding = 4; lastKnownFileType = sourcecode.c.objc; lineEnding = 0; path = BindReadyViewController.m; sourceTree = "<group>"; xcLanguageSpecificationIdentifier = xcode.lang.objc; };
		ADEF31D01D478E9900BB6A9B /* RoundButton.h */ = {isa = PBXFileReference; fileEncoding = 4; lastKnownFileType = sourcecode.c.h; path = RoundButton.h; sourceTree = "<group>"; };
		ADEF31D11D478E9900BB6A9B /* RoundButton.m */ = {isa = PBXFileReference; fileEncoding = 4; lastKnownFileType = sourcecode.c.objc; path = RoundButton.m; sourceTree = "<group>"; };
		ADEF31D41D47B04200BB6A9B /* VPImageCropperViewController.h */ = {isa = PBXFileReference; fileEncoding = 4; lastKnownFileType = sourcecode.c.h; path = VPImageCropperViewController.h; sourceTree = "<group>"; };
		ADEF31D51D47B04200BB6A9B /* VPImageCropperViewController.m */ = {isa = PBXFileReference; fileEncoding = 4; lastKnownFileType = sourcecode.c.objc; path = VPImageCropperViewController.m; sourceTree = "<group>"; };
		ADF33CB71D5A159400AE8874 /* LMCalendarWeekDayView.h */ = {isa = PBXFileReference; fileEncoding = 4; lastKnownFileType = sourcecode.c.h; path = LMCalendarWeekDayView.h; sourceTree = "<group>"; };
		ADF33CB81D5A159400AE8874 /* LMCalendarWeekDayView.m */ = {isa = PBXFileReference; fileEncoding = 4; lastKnownFileType = sourcecode.c.objc; path = LMCalendarWeekDayView.m; sourceTree = "<group>"; };
		ADF33CBA1D5A323000AE8874 /* TodayChartViewController.h */ = {isa = PBXFileReference; fileEncoding = 4; lastKnownFileType = sourcecode.c.h; path = TodayChartViewController.h; sourceTree = "<group>"; };
		ADF33CBB1D5A323000AE8874 /* TodayChartViewController.m */ = {isa = PBXFileReference; fileEncoding = 4; lastKnownFileType = sourcecode.c.objc; path = TodayChartViewController.m; sourceTree = "<group>"; };
		ADF33CBD1D5A32DD00AE8874 /* RectProgress.h */ = {isa = PBXFileReference; fileEncoding = 4; lastKnownFileType = sourcecode.c.h; path = RectProgress.h; sourceTree = "<group>"; };
		ADF33CBE1D5A32DD00AE8874 /* RectProgress.m */ = {isa = PBXFileReference; fileEncoding = 4; lastKnownFileType = sourcecode.c.objc; path = RectProgress.m; sourceTree = "<group>"; };
		ADF519AC1D86D0DF00356CD3 /* AddEventViewController2.h */ = {isa = PBXFileReference; fileEncoding = 4; lastKnownFileType = sourcecode.c.h; path = AddEventViewController2.h; sourceTree = "<group>"; };
		ADF519AD1D86D0DF00356CD3 /* AddEventViewController2.m */ = {isa = PBXFileReference; fileEncoding = 4; lastKnownFileType = sourcecode.c.objc; path = AddEventViewController2.m; sourceTree = "<group>"; };
		ADF985541D50C64A00B02075 /* ToDoListView.h */ = {isa = PBXFileReference; fileEncoding = 4; lastKnownFileType = sourcecode.c.h; path = ToDoListView.h; sourceTree = "<group>"; };
		ADF985551D50C64A00B02075 /* ToDoListView.m */ = {isa = PBXFileReference; fileEncoding = 4; lastKnownFileType = sourcecode.c.objc; path = ToDoListView.m; sourceTree = "<group>"; };
		ADF985571D50CBFC00B02075 /* DoItemLabel.h */ = {isa = PBXFileReference; fileEncoding = 4; lastKnownFileType = sourcecode.c.h; path = DoItemLabel.h; sourceTree = "<group>"; };
		ADF985581D50CBFC00B02075 /* DoItemLabel.m */ = {isa = PBXFileReference; fileEncoding = 4; lastKnownFileType = sourcecode.c.objc; path = DoItemLabel.m; sourceTree = "<group>"; };
		ADF9855A1D50D27400B02075 /* ColorLabel.h */ = {isa = PBXFileReference; fileEncoding = 4; lastKnownFileType = sourcecode.c.h; path = ColorLabel.h; sourceTree = "<group>"; };
		ADF9855B1D50D27400B02075 /* ColorLabel.m */ = {isa = PBXFileReference; fileEncoding = 4; lastKnownFileType = sourcecode.c.objc; path = ColorLabel.m; sourceTree = "<group>"; };
		ADFC2C281D369949004EDCDF /* Swing.app */ = {isa = PBXFileReference; explicitFileType = wrapper.application; includeInIndex = 0; path = Swing.app; sourceTree = BUILT_PRODUCTS_DIR; };
		ADFC2C2C1D369949004EDCDF /* main.m */ = {isa = PBXFileReference; lastKnownFileType = sourcecode.c.objc; path = main.m; sourceTree = "<group>"; };
		ADFC2C2E1D369949004EDCDF /* AppDelegate.h */ = {isa = PBXFileReference; lastKnownFileType = sourcecode.c.h; lineEnding = 0; path = AppDelegate.h; sourceTree = "<group>"; xcLanguageSpecificationIdentifier = xcode.lang.objcpp; };
		ADFC2C2F1D369949004EDCDF /* AppDelegate.m */ = {isa = PBXFileReference; lastKnownFileType = sourcecode.c.objc; lineEnding = 0; path = AppDelegate.m; sourceTree = "<group>"; xcLanguageSpecificationIdentifier = xcode.lang.objc; };
		ADFC2C3A1D369949004EDCDF /* Assets.xcassets */ = {isa = PBXFileReference; lastKnownFileType = folder.assetcatalog; path = Assets.xcassets; sourceTree = "<group>"; };
		ADFC2C3F1D369949004EDCDF /* Info.plist */ = {isa = PBXFileReference; lastKnownFileType = text.plist.xml; path = Info.plist; sourceTree = "<group>"; };
/* End PBXFileReference section */

/* Begin PBXFrameworksBuildPhase section */
		ADFC2C251D369949004EDCDF /* Frameworks */ = {
			isa = PBXFrameworksBuildPhase;
			buildActionMask = 2147483647;
			files = (
				015468D213152E4DB0DEFF15 /* libPods-Swing.a in Frameworks */,
			);
			runOnlyForDeploymentPostprocessing = 0;
		};
/* End PBXFrameworksBuildPhase section */

/* Begin PBXGroup section */
		0F17B28E1DDCAED70061D233 /* CoreData */ = {
			isa = PBXGroup;
			children = (
				0F68BEEA1DE87F8D002FDFB2 /* Activity+CoreDataClass.h */,
				0F68BEEB1DE87F8D002FDFB2 /* Activity+CoreDataClass.m */,
				0F68BEEC1DE87F8D002FDFB2 /* Activity+CoreDataProperties.h */,
				0F68BEED1DE87F8D002FDFB2 /* Activity+CoreDataProperties.m */,
				0F176EB71DE48FB70014F079 /* Todo+CoreDataClass.h */,
				0F176EB81DE48FB70014F079 /* Todo+CoreDataClass.m */,
				0F176EB91DE48FB70014F079 /* Todo+CoreDataProperties.h */,
				0F176EBA1DE48FB70014F079 /* Todo+CoreDataProperties.m */,
				0F176EBB1DE48FB70014F079 /* Event+CoreDataClass.h */,
				0F176EBC1DE48FB70014F079 /* Event+CoreDataClass.m */,
				0F176EBD1DE48FB70014F079 /* Event+CoreDataProperties.h */,
				0F176EBE1DE48FB70014F079 /* Event+CoreDataProperties.m */,
				0F1376291DE0524900DB6C33 /* Swing.xcdatamodeld */,
				0F1376111DE04A5D00DB6C33 /* DBHelper.h */,
				0F1376121DE04A5D00DB6C33 /* DBHelper.m */,
				0F1376321DE0593600DB6C33 /* ColorTransformer.h */,
				0F1376331DE0593600DB6C33 /* ColorTransformer.m */,
			);
			path = CoreData;
			sourceTree = "<group>";
		};
		0F927FCA1DDA02680011EF90 /* BLE */ = {
			isa = PBXGroup;
			children = (
				AD21A5D81E5FD9E100DA72E3 /* CBService+LMMethod.h */,
				AD21A5D91E5FD9E100DA72E3 /* CBService+LMMethod.m */,
				0F927FCB1DDA02680011EF90 /* BLEClient.h */,
				0F927FCC1DDA02680011EF90 /* BLEClient.m */,
				0F927FCD1DDA02680011EF90 /* BLEInitDevice.h */,
				0F927FCE1DDA02680011EF90 /* BLEInitDevice.m */,
				0F927FCF1DDA02680011EF90 /* BLEScanDevice.h */,
				0F927FD01DDA02680011EF90 /* BLEScanDevice.m */,
				0F927FD11DDA02680011EF90 /* BLESearchDevice.h */,
				0F927FD21DDA02680011EF90 /* BLESearchDevice.m */,
				0F927FD31DDA02680011EF90 /* BLESyncDevice.h */,
				0F927FD41DDA02680011EF90 /* BLESyncDevice.m */,
				AD65905C1DDA8B8A006DD43D /* BLEWaitDevice.h */,
				AD65905D1DDA8B8A006DD43D /* BLEWaitDevice.m */,
				0F1D939B1DEDD90F000444B9 /* BLEDelegate.h */,
				0F1D939C1DEDD90F000444B9 /* BLEDelegate.m */,
				AD21A5D71E5FD69400DA72E3 /* oad.h */,
				AD21A5DB1E600EF500DA72E3 /* BLEUtility.h */,
				AD21A5DC1E600EF500DA72E3 /* BLEUtility.m */,
				AD21A5D41E5FD4B300DA72E3 /* BLEUpdater.h */,
				AD21A5D51E5FD4B300DA72E3 /* BLEUpdater.m */,
			);
			path = BLE;
			sourceTree = "<group>";
		};
		4B6B9C3FC4565F412C2D2901 /* Frameworks */ = {
			isa = PBXGroup;
			children = (
				2C19A6FBE22DAA79A59B1FD3 /* libPods-Swing.a */,
			);
			name = Frameworks;
			sourceTree = "<group>";
		};
		8CE99C73D9C858BFDC874F43 /* Pods */ = {
			isa = PBXGroup;
			children = (
				A18820A5BC6E78E5A6B67715 /* Pods-Swing.debug.xcconfig */,
				A4B6A28BC80A5450DB08A31B /* Pods-Swing.release.xcconfig */,
			);
			name = Pods;
			sourceTree = "<group>";
		};
		AD0B81061D37EF7400F43E72 /* C */ = {
			isa = PBXGroup;
			children = (
				AD978D091D585ED300E59D2B /* Message */,
				AD9B0D9B1D3BB97C009FDD95 /* Login */,
				AD6654511D490BD00056632C /* Sync */,
				AD9B0D8B1D3BB89E009FDD95 /* Battery */,
				AD9B0D8C1D3BB89E009FDD95 /* Calendar */,
				AD9B0D8D1D3BB89E009FDD95 /* Dashboard */,
				AD9B0D8E1D3BB89E009FDD95 /* Profile */,
				AD1CEF0E1D5AE7F5004FEC24 /* LMTabBarController2.h */,
				AD1CEF0F1D5AE7F5004FEC24 /* LMTabBarController2.m */,
			);
			path = C;
			sourceTree = "<group>";
		};
		AD0B81071D37EF7400F43E72 /* M */ = {
			isa = PBXGroup;
			children = (
				0F17B28E1DDCAED70061D233 /* CoreData */,
				0F927FCA1DDA02680011EF90 /* BLE */,
				0FEC58441D69D91700201EBD /* BatteryModel.h */,
				0FEC58451D69D91700201EBD /* BatteryModel.m */,
				ADBC9BD11D578403007E4A2C /* JSONValueTransformer+UIColor.h */,
				ADBC9BD21D578403007E4A2C /* JSONValueTransformer+UIColor.m */,
				AD05B5BE1D3BD187007BCF7C /* SwingClient.h */,
				AD05B5BF1D3BD187007BCF7C /* SwingClient.m */,
				AD95A5191D5243390047A0A2 /* SwingClientTest.h */,
				AD95A51A1D5243390047A0A2 /* SwingClientTest.m */,
				ADCED9E21D3D2BAC002E3F78 /* LoginedModel.h */,
				ADCED9E31D3D2BAC002E3F78 /* LoginedModel.m */,
				ADE6ED951D4E538B00FFA573 /* EventModel.h */,
				ADE6ED961D4E538B00FFA573 /* EventModel.m */,
				AD2D338B1D5378AD005D9298 /* KidModel.h */,
				AD2D338C1D5378AD005D9298 /* KidModel.m */,
				AD2D338E1D538418005D9298 /* ToDoModel.h */,
				AD2D338F1D538418005D9298 /* ToDoModel.m */,
				ADE820711D54C26200E12768 /* JSONValueTransformer+NSDate.h */,
				ADE820721D54C26200E12768 /* JSONValueTransformer+NSDate.m */,
				ADE820741D54C62D00E12768 /* UserModel.h */,
				ADE820751D54C62D00E12768 /* UserModel.m */,
				ADE820771D54D99000E12768 /* WeatherModel.h */,
				ADE820781D54D99000E12768 /* WeatherModel.m */,
				ADD6555F1D5B8DAC0054FB24 /* AlertModel.h */,
				ADD655601D5B8DAC0054FB24 /* AlertModel.m */,
				0F45AB861D63593400EF385F /* ActivityModel.h */,
				0F45AB871D63593400EF385F /* ActivityModel.m */,
				0F45AB891D63614800EF385F /* ActivityResultModel.h */,
				0F45AB8A1D63614800EF385F /* ActivityResultModel.m */,
				0FDBDA931D708725004F7AAF /* LMLocalData.h */,
				0FDBDA941D708725004F7AAF /* LMLocalData.m */,
				0F445E0D1D7094A6008A092C /* JSONValueTransformer+NSData.h */,
				0F445E0E1D7094A6008A092C /* JSONValueTransformer+NSData.m */,
				AD1C61951DDB2AEF00331474 /* ActivityCache.h */,
				AD1C61961DDB2AEF00331474 /* ActivityCache.m */,
				ADA1F8281E234D4B0066CD35 /* SwingURL.h */,
				ADA1F8291E234D4B0066CD35 /* SwingURL.m */,
			);
			path = M;
			sourceTree = "<group>";
		};
		AD0B81081D37EF7400F43E72 /* Utils */ = {
			isa = PBXGroup;
			children = (
				ADDCD3F61D4C557E0031DC66 /* UIFont+AvenirFont.h */,
				ADDCD3F71D4C557E0031DC66 /* UIFont+AvenirFont.m */,
				AD0B81091D37EF7400F43E72 /* CommonDef.h */,
				AD0B810A1D37EF7400F43E72 /* ControlFactory.h */,
				AD0B810B1D37EF7400F43E72 /* ControlFactory.m */,
				AD0B810C1D37EF7400F43E72 /* Fun.h */,
				AD0B810D1D37EF7400F43E72 /* Fun.m */,
				AD0B810E1D37EF7400F43E72 /* GlobalCache.h */,
				AD0B810F1D37EF7400F43E72 /* GlobalCache.m */,
				AD0B81101D37EF7400F43E72 /* LMBaseTableViewController.h */,
				AD0B81111D37EF7400F43E72 /* LMBaseTableViewController.m */,
				AD0B81121D37EF7400F43E72 /* LMBaseTableViewController2.h */,
				AD0B81131D37EF7400F43E72 /* LMBaseTableViewController2.m */,
				AD0B81141D37EF7400F43E72 /* LMBaseViewController.h */,
				AD0B81151D37EF7400F43E72 /* LMBaseViewController.m */,
				AD77979A1D4CE11B00472B27 /* CameraUtility.h */,
				AD77979B1D4CE11B00472B27 /* CameraUtility.m */,
			);
			path = Utils;
			sourceTree = "<group>";
		};
		AD0B81161D37EF7400F43E72 /* V */ = {
			isa = PBXGroup;
			children = (
				ADE6ED911D4E413E00FFA573 /* Calendar */,
				AD77979D1D4CF90C00472B27 /* Dashboard */,
				AD7797901D4C8CF900472B27 /* Profile */,
				AD347D181D3FDDF700E91DDD /* Login */,
				AD790F511DAF9D9B002FE2F1 /* LFTextField.m */,
				AD790F521DAF9D9B002FE2F1 /* LFTextField.h */,
				ADEF31D01D478E9900BB6A9B /* RoundButton.h */,
				ADEF31D11D478E9900BB6A9B /* RoundButton.m */,
			);
			path = V;
			sourceTree = "<group>";
		};
		AD0B81201D37F09900F43E72 /* ThirdPart */ = {
			isa = PBXGroup;
			children = (
				ADEF31D31D47B04200BB6A9B /* VPImageCropper */,
				AD0B81211D37F09900F43E72 /* Logger */,
				AD83559B1E55512A000AA668 /* UIImage+wiRoundedRectImage.h */,
				AD83559C1E55512A000AA668 /* UIImage+wiRoundedRectImage.m */,
			);
			path = ThirdPart;
			sourceTree = "<group>";
		};
		AD0B81211D37F09900F43E72 /* Logger */ = {
			isa = PBXGroup;
			children = (
				AD0B81221D37F09900F43E72 /* SimpleLogger.h */,
				AD0B81231D37F09900F43E72 /* SimpleLogger.m */,
			);
			path = Logger;
			sourceTree = "<group>";
		};
		AD347D181D3FDDF700E91DDD /* Login */ = {
			isa = PBXGroup;
			children = (
				AD347D191D3FDE1A00E91DDD /* DeviceTableViewCell.h */,
				AD347D1A1D3FDE1A00E91DDD /* DeviceTableViewCell.m */,
			);
			path = Login;
			sourceTree = "<group>";
		};
		AD6654511D490BD00056632C /* Sync */ = {
			isa = PBXGroup;
			children = (
				AD6654521D490C110056632C /* SyncDeviceViewController.h */,
				AD6654531D490C110056632C /* SyncDeviceViewController.m */,
				AD6654551D490EC20056632C /* SearchDeviceViewController.h */,
				AD6654561D490EC20056632C /* SearchDeviceViewController.m */,
			);
			path = Sync;
			sourceTree = "<group>";
		};
		AD7797901D4C8CF900472B27 /* Profile */ = {
			isa = PBXGroup;
			children = (
				AD7797911D4C8D0600472B27 /* ProfileDeviceCell.h */,
				AD7797921D4C8D0600472B27 /* ProfileDeviceCell.m */,
				AD7797971D4CCFD200472B27 /* UnderlineTextField.h */,
				AD7797981D4CCFD200472B27 /* UnderlineTextField.m */,
			);
			path = Profile;
			sourceTree = "<group>";
		};
		AD77979D1D4CF90C00472B27 /* Dashboard */ = {
			isa = PBXGroup;
			children = (
				AD74381F1D4DD47100F5F9D2 /* JBChartTooltipTipView.h */,
				AD7438201D4DD47100F5F9D2 /* JBChartTooltipTipView.m */,
				AD7438211D4DD47100F5F9D2 /* JBChartTooltipView.h */,
				AD7438221D4DD47100F5F9D2 /* JBChartTooltipView.m */,
				AD77979E1D4CF9C400472B27 /* ChartFooterView.h */,
				AD77979F1D4CF9C400472B27 /* ChartFooterView.m */,
				ADF33CBD1D5A32DD00AE8874 /* RectProgress.h */,
				ADF33CBE1D5A32DD00AE8874 /* RectProgress.m */,
				AD1CEF081D5ACB19004FEC24 /* LMBarView.h */,
				AD1CEF091D5ACB19004FEC24 /* LMBarView.m */,
				AD1CEF0B1D5ADA90004FEC24 /* LMArrowView.h */,
				AD1CEF0C1D5ADA90004FEC24 /* LMArrowView.m */,
			);
			path = Dashboard;
			sourceTree = "<group>";
		};
		AD978D091D585ED300E59D2B /* Message */ = {
			isa = PBXGroup;
			children = (
				AD978D0A1D585EF000E59D2B /* MessageViewController.h */,
				AD978D0B1D585EF000E59D2B /* MessageViewController.m */,
			);
			path = Message;
			sourceTree = "<group>";
		};
		AD9B0D8B1D3BB89E009FDD95 /* Battery */ = {
			isa = PBXGroup;
			children = (
				AD9B0D921D3BB947009FDD95 /* BatteryViewController.h */,
				AD9B0D931D3BB947009FDD95 /* BatteryViewController.m */,
			);
			path = Battery;
			sourceTree = "<group>";
		};
		AD9B0D8C1D3BB89E009FDD95 /* Calendar */ = {
			isa = PBXGroup;
			children = (
				AD9B0D951D3BB954009FDD95 /* CalendarViewController.h */,
				AD9B0D961D3BB954009FDD95 /* CalendarViewController.m */,
				ADE6ED881D4E229D00FFA573 /* MonthCalendarViewController.h */,
				ADE6ED891D4E229D00FFA573 /* MonthCalendarViewController.m */,
				ADE6ED8B1D4E355300FFA573 /* BaseCalendarViewController.h */,
				ADE6ED8C1D4E355300FFA573 /* BaseCalendarViewController.m */,
				ADE6ED8E1D4E3B7D00FFA573 /* DayCalendarViewController.h */,
				ADE6ED8F1D4E3B7D00FFA573 /* DayCalendarViewController.m */,
				AD74D4DD1D4FA08E001F3B36 /* EventInfoViewController.h */,
				AD74D4DE1D4FA08E001F3B36 /* EventInfoViewController.m */,
				ADF519AC1D86D0DF00356CD3 /* AddEventViewController2.h */,
				ADF519AD1D86D0DF00356CD3 /* AddEventViewController2.m */,
				ADD6555A1D5B886D0054FB24 /* AlertSelectViewController.h */,
				ADD6555B1D5B886D0054FB24 /* AlertSelectViewController.m */,
				0FD6B3E51D61B79300C00A45 /* ChoicesViewController.h */,
				0FD6B3E61D61B79300C00A45 /* ChoicesViewController.m */,
			);
			path = Calendar;
			sourceTree = "<group>";
		};
		AD9B0D8D1D3BB89E009FDD95 /* Dashboard */ = {
			isa = PBXGroup;
			children = (
				AD7438251D4DD50C00F5F9D2 /* JBBaseChartViewController.h */,
				AD7438261D4DD50C00F5F9D2 /* JBBaseChartViewController.m */,
				AD9B0D8F1D3BB935009FDD95 /* DashboardViewController.h */,
				AD9B0D901D3BB935009FDD95 /* DashboardViewController.m */,
				AD7797A11D4D034600472B27 /* ActivityViewController.h */,
				AD7797A21D4D034600472B27 /* ActivityViewController.m */,
				AD7797A41D4D085600472B27 /* ChartViewController.h */,
				AD7797A51D4D085600472B27 /* ChartViewController.m */,
				ADF33CBA1D5A323000AE8874 /* TodayChartViewController.h */,
				ADF33CBB1D5A323000AE8874 /* TodayChartViewController.m */,
			);
			path = Dashboard;
			sourceTree = "<group>";
		};
		AD9B0D8E1D3BB89E009FDD95 /* Profile */ = {
			isa = PBXGroup;
			children = (
				0F12C33D1E507B1E0055DBB0 /* EditKidViewController.h */,
				0F12C33E1E507B1E0055DBB0 /* EditKidViewController.m */,
				AD9B0D981D3BB964009FDD95 /* ProfileViewController.h */,
				AD9B0D991D3BB964009FDD95 /* ProfileViewController.m */,
				AD7797941D4C9B5200472B27 /* EditProfileViewController.h */,
				AD7797951D4C9B5200472B27 /* EditProfileViewController.m */,
				0F1B77FA1E4EAC4600FD2421 /* OptionViewController.h */,
				0F1B77FB1E4EAC4600FD2421 /* OptionViewController.m */,
			);
			path = Profile;
			sourceTree = "<group>";
		};
		AD9B0D9B1D3BB97C009FDD95 /* Login */ = {
			isa = PBXGroup;
			children = (
				AD05B5BB1D3BCAA4007BCF7C /* LoginViewController.h */,
				AD05B5BC1D3BCAA4007BCF7C /* LoginViewController.m */,
				ADCED9E51D3D3C8B002E3F78 /* RegisterViewController.h */,
				ADCED9E61D3D3C8B002E3F78 /* RegisterViewController.m */,
				AD289A5C1D3FD0E800898F92 /* AskStepViewController.h */,
				AD289A5D1D3FD0E800898F92 /* AskStepViewController.m */,
				AD347D151D3FD8DD00E91DDD /* SearchWatchViewController.h */,
				AD347D161D3FD8DD00E91DDD /* SearchWatchViewController.m */,
				AD347D1C1D3FDEEC00E91DDD /* SelectWatchViewController.h */,
				AD347D1D1D3FDEEC00E91DDD /* SelectWatchViewController.m */,
				ADEF31CA1D47856200BB6A9B /* KidBindViewController.h */,
				ADEF31CB1D47856200BB6A9B /* KidBindViewController.m */,
				ADEF31CD1D478D2B00BB6A9B /* BindReadyViewController.h */,
				ADEF31CE1D478D2B00BB6A9B /* BindReadyViewController.m */,
				0F15D2A71E0AC48E004F8F69 /* IndexViewController.h */,
				0F15D2A81E0AC48E004F8F69 /* IndexViewController.m */,
			);
			path = Login;
			sourceTree = "<group>";
		};
		ADDCD3E91D4C54960031DC66 /* Res */ = {
			isa = PBXGroup;
			children = (
				0FEB6D5D1F014909007507D4 /* A-062617.bin */,
				0FEB6D5E1F014909007507D4 /* B-062617.bin */,
				0FDAF5A91D6405EF007CD808 /* citystate.json */,
				ADDCD3EA1D4C54960031DC66 /* font */,
				ADDCD3ED1D4C54960031DC66 /* storyboard */,
				0F140B701D88432B005B9763 /* alert2.json */,
				ADD267141F0D0453005B18E8 /* alert_jp.json */,
				0F3705701E096A6700E87BF0 /* Localizable.strings */,
			);
			path = Res;
			sourceTree = "<group>";
		};
		ADDCD3EA1D4C54960031DC66 /* font */ = {
			isa = PBXGroup;
			children = (
				ADDCD3F91D4C59E10031DC66 /* Avenir-bold.ttf */,
				ADDCD3FA1D4C59E10031DC66 /* Avenir-Book.otf */,
			);
			path = font;
			sourceTree = "<group>";
		};
		ADDCD3ED1D4C54960031DC66 /* storyboard */ = {
			isa = PBXGroup;
			children = (
				ADDCD3EE1D4C54960031DC66 /* LoginFlow.storyboard */,
				ADDCD3EF1D4C54960031DC66 /* MainTab.storyboard */,
				ADDCD3F01D4C54960031DC66 /* SyncDevice.storyboard */,
				AD1CEF111D5AE886004FEC24 /* MainTab2.storyboard */,
			);
			path = storyboard;
			sourceTree = "<group>";
		};
		ADE6ED911D4E413E00FFA573 /* Calendar */ = {
			isa = PBXGroup;
			children = (
				ADF33CB71D5A159400AE8874 /* LMCalendarWeekDayView.h */,
				ADF33CB81D5A159400AE8874 /* LMCalendarWeekDayView.m */,
				ADE6ED921D4E415900FFA573 /* TimeLineView.h */,
				ADE6ED931D4E415900FFA573 /* TimeLineView.m */,
				AD74D4DA1D4F90B5001F3B36 /* EventLabel.h */,
				AD74D4DB1D4F90B5001F3B36 /* EventLabel.m */,
				AD74D4E01D4FA750001F3B36 /* EventSelectTableViewCell.h */,
				AD74D4E11D4FA750001F3B36 /* EventSelectTableViewCell.m */,
				ADF985541D50C64A00B02075 /* ToDoListView.h */,
				ADF985551D50C64A00B02075 /* ToDoListView.m */,
				ADF985571D50CBFC00B02075 /* DoItemLabel.h */,
				ADF985581D50CBFC00B02075 /* DoItemLabel.m */,
				ADF9855A1D50D27400B02075 /* ColorLabel.h */,
				ADF9855B1D50D27400B02075 /* ColorLabel.m */,
				ADE0BE711D59933400E70109 /* LMCalendarDayView.h */,
				ADE0BE721D59933400E70109 /* LMCalendarDayView.m */,
				0F45AB811D6316FA00EF385F /* STextField.h */,
				0F45AB821D6316FA00EF385F /* STextField.m */,
			);
			path = Calendar;
			sourceTree = "<group>";
		};
		ADEF31D31D47B04200BB6A9B /* VPImageCropper */ = {
			isa = PBXGroup;
			children = (
				ADEF31D41D47B04200BB6A9B /* VPImageCropperViewController.h */,
				ADEF31D51D47B04200BB6A9B /* VPImageCropperViewController.m */,
			);
			path = VPImageCropper;
			sourceTree = "<group>";
		};
		ADFC2C1F1D369949004EDCDF = {
			isa = PBXGroup;
			children = (
				ADFC2C2A1D369949004EDCDF /* Swing */,
				ADFC2C291D369949004EDCDF /* Products */,
				8CE99C73D9C858BFDC874F43 /* Pods */,
				4B6B9C3FC4565F412C2D2901 /* Frameworks */,
			);
			sourceTree = "<group>";
		};
		ADFC2C291D369949004EDCDF /* Products */ = {
			isa = PBXGroup;
			children = (
				ADFC2C281D369949004EDCDF /* Swing.app */,
			);
			name = Products;
			sourceTree = "<group>";
		};
		ADFC2C2A1D369949004EDCDF /* Swing */ = {
			isa = PBXGroup;
			children = (
				AD1502D71E4D50F300B6D000 /* Swing.entitlements */,
				AD0B81061D37EF7400F43E72 /* C */,
				AD0B81071D37EF7400F43E72 /* M */,
				AD0B81201D37F09900F43E72 /* ThirdPart */,
				AD0B81081D37EF7400F43E72 /* Utils */,
				AD0B81161D37EF7400F43E72 /* V */,
				ADFC2C2E1D369949004EDCDF /* AppDelegate.h */,
				ADFC2C2F1D369949004EDCDF /* AppDelegate.m */,
				ADFC2C3A1D369949004EDCDF /* Assets.xcassets */,
				ADFC2C3F1D369949004EDCDF /* Info.plist */,
				ADDCD3E91D4C54960031DC66 /* Res */,
				ADFC2C2B1D369949004EDCDF /* Supporting Files */,
			);
			path = Swing;
			sourceTree = "<group>";
		};
		ADFC2C2B1D369949004EDCDF /* Supporting Files */ = {
			isa = PBXGroup;
			children = (
				ADFC2C2C1D369949004EDCDF /* main.m */,
			);
			name = "Supporting Files";
			sourceTree = "<group>";
		};
/* End PBXGroup section */

/* Begin PBXNativeTarget section */
		ADFC2C271D369949004EDCDF /* Swing */ = {
			isa = PBXNativeTarget;
			buildConfigurationList = ADFC2C421D369949004EDCDF /* Build configuration list for PBXNativeTarget "Swing" */;
			buildPhases = (
				651AF4930D6DDA3AA32ADAEC /* [CP] Check Pods Manifest.lock */,
				ADFC2C241D369949004EDCDF /* Sources */,
				ADFC2C251D369949004EDCDF /* Frameworks */,
				ADFC2C261D369949004EDCDF /* Resources */,
				16D8485DBF43A5CDCF974585 /* [CP] Embed Pods Frameworks */,
				96B4FBEC6BCF5266924EAB1E /* [CP] Copy Pods Resources */,
			);
			buildRules = (
			);
			dependencies = (
			);
			name = Swing;
			productName = Swing;
			productReference = ADFC2C281D369949004EDCDF /* Swing.app */;
			productType = "com.apple.product-type.application";
		};
/* End PBXNativeTarget section */

/* Begin PBXProject section */
		ADFC2C201D369949004EDCDF /* Project object */ = {
			isa = PBXProject;
			attributes = {
				LastUpgradeCheck = 0820;
				ORGANIZATIONNAME = zzteam;
				TargetAttributes = {
					ADFC2C271D369949004EDCDF = {
						CreatedOnToolsVersion = 7.0.1;
						DevelopmentTeam = 97SA79U875;
						LastSwiftMigration = 0810;
						ProvisioningStyle = Manual;
						SystemCapabilities = {
							com.apple.BackgroundModes = {
								enabled = 1;
							};
							com.apple.Push = {
								enabled = 1;
							};
						};
					};
				};
			};
			buildConfigurationList = ADFC2C231D369949004EDCDF /* Build configuration list for PBXProject "Swing" */;
			compatibilityVersion = "Xcode 3.2";
			developmentRegion = English;
			hasScannedForEncodings = 0;
			knownRegions = (
				en,
				Base,
				es,
				ru,
				ja,
				"zh-Hant",
			);
			mainGroup = ADFC2C1F1D369949004EDCDF;
			productRefGroup = ADFC2C291D369949004EDCDF /* Products */;
			projectDirPath = "";
			projectRoot = "";
			targets = (
				ADFC2C271D369949004EDCDF /* Swing */,
			);
		};
/* End PBXProject section */

/* Begin PBXResourcesBuildPhase section */
		ADFC2C261D369949004EDCDF /* Resources */ = {
			isa = PBXResourcesBuildPhase;
			buildActionMask = 2147483647;
			files = (
				ADD267151F0D0453005B18E8 /* alert_jp.json in Resources */,
				ADDEAE101DE299FB00AD478A /* Swing.xcdatamodeld in Resources */,
				0F37056E1E096A6700E87BF0 /* Localizable.strings in Resources */,
				0F140B711D88432B005B9763 /* alert2.json in Resources */,
				ADDCD3FB1D4C59F10031DC66 /* Avenir-bold.ttf in Resources */,
				ADDCD3FC1D4C59F10031DC66 /* Avenir-Book.otf in Resources */,
				0FEB6D601F014909007507D4 /* B-062617.bin in Resources */,
				ADDCD3F31D4C54960031DC66 /* LoginFlow.storyboard in Resources */,
				ADDCD3F51D4C54960031DC66 /* SyncDevice.storyboard in Resources */,
				0FEB6D5F1F014909007507D4 /* A-062617.bin in Resources */,
				AD1CEF121D5AE886004FEC24 /* MainTab2.storyboard in Resources */,
				ADDCD3F41D4C54960031DC66 /* MainTab.storyboard in Resources */,
				0FDAF5AA1D6405EF007CD808 /* citystate.json in Resources */,
				ADFC2C3B1D369949004EDCDF /* Assets.xcassets in Resources */,
			);
			runOnlyForDeploymentPostprocessing = 0;
		};
/* End PBXResourcesBuildPhase section */

/* Begin PBXShellScriptBuildPhase section */
		16D8485DBF43A5CDCF974585 /* [CP] Embed Pods Frameworks */ = {
			isa = PBXShellScriptBuildPhase;
			buildActionMask = 2147483647;
			files = (
			);
			inputPaths = (
			);
			name = "[CP] Embed Pods Frameworks";
			outputPaths = (
			);
			runOnlyForDeploymentPostprocessing = 0;
			shellPath = /bin/sh;
			shellScript = "\"${SRCROOT}/Pods/Target Support Files/Pods-Swing/Pods-Swing-frameworks.sh\"\n";
			showEnvVarsInLog = 0;
		};
		651AF4930D6DDA3AA32ADAEC /* [CP] Check Pods Manifest.lock */ = {
			isa = PBXShellScriptBuildPhase;
			buildActionMask = 2147483647;
			files = (
			);
			inputPaths = (
			);
			name = "[CP] Check Pods Manifest.lock";
			outputPaths = (
			);
			runOnlyForDeploymentPostprocessing = 0;
			shellPath = /bin/sh;
			shellScript = "diff \"${PODS_ROOT}/../Podfile.lock\" \"${PODS_ROOT}/Manifest.lock\" > /dev/null\nif [ $? != 0 ] ; then\n    # print error to STDERR\n    echo \"error: The sandbox is not in sync with the Podfile.lock. Run 'pod install' or update your CocoaPods installation.\" >&2\n    exit 1\nfi\n";
			showEnvVarsInLog = 0;
		};
		96B4FBEC6BCF5266924EAB1E /* [CP] Copy Pods Resources */ = {
			isa = PBXShellScriptBuildPhase;
			buildActionMask = 2147483647;
			files = (
			);
			inputPaths = (
			);
			name = "[CP] Copy Pods Resources";
			outputPaths = (
			);
			runOnlyForDeploymentPostprocessing = 0;
			shellPath = /bin/sh;
			shellScript = "\"${SRCROOT}/Pods/Target Support Files/Pods-Swing/Pods-Swing-resources.sh\"\n";
			showEnvVarsInLog = 0;
		};
/* End PBXShellScriptBuildPhase section */

/* Begin PBXSourcesBuildPhase section */
		ADFC2C241D369949004EDCDF /* Sources */ = {
			isa = PBXSourcesBuildPhase;
			buildActionMask = 2147483647;
			files = (
				0F927FD51DDA02680011EF90 /* BLEClient.m in Sources */,
				ADCED9E41D3D2BAC002E3F78 /* LoginedModel.m in Sources */,
				AD1CEF101D5AE7F5004FEC24 /* LMTabBarController2.m in Sources */,
				0F45AB8B1D63614800EF385F /* ActivityResultModel.m in Sources */,
				0F68BEEE1DE87F8D002FDFB2 /* Activity+CoreDataClass.m in Sources */,
				ADE820791D54D99000E12768 /* WeatherModel.m in Sources */,
				AD0B811A1D37EF7400F43E72 /* LMBaseTableViewController.m in Sources */,
				0F45AB881D63593400EF385F /* ActivityModel.m in Sources */,
				AD74D4DF1D4FA08E001F3B36 /* EventInfoViewController.m in Sources */,
				ADE6ED8A1D4E229D00FFA573 /* MonthCalendarViewController.m in Sources */,
				AD0B811C1D37EF7400F43E72 /* LMBaseViewController.m in Sources */,
				0F1D939D1DEDD90F000444B9 /* BLEDelegate.m in Sources */,
				AD6654571D490EC20056632C /* SearchDeviceViewController.m in Sources */,
				AD9B0D911D3BB935009FDD95 /* DashboardViewController.m in Sources */,
				ADFC2C301D369949004EDCDF /* AppDelegate.m in Sources */,
				AD1CEF0D1D5ADA90004FEC24 /* LMArrowView.m in Sources */,
				0F445E0F1D7094A6008A092C /* JSONValueTransformer+NSData.m in Sources */,
				ADE6ED901D4E3B7D00FFA573 /* DayCalendarViewController.m in Sources */,
				ADF519AE1D86D0DF00356CD3 /* AddEventViewController2.m in Sources */,
				AD83559D1E55512A000AA668 /* UIImage+wiRoundedRectImage.m in Sources */,
				AD1CEF0A1D5ACB19004FEC24 /* LMBarView.m in Sources */,
				AD9B0D941D3BB947009FDD95 /* BatteryViewController.m in Sources */,
				AD7797A31D4D034600472B27 /* ActivityViewController.m in Sources */,
				ADE820731D54C26200E12768 /* JSONValueTransformer+NSDate.m in Sources */,
				AD0B81171D37EF7400F43E72 /* ControlFactory.m in Sources */,
				AD77979C1D4CE11B00472B27 /* CameraUtility.m in Sources */,
				ADF985561D50C64A00B02075 /* ToDoListView.m in Sources */,
				ADF33CBF1D5A32DD00AE8874 /* RectProgress.m in Sources */,
				ADF33CB91D5A159400AE8874 /* LMCalendarWeekDayView.m in Sources */,
				ADD655611D5B8DAC0054FB24 /* AlertModel.m in Sources */,
				AD7438231D4DD47100F5F9D2 /* JBChartTooltipTipView.m in Sources */,
				AD05B5C01D3BD187007BCF7C /* SwingClient.m in Sources */,
				0F176EC01DE48FB70014F079 /* Todo+CoreDataProperties.m in Sources */,
				AD6654541D490C110056632C /* SyncDeviceViewController.m in Sources */,
				AD7797A01D4CF9C400472B27 /* ChartFooterView.m in Sources */,
				AD1C61971DDB2AEF00331474 /* ActivityCache.m in Sources */,
				AD0B81181D37EF7400F43E72 /* Fun.m in Sources */,
				AD7797A61D4D085600472B27 /* ChartViewController.m in Sources */,
				AD7797961D4C9B5200472B27 /* EditProfileViewController.m in Sources */,
				0F176EC21DE48FB70014F079 /* Event+CoreDataProperties.m in Sources */,
				ADE0BE731D59933400E70109 /* LMCalendarDayView.m in Sources */,
				AD9B0D9A1D3BB964009FDD95 /* ProfileViewController.m in Sources */,
				AD0B81281D37F09900F43E72 /* SimpleLogger.m in Sources */,
				ADD6555C1D5B886D0054FB24 /* AlertSelectViewController.m in Sources */,
				ADEF31CF1D478D2B00BB6A9B /* BindReadyViewController.m in Sources */,
				ADE6ED971D4E538B00FFA573 /* EventModel.m in Sources */,
				AD0B811B1D37EF7400F43E72 /* LMBaseTableViewController2.m in Sources */,
				AD65905E1DDA8B8A006DD43D /* BLEWaitDevice.m in Sources */,
				0FDBDA951D708725004F7AAF /* LMLocalData.m in Sources */,
				ADBC9BD31D578403007E4A2C /* JSONValueTransformer+UIColor.m in Sources */,
				AD7438271D4DD50C00F5F9D2 /* JBBaseChartViewController.m in Sources */,
				AD2D33901D538418005D9298 /* ToDoModel.m in Sources */,
				ADE820761D54C62D00E12768 /* UserModel.m in Sources */,
				0FEC584A1D69D91800201EBD /* BatteryModel.m in Sources */,
				AD2D338D1D5378AD005D9298 /* KidModel.m in Sources */,
				AD9B0D971D3BB954009FDD95 /* CalendarViewController.m in Sources */,
				0F1376131DE04A5D00DB6C33 /* DBHelper.m in Sources */,
				AD347D1B1D3FDE1A00E91DDD /* DeviceTableViewCell.m in Sources */,
				0F927FD91DDA02680011EF90 /* BLESyncDevice.m in Sources */,
				ADCED9E71D3D3C8B002E3F78 /* RegisterViewController.m in Sources */,
				ADEF31D61D47B04200BB6A9B /* VPImageCropperViewController.m in Sources */,
				0F176EC11DE48FB70014F079 /* Event+CoreDataClass.m in Sources */,
				AD95A51B1D5243390047A0A2 /* SwingClientTest.m in Sources */,
				ADF33CBC1D5A323000AE8874 /* TodayChartViewController.m in Sources */,
				0F927FD81DDA02680011EF90 /* BLESearchDevice.m in Sources */,
				ADE6ED8D1D4E355300FFA573 /* BaseCalendarViewController.m in Sources */,
				ADF9855C1D50D27400B02075 /* ColorLabel.m in Sources */,
				0F15D2A91E0AC48E004F8F69 /* IndexViewController.m in Sources */,
				ADF985591D50CBFC00B02075 /* DoItemLabel.m in Sources */,
				AD21A5DD1E600EF500DA72E3 /* BLEUtility.m in Sources */,
				AD7797991D4CCFD200472B27 /* UnderlineTextField.m in Sources */,
				AD347D171D3FD8DD00E91DDD /* SearchWatchViewController.m in Sources */,
				0F1376341DE0593600DB6C33 /* ColorTransformer.m in Sources */,
				AD05B5BD1D3BCAA4007BCF7C /* LoginViewController.m in Sources */,
				ADEF31CC1D47856200BB6A9B /* KidBindViewController.m in Sources */,
				0F176EBF1DE48FB70014F079 /* Todo+CoreDataClass.m in Sources */,
				0F45AB831D6316FA00EF385F /* STextField.m in Sources */,
				AD7438241D4DD47100F5F9D2 /* JBChartTooltipView.m in Sources */,
				ADA1F82A1E234D4B0066CD35 /* SwingURL.m in Sources */,
				AD7797931D4C8D0600472B27 /* ProfileDeviceCell.m in Sources */,
				0F12C33F1E507B1E0055DBB0 /* EditKidViewController.m in Sources */,
				0F1B77FC1E4EAC4600FD2421 /* OptionViewController.m in Sources */,
				AD790F531DAF9D9B002FE2F1 /* LFTextField.m in Sources */,
				0F927FD71DDA02680011EF90 /* BLEScanDevice.m in Sources */,
				0F68BEEF1DE87F8D002FDFB2 /* Activity+CoreDataProperties.m in Sources */,
				AD978D0C1D585EF000E59D2B /* MessageViewController.m in Sources */,
				0FD6B3E71D61B79300C00A45 /* ChoicesViewController.m in Sources */,
				AD347D1E1D3FDEEC00E91DDD /* SelectWatchViewController.m in Sources */,
				AD74D4DC1D4F90B5001F3B36 /* EventLabel.m in Sources */,
				ADFC2C2D1D369949004EDCDF /* main.m in Sources */,
				AD289A5E1D3FD0E800898F92 /* AskStepViewController.m in Sources */,
				AD21A5D61E5FD4B300DA72E3 /* BLEUpdater.m in Sources */,
				ADDCD3F81D4C557E0031DC66 /* UIFont+AvenirFont.m in Sources */,
				0F927FD61DDA02680011EF90 /* BLEInitDevice.m in Sources */,
				ADEF31D21D478E9900BB6A9B /* RoundButton.m in Sources */,
				AD0B81191D37EF7400F43E72 /* GlobalCache.m in Sources */,
				AD74D4E21D4FA750001F3B36 /* EventSelectTableViewCell.m in Sources */,
				AD21A5DA1E5FD9E100DA72E3 /* CBService+LMMethod.m in Sources */,
				ADE6ED941D4E415900FFA573 /* TimeLineView.m in Sources */,
			);
			runOnlyForDeploymentPostprocessing = 0;
		};
/* End PBXSourcesBuildPhase section */

/* Begin PBXVariantGroup section */
		0F3705701E096A6700E87BF0 /* Localizable.strings */ = {
			isa = PBXVariantGroup;
			children = (
				0F37056F1E096A6700E87BF0 /* en */,
				0F3705721E096C2F00E87BF0 /* es */,
				0F3705731E096C3800E87BF0 /* ru */,
				ADD267121F0CBE71005B18E8 /* ja */,
				ADD267131F0CDC78005B18E8 /* zh-Hant */,
			);
			name = Localizable.strings;
			sourceTree = "<group>";
		};
/* End PBXVariantGroup section */

/* Begin XCBuildConfiguration section */
		ADFC2C401D369949004EDCDF /* Debug */ = {
			isa = XCBuildConfiguration;
			buildSettings = {
				ALWAYS_SEARCH_USER_PATHS = NO;
				CLANG_ANALYZER_LOCALIZABILITY_NONLOCALIZED = YES;
				CLANG_CXX_LANGUAGE_STANDARD = "gnu++0x";
				CLANG_CXX_LIBRARY = "libc++";
				CLANG_ENABLE_MODULES = YES;
				CLANG_ENABLE_OBJC_ARC = YES;
				CLANG_WARN_BOOL_CONVERSION = YES;
				CLANG_WARN_CONSTANT_CONVERSION = YES;
				CLANG_WARN_DIRECT_OBJC_ISA_USAGE = YES_ERROR;
				CLANG_WARN_EMPTY_BODY = YES;
				CLANG_WARN_ENUM_CONVERSION = YES;
				CLANG_WARN_INFINITE_RECURSION = YES;
				CLANG_WARN_INT_CONVERSION = YES;
				CLANG_WARN_OBJC_ROOT_CLASS = YES_ERROR;
				CLANG_WARN_SUSPICIOUS_MOVE = YES;
				CLANG_WARN_UNREACHABLE_CODE = YES;
				CLANG_WARN__DUPLICATE_METHOD_MATCH = YES;
				CODE_SIGN_IDENTITY = "iPhone Developer";
				"CODE_SIGN_IDENTITY[sdk=iphoneos*]" = "iPhone Developer";
				COPY_PHASE_STRIP = NO;
				DEBUG_INFORMATION_FORMAT = dwarf;
				ENABLE_STRICT_OBJC_MSGSEND = YES;
				ENABLE_TESTABILITY = YES;
				GCC_C_LANGUAGE_STANDARD = gnu99;
				GCC_DYNAMIC_NO_PIC = NO;
				GCC_NO_COMMON_BLOCKS = YES;
				GCC_OPTIMIZATION_LEVEL = 0;
				GCC_PREPROCESSOR_DEFINITIONS = (
					"DEBUG=1",
					"$(inherited)",
				);
				GCC_WARN_64_TO_32_BIT_CONVERSION = YES;
				GCC_WARN_ABOUT_RETURN_TYPE = YES_ERROR;
				GCC_WARN_UNDECLARED_SELECTOR = YES;
				GCC_WARN_UNINITIALIZED_AUTOS = YES_AGGRESSIVE;
				GCC_WARN_UNUSED_FUNCTION = YES;
				GCC_WARN_UNUSED_VARIABLE = YES;
				IPHONEOS_DEPLOYMENT_TARGET = 9.0;
				MTL_ENABLE_DEBUG_INFO = YES;
				ONLY_ACTIVE_ARCH = YES;
				PROVISIONING_PROFILE = "";
				SDKROOT = iphoneos;
			};
			name = Debug;
		};
		ADFC2C411D369949004EDCDF /* Release */ = {
			isa = XCBuildConfiguration;
			buildSettings = {
				ALWAYS_SEARCH_USER_PATHS = NO;
				CLANG_ANALYZER_LOCALIZABILITY_NONLOCALIZED = YES;
				CLANG_CXX_LANGUAGE_STANDARD = "gnu++0x";
				CLANG_CXX_LIBRARY = "libc++";
				CLANG_ENABLE_MODULES = YES;
				CLANG_ENABLE_OBJC_ARC = YES;
				CLANG_WARN_BOOL_CONVERSION = YES;
				CLANG_WARN_CONSTANT_CONVERSION = YES;
				CLANG_WARN_DIRECT_OBJC_ISA_USAGE = YES_ERROR;
				CLANG_WARN_EMPTY_BODY = YES;
				CLANG_WARN_ENUM_CONVERSION = YES;
				CLANG_WARN_INFINITE_RECURSION = YES;
				CLANG_WARN_INT_CONVERSION = YES;
				CLANG_WARN_OBJC_ROOT_CLASS = YES_ERROR;
				CLANG_WARN_SUSPICIOUS_MOVE = YES;
				CLANG_WARN_UNREACHABLE_CODE = YES;
				CLANG_WARN__DUPLICATE_METHOD_MATCH = YES;
				CODE_SIGN_IDENTITY = "iPhone Developer";
				"CODE_SIGN_IDENTITY[sdk=iphoneos*]" = "iPhone Developer";
				COPY_PHASE_STRIP = NO;
				DEBUG_INFORMATION_FORMAT = "dwarf-with-dsym";
				ENABLE_NS_ASSERTIONS = NO;
				ENABLE_STRICT_OBJC_MSGSEND = YES;
				GCC_C_LANGUAGE_STANDARD = gnu99;
				GCC_NO_COMMON_BLOCKS = YES;
				GCC_WARN_64_TO_32_BIT_CONVERSION = YES;
				GCC_WARN_ABOUT_RETURN_TYPE = YES_ERROR;
				GCC_WARN_UNDECLARED_SELECTOR = YES;
				GCC_WARN_UNINITIALIZED_AUTOS = YES_AGGRESSIVE;
				GCC_WARN_UNUSED_FUNCTION = YES;
				GCC_WARN_UNUSED_VARIABLE = YES;
				IPHONEOS_DEPLOYMENT_TARGET = 9.0;
				MTL_ENABLE_DEBUG_INFO = NO;
				PROVISIONING_PROFILE = "";
				SDKROOT = iphoneos;
				VALIDATE_PRODUCT = YES;
			};
			name = Release;
		};
		ADFC2C431D369949004EDCDF /* Debug */ = {
			isa = XCBuildConfiguration;
			baseConfigurationReference = A18820A5BC6E78E5A6B67715 /* Pods-Swing.debug.xcconfig */;
			buildSettings = {
				ASSETCATALOG_COMPILER_APPICON_NAME = AppIcon;
				ASSETCATALOG_COMPILER_LAUNCHIMAGE_NAME = LaunchImage;
				CLANG_ENABLE_MODULES = YES;
				CODE_SIGN_ENTITLEMENTS = Swing/Swing.entitlements;
				CODE_SIGN_IDENTITY = "iPhone Developer";
				"CODE_SIGN_IDENTITY[sdk=iphoneos*]" = "iPhone Distribution";
				DEVELOPMENT_TEAM = 97SA79U875;
				INFOPLIST_FILE = Swing/Info.plist;
				IPHONEOS_DEPLOYMENT_TARGET = 9.0;
				LD_RUNPATH_SEARCH_PATHS = "$(inherited) @executable_path/Frameworks";
				PRODUCT_BUNDLE_IDENTIFIER = com.daiyuechuan.swingapp;
				PRODUCT_NAME = "$(TARGET_NAME)";
				PROVISIONING_PROFILE = "eccfb326-c2b4-4fd1-b827-84df45dbaab1";
				PROVISIONING_PROFILE_SPECIFIER = "XC iOS: com.daiyuechuan.swingapp";
				SWIFT_OPTIMIZATION_LEVEL = "-Onone";
				SWIFT_VERSION = 3.0;
				TARGETED_DEVICE_FAMILY = 1;
			};
			name = Debug;
		};
		ADFC2C441D369949004EDCDF /* Release */ = {
			isa = XCBuildConfiguration;
			baseConfigurationReference = A4B6A28BC80A5450DB08A31B /* Pods-Swing.release.xcconfig */;
			buildSettings = {
				ASSETCATALOG_COMPILER_APPICON_NAME = AppIcon;
				ASSETCATALOG_COMPILER_LAUNCHIMAGE_NAME = LaunchImage;
				CLANG_ENABLE_MODULES = YES;
				CODE_SIGN_ENTITLEMENTS = Swing/Swing.entitlements;
				CODE_SIGN_IDENTITY = "iPhone Developer";
				"CODE_SIGN_IDENTITY[sdk=iphoneos*]" = "iPhone Distribution";
				DEVELOPMENT_TEAM = 97SA79U875;
				INFOPLIST_FILE = Swing/Info.plist;
				IPHONEOS_DEPLOYMENT_TARGET = 9.0;
				LD_RUNPATH_SEARCH_PATHS = "$(inherited) @executable_path/Frameworks";
				PRODUCT_BUNDLE_IDENTIFIER = com.daiyuechuan.swingapp;
				PRODUCT_NAME = "$(TARGET_NAME)";
				PROVISIONING_PROFILE = "eccfb326-c2b4-4fd1-b827-84df45dbaab1";
				PROVISIONING_PROFILE_SPECIFIER = "XC iOS: com.daiyuechuan.swingapp";
				SWIFT_VERSION = 3.0;
				TARGETED_DEVICE_FAMILY = 1;
			};
			name = Release;
		};
/* End XCBuildConfiguration section */

/* Begin XCConfigurationList section */
		ADFC2C231D369949004EDCDF /* Build configuration list for PBXProject "Swing" */ = {
			isa = XCConfigurationList;
			buildConfigurations = (
				ADFC2C401D369949004EDCDF /* Debug */,
				ADFC2C411D369949004EDCDF /* Release */,
			);
			defaultConfigurationIsVisible = 0;
			defaultConfigurationName = Release;
		};
		ADFC2C421D369949004EDCDF /* Build configuration list for PBXNativeTarget "Swing" */ = {
			isa = XCConfigurationList;
			buildConfigurations = (
				ADFC2C431D369949004EDCDF /* Debug */,
				ADFC2C441D369949004EDCDF /* Release */,
			);
			defaultConfigurationIsVisible = 0;
			defaultConfigurationName = Release;
		};
/* End XCConfigurationList section */

/* Begin XCVersionGroup section */
		0F1376291DE0524900DB6C33 /* Swing.xcdatamodeld */ = {
			isa = XCVersionGroup;
			children = (
				0F13762A1DE0524900DB6C33 /* Swing.xcdatamodel */,
			);
			currentVersion = 0F13762A1DE0524900DB6C33 /* Swing.xcdatamodel */;
			path = Swing.xcdatamodeld;
			sourceTree = "<group>";
			versionGroupType = wrapper.xcdatamodel;
		};
/* End XCVersionGroup section */
	};
	rootObject = ADFC2C201D369949004EDCDF /* Project object */;
}
