// !$*UTF8*$!
{
	archiveVersion = 1;
	classes = {
	};
	objectVersion = 46;
	objects = {

/* Begin PBXBuildFile section */
		AD05B5BD1D3BCAA4007BCF7C /* LoginViewController.m in Sources */ = {isa = PBXBuildFile; fileRef = AD05B5BC1D3BCAA4007BCF7C /* LoginViewController.m */; settings = {ASSET_TAGS = (); }; };
		AD05B5C01D3BD187007BCF7C /* SwingClient.m in Sources */ = {isa = PBXBuildFile; fileRef = AD05B5BF1D3BD187007BCF7C /* SwingClient.m */; settings = {ASSET_TAGS = (); }; };
		AD0B81171D37EF7400F43E72 /* ControlFactory.m in Sources */ = {isa = PBXBuildFile; fileRef = AD0B810B1D37EF7400F43E72 /* ControlFactory.m */; settings = {ASSET_TAGS = (); }; };
		AD0B81181D37EF7400F43E72 /* Fun.m in Sources */ = {isa = PBXBuildFile; fileRef = AD0B810D1D37EF7400F43E72 /* Fun.m */; settings = {ASSET_TAGS = (); }; };
		AD0B81191D37EF7400F43E72 /* GlobalCache.m in Sources */ = {isa = PBXBuildFile; fileRef = AD0B810F1D37EF7400F43E72 /* GlobalCache.m */; settings = {ASSET_TAGS = (); }; };
		AD0B811A1D37EF7400F43E72 /* LMBaseTableViewController.m in Sources */ = {isa = PBXBuildFile; fileRef = AD0B81111D37EF7400F43E72 /* LMBaseTableViewController.m */; settings = {ASSET_TAGS = (); }; };
		AD0B811B1D37EF7400F43E72 /* LMBaseTableViewController2.m in Sources */ = {isa = PBXBuildFile; fileRef = AD0B81131D37EF7400F43E72 /* LMBaseTableViewController2.m */; settings = {ASSET_TAGS = (); }; };
		AD0B811C1D37EF7400F43E72 /* LMBaseViewController.m in Sources */ = {isa = PBXBuildFile; fileRef = AD0B81151D37EF7400F43E72 /* LMBaseViewController.m */; settings = {ASSET_TAGS = (); }; };
		AD0B811F1D37EFEA00F43E72 /* LMTabBarController.m in Sources */ = {isa = PBXBuildFile; fileRef = AD0B811E1D37EFEA00F43E72 /* LMTabBarController.m */; settings = {ASSET_TAGS = (); }; };
		AD0B81281D37F09900F43E72 /* SimpleLogger.m in Sources */ = {isa = PBXBuildFile; fileRef = AD0B81231D37F09900F43E72 /* SimpleLogger.m */; settings = {ASSET_TAGS = (); }; };
		AD289A5E1D3FD0E800898F92 /* AskStepViewController.m in Sources */ = {isa = PBXBuildFile; fileRef = AD289A5D1D3FD0E800898F92 /* AskStepViewController.m */; settings = {ASSET_TAGS = (); }; };
		AD2D338D1D5378AD005D9298 /* KidModel.m in Sources */ = {isa = PBXBuildFile; fileRef = AD2D338C1D5378AD005D9298 /* KidModel.m */; settings = {ASSET_TAGS = (); }; };
		AD2D33901D538418005D9298 /* ToDoModel.m in Sources */ = {isa = PBXBuildFile; fileRef = AD2D338F1D538418005D9298 /* ToDoModel.m */; settings = {ASSET_TAGS = (); }; };
		AD347D171D3FD8DD00E91DDD /* SearchWatchViewController.m in Sources */ = {isa = PBXBuildFile; fileRef = AD347D161D3FD8DD00E91DDD /* SearchWatchViewController.m */; settings = {ASSET_TAGS = (); }; };
		AD347D1B1D3FDE1A00E91DDD /* DeviceTableViewCell.m in Sources */ = {isa = PBXBuildFile; fileRef = AD347D1A1D3FDE1A00E91DDD /* DeviceTableViewCell.m */; settings = {ASSET_TAGS = (); }; };
		AD347D1E1D3FDEEC00E91DDD /* SelectWatchViewController.m in Sources */ = {isa = PBXBuildFile; fileRef = AD347D1D1D3FDEEC00E91DDD /* SelectWatchViewController.m */; settings = {ASSET_TAGS = (); }; };
		AD6654541D490C110056632C /* SyncDeviceViewController.m in Sources */ = {isa = PBXBuildFile; fileRef = AD6654531D490C110056632C /* SyncDeviceViewController.m */; settings = {ASSET_TAGS = (); }; };
		AD6654571D490EC20056632C /* SearchDeviceViewController.m in Sources */ = {isa = PBXBuildFile; fileRef = AD6654561D490EC20056632C /* SearchDeviceViewController.m */; settings = {ASSET_TAGS = (); }; };
		AD7438231D4DD47100F5F9D2 /* JBChartTooltipTipView.m in Sources */ = {isa = PBXBuildFile; fileRef = AD7438201D4DD47100F5F9D2 /* JBChartTooltipTipView.m */; settings = {ASSET_TAGS = (); }; };
		AD7438241D4DD47100F5F9D2 /* JBChartTooltipView.m in Sources */ = {isa = PBXBuildFile; fileRef = AD7438221D4DD47100F5F9D2 /* JBChartTooltipView.m */; settings = {ASSET_TAGS = (); }; };
		AD7438271D4DD50C00F5F9D2 /* JBBaseChartViewController.m in Sources */ = {isa = PBXBuildFile; fileRef = AD7438261D4DD50C00F5F9D2 /* JBBaseChartViewController.m */; settings = {ASSET_TAGS = (); }; };
		AD74382A1D4DDD3600F5F9D2 /* WeatherViewController.m in Sources */ = {isa = PBXBuildFile; fileRef = AD7438291D4DDD3600F5F9D2 /* WeatherViewController.m */; settings = {ASSET_TAGS = (); }; };
		AD74382D1D4DE08000F5F9D2 /* WeatherContentViewController.m in Sources */ = {isa = PBXBuildFile; fileRef = AD74382C1D4DE08000F5F9D2 /* WeatherContentViewController.m */; settings = {ASSET_TAGS = (); }; };
		AD74D4DC1D4F90B5001F3B36 /* EventLabel.m in Sources */ = {isa = PBXBuildFile; fileRef = AD74D4DB1D4F90B5001F3B36 /* EventLabel.m */; settings = {ASSET_TAGS = (); }; };
		AD74D4DF1D4FA08E001F3B36 /* EventInfoViewController.m in Sources */ = {isa = PBXBuildFile; fileRef = AD74D4DE1D4FA08E001F3B36 /* EventInfoViewController.m */; settings = {ASSET_TAGS = (); }; };
		AD74D4E21D4FA750001F3B36 /* EventSelectTableViewCell.m in Sources */ = {isa = PBXBuildFile; fileRef = AD74D4E11D4FA750001F3B36 /* EventSelectTableViewCell.m */; settings = {ASSET_TAGS = (); }; };
		AD7797931D4C8D0600472B27 /* ProfileDeviceCell.m in Sources */ = {isa = PBXBuildFile; fileRef = AD7797921D4C8D0600472B27 /* ProfileDeviceCell.m */; settings = {ASSET_TAGS = (); }; };
		AD7797961D4C9B5200472B27 /* EditProfileViewController.m in Sources */ = {isa = PBXBuildFile; fileRef = AD7797951D4C9B5200472B27 /* EditProfileViewController.m */; settings = {ASSET_TAGS = (); }; };
		AD7797991D4CCFD200472B27 /* UnderlineTextField.m in Sources */ = {isa = PBXBuildFile; fileRef = AD7797981D4CCFD200472B27 /* UnderlineTextField.m */; settings = {ASSET_TAGS = (); }; };
		AD77979C1D4CE11B00472B27 /* CameraUtility.m in Sources */ = {isa = PBXBuildFile; fileRef = AD77979B1D4CE11B00472B27 /* CameraUtility.m */; settings = {ASSET_TAGS = (); }; };
		AD7797A01D4CF9C400472B27 /* ChartFooterView.m in Sources */ = {isa = PBXBuildFile; fileRef = AD77979F1D4CF9C400472B27 /* ChartFooterView.m */; settings = {ASSET_TAGS = (); }; };
		AD7797A31D4D034600472B27 /* ActivityViewController.m in Sources */ = {isa = PBXBuildFile; fileRef = AD7797A21D4D034600472B27 /* ActivityViewController.m */; settings = {ASSET_TAGS = (); }; };
		AD7797A61D4D085600472B27 /* ChartViewController.m in Sources */ = {isa = PBXBuildFile; fileRef = AD7797A51D4D085600472B27 /* ChartViewController.m */; settings = {ASSET_TAGS = (); }; };
		AD95A51B1D5243390047A0A2 /* SwingClientTest.m in Sources */ = {isa = PBXBuildFile; fileRef = AD95A51A1D5243390047A0A2 /* SwingClientTest.m */; settings = {ASSET_TAGS = (); }; };
		AD978D0C1D585EF000E59D2B /* MessageViewController.m in Sources */ = {isa = PBXBuildFile; fileRef = AD978D0B1D585EF000E59D2B /* MessageViewController.m */; settings = {ASSET_TAGS = (); }; };
		AD9B0D911D3BB935009FDD95 /* DashboardViewController.m in Sources */ = {isa = PBXBuildFile; fileRef = AD9B0D901D3BB935009FDD95 /* DashboardViewController.m */; settings = {ASSET_TAGS = (); }; };
		AD9B0D941D3BB947009FDD95 /* BatteryViewController.m in Sources */ = {isa = PBXBuildFile; fileRef = AD9B0D931D3BB947009FDD95 /* BatteryViewController.m */; settings = {ASSET_TAGS = (); }; };
		AD9B0D971D3BB954009FDD95 /* CalendarViewController.m in Sources */ = {isa = PBXBuildFile; fileRef = AD9B0D961D3BB954009FDD95 /* CalendarViewController.m */; settings = {ASSET_TAGS = (); }; };
		AD9B0D9A1D3BB964009FDD95 /* ProfileViewController.m in Sources */ = {isa = PBXBuildFile; fileRef = AD9B0D991D3BB964009FDD95 /* ProfileViewController.m */; settings = {ASSET_TAGS = (); }; };
		ADBC9BD31D578403007E4A2C /* JSONValueTransformer+UIColor.m in Sources */ = {isa = PBXBuildFile; fileRef = ADBC9BD21D578403007E4A2C /* JSONValueTransformer+UIColor.m */; settings = {ASSET_TAGS = (); }; };
		ADCED9E41D3D2BAC002E3F78 /* LoginedModel.m in Sources */ = {isa = PBXBuildFile; fileRef = ADCED9E31D3D2BAC002E3F78 /* LoginedModel.m */; settings = {ASSET_TAGS = (); }; };
		ADCED9E71D3D3C8B002E3F78 /* RegisterViewController.m in Sources */ = {isa = PBXBuildFile; fileRef = ADCED9E61D3D3C8B002E3F78 /* RegisterViewController.m */; settings = {ASSET_TAGS = (); }; };
		ADDCD3E81D4C4DA90031DC66 /* UVIndexViewController.m in Sources */ = {isa = PBXBuildFile; fileRef = ADDCD3E71D4C4DA90031DC66 /* UVIndexViewController.m */; settings = {ASSET_TAGS = (); }; };
		ADDCD3F31D4C54960031DC66 /* LoginFlow.storyboard in Resources */ = {isa = PBXBuildFile; fileRef = ADDCD3EE1D4C54960031DC66 /* LoginFlow.storyboard */; settings = {ASSET_TAGS = (); }; };
		ADDCD3F41D4C54960031DC66 /* MainTab.storyboard in Resources */ = {isa = PBXBuildFile; fileRef = ADDCD3EF1D4C54960031DC66 /* MainTab.storyboard */; settings = {ASSET_TAGS = (); }; };
		ADDCD3F51D4C54960031DC66 /* SyncDevice.storyboard in Resources */ = {isa = PBXBuildFile; fileRef = ADDCD3F01D4C54960031DC66 /* SyncDevice.storyboard */; settings = {ASSET_TAGS = (); }; };
		ADDCD3F81D4C557E0031DC66 /* UIFont+AvenirFont.m in Sources */ = {isa = PBXBuildFile; fileRef = ADDCD3F71D4C557E0031DC66 /* UIFont+AvenirFont.m */; settings = {ASSET_TAGS = (); }; };
		ADDCD3FB1D4C59F10031DC66 /* Avenir-bold.ttf in Resources */ = {isa = PBXBuildFile; fileRef = ADDCD3F91D4C59E10031DC66 /* Avenir-bold.ttf */; };
		ADDCD3FC1D4C59F10031DC66 /* Avenir-Book.otf in Resources */ = {isa = PBXBuildFile; fileRef = ADDCD3FA1D4C59E10031DC66 /* Avenir-Book.otf */; };
		ADE6ED8A1D4E229D00FFA573 /* MonthCalendarViewController.m in Sources */ = {isa = PBXBuildFile; fileRef = ADE6ED891D4E229D00FFA573 /* MonthCalendarViewController.m */; settings = {ASSET_TAGS = (); }; };
		ADE6ED8D1D4E355300FFA573 /* BaseCalendarViewController.m in Sources */ = {isa = PBXBuildFile; fileRef = ADE6ED8C1D4E355300FFA573 /* BaseCalendarViewController.m */; settings = {ASSET_TAGS = (); }; };
		ADE6ED901D4E3B7D00FFA573 /* DayCalendarViewController.m in Sources */ = {isa = PBXBuildFile; fileRef = ADE6ED8F1D4E3B7D00FFA573 /* DayCalendarViewController.m */; settings = {ASSET_TAGS = (); }; };
		ADE6ED941D4E415900FFA573 /* TimeLineView.m in Sources */ = {isa = PBXBuildFile; fileRef = ADE6ED931D4E415900FFA573 /* TimeLineView.m */; settings = {ASSET_TAGS = (); }; };
		ADE6ED971D4E538B00FFA573 /* EventModel.m in Sources */ = {isa = PBXBuildFile; fileRef = ADE6ED961D4E538B00FFA573 /* EventModel.m */; settings = {ASSET_TAGS = (); }; };
		ADE820731D54C26200E12768 /* JSONValueTransformer+NSDate.m in Sources */ = {isa = PBXBuildFile; fileRef = ADE820721D54C26200E12768 /* JSONValueTransformer+NSDate.m */; settings = {ASSET_TAGS = (); }; };
		ADE820761D54C62D00E12768 /* UserModel.m in Sources */ = {isa = PBXBuildFile; fileRef = ADE820751D54C62D00E12768 /* UserModel.m */; settings = {ASSET_TAGS = (); }; };
		ADE820791D54D99000E12768 /* WeartherModel.m in Sources */ = {isa = PBXBuildFile; fileRef = ADE820781D54D99000E12768 /* WeartherModel.m */; settings = {ASSET_TAGS = (); }; };
		ADE8207C1D54F08200E12768 /* MMLocationManager.m in Sources */ = {isa = PBXBuildFile; fileRef = ADE8207B1D54F08200E12768 /* MMLocationManager.m */; settings = {ASSET_TAGS = (); }; };
		ADE8207F1D54F0E100E12768 /* NSDictionary+MM.m in Sources */ = {isa = PBXBuildFile; fileRef = ADE8207E1D54F0E100E12768 /* NSDictionary+MM.m */; settings = {ASSET_TAGS = (); }; };
		ADEF31CC1D47856200BB6A9B /* KidBindViewController.m in Sources */ = {isa = PBXBuildFile; fileRef = ADEF31CB1D47856200BB6A9B /* KidBindViewController.m */; settings = {ASSET_TAGS = (); }; };
		ADEF31CF1D478D2B00BB6A9B /* BindReadyViewController.m in Sources */ = {isa = PBXBuildFile; fileRef = ADEF31CE1D478D2B00BB6A9B /* BindReadyViewController.m */; settings = {ASSET_TAGS = (); }; };
		ADEF31D21D478E9900BB6A9B /* RoundButton.m in Sources */ = {isa = PBXBuildFile; fileRef = ADEF31D11D478E9900BB6A9B /* RoundButton.m */; settings = {ASSET_TAGS = (); }; };
		ADEF31D61D47B04200BB6A9B /* VPImageCropperViewController.m in Sources */ = {isa = PBXBuildFile; fileRef = ADEF31D51D47B04200BB6A9B /* VPImageCropperViewController.m */; settings = {ASSET_TAGS = (); }; };
		ADF985531D50C4A200B02075 /* AddEventViewController.m in Sources */ = {isa = PBXBuildFile; fileRef = ADF985521D50C4A200B02075 /* AddEventViewController.m */; settings = {ASSET_TAGS = (); }; };
		ADF985561D50C64A00B02075 /* ToDoListView.m in Sources */ = {isa = PBXBuildFile; fileRef = ADF985551D50C64A00B02075 /* ToDoListView.m */; settings = {ASSET_TAGS = (); }; };
		ADF985591D50CBFC00B02075 /* DoItemLabel.m in Sources */ = {isa = PBXBuildFile; fileRef = ADF985581D50CBFC00B02075 /* DoItemLabel.m */; settings = {ASSET_TAGS = (); }; };
		ADF9855C1D50D27400B02075 /* ColorLabel.m in Sources */ = {isa = PBXBuildFile; fileRef = ADF9855B1D50D27400B02075 /* ColorLabel.m */; settings = {ASSET_TAGS = (); }; };
		ADFC2C2D1D369949004EDCDF /* main.m in Sources */ = {isa = PBXBuildFile; fileRef = ADFC2C2C1D369949004EDCDF /* main.m */; };
		ADFC2C301D369949004EDCDF /* AppDelegate.m in Sources */ = {isa = PBXBuildFile; fileRef = ADFC2C2F1D369949004EDCDF /* AppDelegate.m */; };
		ADFC2C3B1D369949004EDCDF /* Assets.xcassets in Resources */ = {isa = PBXBuildFile; fileRef = ADFC2C3A1D369949004EDCDF /* Assets.xcassets */; };
		DB7BDC5D8E60CBB192A098C4 /* libPods.a in Frameworks */ = {isa = PBXBuildFile; fileRef = AF5277BA1A108CEB33181FD8 /* libPods.a */; };
/* End PBXBuildFile section */

/* Begin PBXFileReference section */
		0A892F16F4220A9DEBE01E9D /* Pods.release.xcconfig */ = {isa = PBXFileReference; includeInIndex = 1; lastKnownFileType = text.xcconfig; name = Pods.release.xcconfig; path = "Pods/Target Support Files/Pods/Pods.release.xcconfig"; sourceTree = "<group>"; };
		AD05B5BB1D3BCAA4007BCF7C /* LoginViewController.h */ = {isa = PBXFileReference; fileEncoding = 4; lastKnownFileType = sourcecode.c.h; path = LoginViewController.h; sourceTree = "<group>"; };
		AD05B5BC1D3BCAA4007BCF7C /* LoginViewController.m */ = {isa = PBXFileReference; fileEncoding = 4; lastKnownFileType = sourcecode.c.objc; path = LoginViewController.m; sourceTree = "<group>"; };
		AD05B5BE1D3BD187007BCF7C /* SwingClient.h */ = {isa = PBXFileReference; fileEncoding = 4; lastKnownFileType = sourcecode.c.h; path = SwingClient.h; sourceTree = "<group>"; };
		AD05B5BF1D3BD187007BCF7C /* SwingClient.m */ = {isa = PBXFileReference; fileEncoding = 4; lastKnownFileType = sourcecode.c.objc; path = SwingClient.m; sourceTree = "<group>"; };
		AD0B81091D37EF7400F43E72 /* CommonDef.h */ = {isa = PBXFileReference; fileEncoding = 4; lastKnownFileType = sourcecode.c.h; path = CommonDef.h; sourceTree = "<group>"; };
		AD0B810A1D37EF7400F43E72 /* ControlFactory.h */ = {isa = PBXFileReference; fileEncoding = 4; lastKnownFileType = sourcecode.c.h; path = ControlFactory.h; sourceTree = "<group>"; };
		AD0B810B1D37EF7400F43E72 /* ControlFactory.m */ = {isa = PBXFileReference; fileEncoding = 4; lastKnownFileType = sourcecode.c.objc; path = ControlFactory.m; sourceTree = "<group>"; };
		AD0B810C1D37EF7400F43E72 /* Fun.h */ = {isa = PBXFileReference; fileEncoding = 4; lastKnownFileType = sourcecode.c.h; path = Fun.h; sourceTree = "<group>"; };
		AD0B810D1D37EF7400F43E72 /* Fun.m */ = {isa = PBXFileReference; fileEncoding = 4; lastKnownFileType = sourcecode.c.objc; path = Fun.m; sourceTree = "<group>"; };
		AD0B810E1D37EF7400F43E72 /* GlobalCache.h */ = {isa = PBXFileReference; fileEncoding = 4; lastKnownFileType = sourcecode.c.h; lineEnding = 0; path = GlobalCache.h; sourceTree = "<group>"; xcLanguageSpecificationIdentifier = xcode.lang.objcpp; };
		AD0B810F1D37EF7400F43E72 /* GlobalCache.m */ = {isa = PBXFileReference; fileEncoding = 4; lastKnownFileType = sourcecode.c.objc; lineEnding = 0; path = GlobalCache.m; sourceTree = "<group>"; xcLanguageSpecificationIdentifier = xcode.lang.objc; };
		AD0B81101D37EF7400F43E72 /* LMBaseTableViewController.h */ = {isa = PBXFileReference; fileEncoding = 4; lastKnownFileType = sourcecode.c.h; path = LMBaseTableViewController.h; sourceTree = "<group>"; };
		AD0B81111D37EF7400F43E72 /* LMBaseTableViewController.m */ = {isa = PBXFileReference; fileEncoding = 4; lastKnownFileType = sourcecode.c.objc; path = LMBaseTableViewController.m; sourceTree = "<group>"; };
		AD0B81121D37EF7400F43E72 /* LMBaseTableViewController2.h */ = {isa = PBXFileReference; fileEncoding = 4; lastKnownFileType = sourcecode.c.h; path = LMBaseTableViewController2.h; sourceTree = "<group>"; };
		AD0B81131D37EF7400F43E72 /* LMBaseTableViewController2.m */ = {isa = PBXFileReference; fileEncoding = 4; lastKnownFileType = sourcecode.c.objc; path = LMBaseTableViewController2.m; sourceTree = "<group>"; };
		AD0B81141D37EF7400F43E72 /* LMBaseViewController.h */ = {isa = PBXFileReference; fileEncoding = 4; lastKnownFileType = sourcecode.c.h; lineEnding = 0; path = LMBaseViewController.h; sourceTree = "<group>"; xcLanguageSpecificationIdentifier = xcode.lang.objcpp; };
		AD0B81151D37EF7400F43E72 /* LMBaseViewController.m */ = {isa = PBXFileReference; fileEncoding = 4; lastKnownFileType = sourcecode.c.objc; path = LMBaseViewController.m; sourceTree = "<group>"; };
		AD0B811D1D37EFEA00F43E72 /* LMTabBarController.h */ = {isa = PBXFileReference; fileEncoding = 4; lastKnownFileType = sourcecode.c.h; path = LMTabBarController.h; sourceTree = "<group>"; };
		AD0B811E1D37EFEA00F43E72 /* LMTabBarController.m */ = {isa = PBXFileReference; fileEncoding = 4; lastKnownFileType = sourcecode.c.objc; path = LMTabBarController.m; sourceTree = "<group>"; };
		AD0B81221D37F09900F43E72 /* SimpleLogger.h */ = {isa = PBXFileReference; fileEncoding = 4; lastKnownFileType = sourcecode.c.h; path = SimpleLogger.h; sourceTree = "<group>"; };
		AD0B81231D37F09900F43E72 /* SimpleLogger.m */ = {isa = PBXFileReference; fileEncoding = 4; lastKnownFileType = sourcecode.c.objc; path = SimpleLogger.m; sourceTree = "<group>"; };
		AD289A5C1D3FD0E800898F92 /* AskStepViewController.h */ = {isa = PBXFileReference; fileEncoding = 4; lastKnownFileType = sourcecode.c.h; lineEnding = 0; path = AskStepViewController.h; sourceTree = "<group>"; xcLanguageSpecificationIdentifier = xcode.lang.objcpp; };
		AD289A5D1D3FD0E800898F92 /* AskStepViewController.m */ = {isa = PBXFileReference; fileEncoding = 4; lastKnownFileType = sourcecode.c.objc; lineEnding = 0; path = AskStepViewController.m; sourceTree = "<group>"; xcLanguageSpecificationIdentifier = xcode.lang.objc; };
		AD2D338B1D5378AD005D9298 /* KidModel.h */ = {isa = PBXFileReference; fileEncoding = 4; lastKnownFileType = sourcecode.c.h; path = KidModel.h; sourceTree = "<group>"; };
		AD2D338C1D5378AD005D9298 /* KidModel.m */ = {isa = PBXFileReference; fileEncoding = 4; lastKnownFileType = sourcecode.c.objc; path = KidModel.m; sourceTree = "<group>"; };
		AD2D338E1D538418005D9298 /* ToDoModel.h */ = {isa = PBXFileReference; fileEncoding = 4; lastKnownFileType = sourcecode.c.h; path = ToDoModel.h; sourceTree = "<group>"; };
		AD2D338F1D538418005D9298 /* ToDoModel.m */ = {isa = PBXFileReference; fileEncoding = 4; lastKnownFileType = sourcecode.c.objc; path = ToDoModel.m; sourceTree = "<group>"; };
		AD347D151D3FD8DD00E91DDD /* SearchWatchViewController.h */ = {isa = PBXFileReference; fileEncoding = 4; lastKnownFileType = sourcecode.c.h; path = SearchWatchViewController.h; sourceTree = "<group>"; };
		AD347D161D3FD8DD00E91DDD /* SearchWatchViewController.m */ = {isa = PBXFileReference; fileEncoding = 4; lastKnownFileType = sourcecode.c.objc; path = SearchWatchViewController.m; sourceTree = "<group>"; };
		AD347D191D3FDE1A00E91DDD /* DeviceTableViewCell.h */ = {isa = PBXFileReference; fileEncoding = 4; lastKnownFileType = sourcecode.c.h; lineEnding = 0; path = DeviceTableViewCell.h; sourceTree = "<group>"; xcLanguageSpecificationIdentifier = xcode.lang.objcpp; };
		AD347D1A1D3FDE1A00E91DDD /* DeviceTableViewCell.m */ = {isa = PBXFileReference; fileEncoding = 4; lastKnownFileType = sourcecode.c.objc; lineEnding = 0; path = DeviceTableViewCell.m; sourceTree = "<group>"; xcLanguageSpecificationIdentifier = xcode.lang.objc; };
		AD347D1C1D3FDEEC00E91DDD /* SelectWatchViewController.h */ = {isa = PBXFileReference; fileEncoding = 4; lastKnownFileType = sourcecode.c.h; path = SelectWatchViewController.h; sourceTree = "<group>"; };
		AD347D1D1D3FDEEC00E91DDD /* SelectWatchViewController.m */ = {isa = PBXFileReference; fileEncoding = 4; lastKnownFileType = sourcecode.c.objc; path = SelectWatchViewController.m; sourceTree = "<group>"; };
		AD6654521D490C110056632C /* SyncDeviceViewController.h */ = {isa = PBXFileReference; fileEncoding = 4; lastKnownFileType = sourcecode.c.h; path = SyncDeviceViewController.h; sourceTree = "<group>"; };
		AD6654531D490C110056632C /* SyncDeviceViewController.m */ = {isa = PBXFileReference; fileEncoding = 4; lastKnownFileType = sourcecode.c.objc; path = SyncDeviceViewController.m; sourceTree = "<group>"; };
		AD6654551D490EC20056632C /* SearchDeviceViewController.h */ = {isa = PBXFileReference; fileEncoding = 4; lastKnownFileType = sourcecode.c.h; path = SearchDeviceViewController.h; sourceTree = "<group>"; };
		AD6654561D490EC20056632C /* SearchDeviceViewController.m */ = {isa = PBXFileReference; fileEncoding = 4; lastKnownFileType = sourcecode.c.objc; path = SearchDeviceViewController.m; sourceTree = "<group>"; };
		AD74381F1D4DD47100F5F9D2 /* JBChartTooltipTipView.h */ = {isa = PBXFileReference; fileEncoding = 4; lastKnownFileType = sourcecode.c.h; path = JBChartTooltipTipView.h; sourceTree = "<group>"; };
		AD7438201D4DD47100F5F9D2 /* JBChartTooltipTipView.m */ = {isa = PBXFileReference; fileEncoding = 4; lastKnownFileType = sourcecode.c.objc; path = JBChartTooltipTipView.m; sourceTree = "<group>"; };
		AD7438211D4DD47100F5F9D2 /* JBChartTooltipView.h */ = {isa = PBXFileReference; fileEncoding = 4; lastKnownFileType = sourcecode.c.h; path = JBChartTooltipView.h; sourceTree = "<group>"; };
		AD7438221D4DD47100F5F9D2 /* JBChartTooltipView.m */ = {isa = PBXFileReference; fileEncoding = 4; lastKnownFileType = sourcecode.c.objc; path = JBChartTooltipView.m; sourceTree = "<group>"; };
		AD7438251D4DD50C00F5F9D2 /* JBBaseChartViewController.h */ = {isa = PBXFileReference; fileEncoding = 4; lastKnownFileType = sourcecode.c.h; path = JBBaseChartViewController.h; sourceTree = "<group>"; };
		AD7438261D4DD50C00F5F9D2 /* JBBaseChartViewController.m */ = {isa = PBXFileReference; fileEncoding = 4; lastKnownFileType = sourcecode.c.objc; path = JBBaseChartViewController.m; sourceTree = "<group>"; };
		AD7438281D4DDD3600F5F9D2 /* WeatherViewController.h */ = {isa = PBXFileReference; fileEncoding = 4; lastKnownFileType = sourcecode.c.h; path = WeatherViewController.h; sourceTree = "<group>"; };
		AD7438291D4DDD3600F5F9D2 /* WeatherViewController.m */ = {isa = PBXFileReference; fileEncoding = 4; lastKnownFileType = sourcecode.c.objc; path = WeatherViewController.m; sourceTree = "<group>"; };
		AD74382B1D4DE08000F5F9D2 /* WeatherContentViewController.h */ = {isa = PBXFileReference; fileEncoding = 4; lastKnownFileType = sourcecode.c.h; path = WeatherContentViewController.h; sourceTree = "<group>"; };
		AD74382C1D4DE08000F5F9D2 /* WeatherContentViewController.m */ = {isa = PBXFileReference; fileEncoding = 4; lastKnownFileType = sourcecode.c.objc; path = WeatherContentViewController.m; sourceTree = "<group>"; };
		AD74D4DA1D4F90B5001F3B36 /* EventLabel.h */ = {isa = PBXFileReference; fileEncoding = 4; lastKnownFileType = sourcecode.c.h; path = EventLabel.h; sourceTree = "<group>"; };
		AD74D4DB1D4F90B5001F3B36 /* EventLabel.m */ = {isa = PBXFileReference; fileEncoding = 4; lastKnownFileType = sourcecode.c.objc; path = EventLabel.m; sourceTree = "<group>"; };
		AD74D4DD1D4FA08E001F3B36 /* EventInfoViewController.h */ = {isa = PBXFileReference; fileEncoding = 4; lastKnownFileType = sourcecode.c.h; path = EventInfoViewController.h; sourceTree = "<group>"; };
		AD74D4DE1D4FA08E001F3B36 /* EventInfoViewController.m */ = {isa = PBXFileReference; fileEncoding = 4; lastKnownFileType = sourcecode.c.objc; path = EventInfoViewController.m; sourceTree = "<group>"; };
		AD74D4E01D4FA750001F3B36 /* EventSelectTableViewCell.h */ = {isa = PBXFileReference; fileEncoding = 4; lastKnownFileType = sourcecode.c.h; path = EventSelectTableViewCell.h; sourceTree = "<group>"; };
		AD74D4E11D4FA750001F3B36 /* EventSelectTableViewCell.m */ = {isa = PBXFileReference; fileEncoding = 4; lastKnownFileType = sourcecode.c.objc; path = EventSelectTableViewCell.m; sourceTree = "<group>"; };
		AD7797911D4C8D0600472B27 /* ProfileDeviceCell.h */ = {isa = PBXFileReference; fileEncoding = 4; lastKnownFileType = sourcecode.c.h; path = ProfileDeviceCell.h; sourceTree = "<group>"; };
		AD7797921D4C8D0600472B27 /* ProfileDeviceCell.m */ = {isa = PBXFileReference; fileEncoding = 4; lastKnownFileType = sourcecode.c.objc; path = ProfileDeviceCell.m; sourceTree = "<group>"; };
		AD7797941D4C9B5200472B27 /* EditProfileViewController.h */ = {isa = PBXFileReference; fileEncoding = 4; lastKnownFileType = sourcecode.c.h; path = EditProfileViewController.h; sourceTree = "<group>"; };
		AD7797951D4C9B5200472B27 /* EditProfileViewController.m */ = {isa = PBXFileReference; fileEncoding = 4; lastKnownFileType = sourcecode.c.objc; path = EditProfileViewController.m; sourceTree = "<group>"; };
		AD7797971D4CCFD200472B27 /* UnderlineTextField.h */ = {isa = PBXFileReference; fileEncoding = 4; lastKnownFileType = sourcecode.c.h; path = UnderlineTextField.h; sourceTree = "<group>"; };
		AD7797981D4CCFD200472B27 /* UnderlineTextField.m */ = {isa = PBXFileReference; fileEncoding = 4; lastKnownFileType = sourcecode.c.objc; path = UnderlineTextField.m; sourceTree = "<group>"; };
		AD77979A1D4CE11B00472B27 /* CameraUtility.h */ = {isa = PBXFileReference; fileEncoding = 4; lastKnownFileType = sourcecode.c.h; path = CameraUtility.h; sourceTree = "<group>"; };
		AD77979B1D4CE11B00472B27 /* CameraUtility.m */ = {isa = PBXFileReference; fileEncoding = 4; lastKnownFileType = sourcecode.c.objc; path = CameraUtility.m; sourceTree = "<group>"; };
		AD77979E1D4CF9C400472B27 /* ChartFooterView.h */ = {isa = PBXFileReference; fileEncoding = 4; lastKnownFileType = sourcecode.c.h; path = ChartFooterView.h; sourceTree = "<group>"; };
		AD77979F1D4CF9C400472B27 /* ChartFooterView.m */ = {isa = PBXFileReference; fileEncoding = 4; lastKnownFileType = sourcecode.c.objc; path = ChartFooterView.m; sourceTree = "<group>"; };
		AD7797A11D4D034600472B27 /* ActivityViewController.h */ = {isa = PBXFileReference; fileEncoding = 4; lastKnownFileType = sourcecode.c.h; path = ActivityViewController.h; sourceTree = "<group>"; };
		AD7797A21D4D034600472B27 /* ActivityViewController.m */ = {isa = PBXFileReference; fileEncoding = 4; lastKnownFileType = sourcecode.c.objc; path = ActivityViewController.m; sourceTree = "<group>"; };
		AD7797A41D4D085600472B27 /* ChartViewController.h */ = {isa = PBXFileReference; fileEncoding = 4; lastKnownFileType = sourcecode.c.h; path = ChartViewController.h; sourceTree = "<group>"; };
		AD7797A51D4D085600472B27 /* ChartViewController.m */ = {isa = PBXFileReference; fileEncoding = 4; lastKnownFileType = sourcecode.c.objc; path = ChartViewController.m; sourceTree = "<group>"; };
		AD95A5191D5243390047A0A2 /* SwingClientTest.h */ = {isa = PBXFileReference; fileEncoding = 4; lastKnownFileType = sourcecode.c.h; path = SwingClientTest.h; sourceTree = "<group>"; };
		AD95A51A1D5243390047A0A2 /* SwingClientTest.m */ = {isa = PBXFileReference; fileEncoding = 4; lastKnownFileType = sourcecode.c.objc; path = SwingClientTest.m; sourceTree = "<group>"; };
		AD978D0A1D585EF000E59D2B /* MessageViewController.h */ = {isa = PBXFileReference; fileEncoding = 4; lastKnownFileType = sourcecode.c.h; path = MessageViewController.h; sourceTree = "<group>"; };
		AD978D0B1D585EF000E59D2B /* MessageViewController.m */ = {isa = PBXFileReference; fileEncoding = 4; lastKnownFileType = sourcecode.c.objc; path = MessageViewController.m; sourceTree = "<group>"; };
		AD9B0D8F1D3BB935009FDD95 /* DashboardViewController.h */ = {isa = PBXFileReference; fileEncoding = 4; lastKnownFileType = sourcecode.c.h; lineEnding = 0; path = DashboardViewController.h; sourceTree = "<group>"; xcLanguageSpecificationIdentifier = xcode.lang.objcpp; };
		AD9B0D901D3BB935009FDD95 /* DashboardViewController.m */ = {isa = PBXFileReference; fileEncoding = 4; lastKnownFileType = sourcecode.c.objc; lineEnding = 0; path = DashboardViewController.m; sourceTree = "<group>"; xcLanguageSpecificationIdentifier = xcode.lang.objc; };
		AD9B0D921D3BB947009FDD95 /* BatteryViewController.h */ = {isa = PBXFileReference; fileEncoding = 4; lastKnownFileType = sourcecode.c.h; lineEnding = 0; path = BatteryViewController.h; sourceTree = "<group>"; xcLanguageSpecificationIdentifier = xcode.lang.objcpp; };
		AD9B0D931D3BB947009FDD95 /* BatteryViewController.m */ = {isa = PBXFileReference; fileEncoding = 4; lastKnownFileType = sourcecode.c.objc; lineEnding = 0; path = BatteryViewController.m; sourceTree = "<group>"; xcLanguageSpecificationIdentifier = xcode.lang.objc; };
		AD9B0D951D3BB954009FDD95 /* CalendarViewController.h */ = {isa = PBXFileReference; fileEncoding = 4; lastKnownFileType = sourcecode.c.h; lineEnding = 0; path = CalendarViewController.h; sourceTree = "<group>"; xcLanguageSpecificationIdentifier = xcode.lang.objcpp; };
		AD9B0D961D3BB954009FDD95 /* CalendarViewController.m */ = {isa = PBXFileReference; fileEncoding = 4; lastKnownFileType = sourcecode.c.objc; lineEnding = 0; path = CalendarViewController.m; sourceTree = "<group>"; xcLanguageSpecificationIdentifier = xcode.lang.objc; };
		AD9B0D981D3BB964009FDD95 /* ProfileViewController.h */ = {isa = PBXFileReference; fileEncoding = 4; lastKnownFileType = sourcecode.c.h; path = ProfileViewController.h; sourceTree = "<group>"; };
		AD9B0D991D3BB964009FDD95 /* ProfileViewController.m */ = {isa = PBXFileReference; fileEncoding = 4; lastKnownFileType = sourcecode.c.objc; path = ProfileViewController.m; sourceTree = "<group>"; };
		ADBC9BD11D578403007E4A2C /* JSONValueTransformer+UIColor.h */ = {isa = PBXFileReference; fileEncoding = 4; lastKnownFileType = sourcecode.c.h; path = "JSONValueTransformer+UIColor.h"; sourceTree = "<group>"; };
		ADBC9BD21D578403007E4A2C /* JSONValueTransformer+UIColor.m */ = {isa = PBXFileReference; fileEncoding = 4; lastKnownFileType = sourcecode.c.objc; path = "JSONValueTransformer+UIColor.m"; sourceTree = "<group>"; };
		ADCED9E21D3D2BAC002E3F78 /* LoginedModel.h */ = {isa = PBXFileReference; fileEncoding = 4; lastKnownFileType = sourcecode.c.h; path = LoginedModel.h; sourceTree = "<group>"; };
		ADCED9E31D3D2BAC002E3F78 /* LoginedModel.m */ = {isa = PBXFileReference; fileEncoding = 4; lastKnownFileType = sourcecode.c.objc; path = LoginedModel.m; sourceTree = "<group>"; };
		ADCED9E51D3D3C8B002E3F78 /* RegisterViewController.h */ = {isa = PBXFileReference; fileEncoding = 4; lastKnownFileType = sourcecode.c.h; path = RegisterViewController.h; sourceTree = "<group>"; };
		ADCED9E61D3D3C8B002E3F78 /* RegisterViewController.m */ = {isa = PBXFileReference; fileEncoding = 4; lastKnownFileType = sourcecode.c.objc; path = RegisterViewController.m; sourceTree = "<group>"; };
		ADDCD3E61D4C4DA90031DC66 /* UVIndexViewController.h */ = {isa = PBXFileReference; fileEncoding = 4; lastKnownFileType = sourcecode.c.h; path = UVIndexViewController.h; sourceTree = "<group>"; };
		ADDCD3E71D4C4DA90031DC66 /* UVIndexViewController.m */ = {isa = PBXFileReference; fileEncoding = 4; lastKnownFileType = sourcecode.c.objc; path = UVIndexViewController.m; sourceTree = "<group>"; };
		ADDCD3EE1D4C54960031DC66 /* LoginFlow.storyboard */ = {isa = PBXFileReference; fileEncoding = 4; lastKnownFileType = file.storyboard; path = LoginFlow.storyboard; sourceTree = "<group>"; };
		ADDCD3EF1D4C54960031DC66 /* MainTab.storyboard */ = {isa = PBXFileReference; fileEncoding = 4; lastKnownFileType = file.storyboard; path = MainTab.storyboard; sourceTree = "<group>"; };
		ADDCD3F01D4C54960031DC66 /* SyncDevice.storyboard */ = {isa = PBXFileReference; fileEncoding = 4; lastKnownFileType = file.storyboard; path = SyncDevice.storyboard; sourceTree = "<group>"; };
		ADDCD3F61D4C557E0031DC66 /* UIFont+AvenirFont.h */ = {isa = PBXFileReference; fileEncoding = 4; lastKnownFileType = sourcecode.c.h; path = "UIFont+AvenirFont.h"; sourceTree = "<group>"; };
		ADDCD3F71D4C557E0031DC66 /* UIFont+AvenirFont.m */ = {isa = PBXFileReference; fileEncoding = 4; lastKnownFileType = sourcecode.c.objc; path = "UIFont+AvenirFont.m"; sourceTree = "<group>"; };
		ADDCD3F91D4C59E10031DC66 /* Avenir-bold.ttf */ = {isa = PBXFileReference; lastKnownFileType = file; path = "Avenir-bold.ttf"; sourceTree = "<group>"; };
		ADDCD3FA1D4C59E10031DC66 /* Avenir-Book.otf */ = {isa = PBXFileReference; lastKnownFileType = file; path = "Avenir-Book.otf"; sourceTree = "<group>"; };
		ADE6ED881D4E229D00FFA573 /* MonthCalendarViewController.h */ = {isa = PBXFileReference; fileEncoding = 4; lastKnownFileType = sourcecode.c.h; path = MonthCalendarViewController.h; sourceTree = "<group>"; };
		ADE6ED891D4E229D00FFA573 /* MonthCalendarViewController.m */ = {isa = PBXFileReference; fileEncoding = 4; lastKnownFileType = sourcecode.c.objc; path = MonthCalendarViewController.m; sourceTree = "<group>"; };
		ADE6ED8B1D4E355300FFA573 /* BaseCalendarViewController.h */ = {isa = PBXFileReference; fileEncoding = 4; lastKnownFileType = sourcecode.c.h; path = BaseCalendarViewController.h; sourceTree = "<group>"; };
		ADE6ED8C1D4E355300FFA573 /* BaseCalendarViewController.m */ = {isa = PBXFileReference; fileEncoding = 4; lastKnownFileType = sourcecode.c.objc; path = BaseCalendarViewController.m; sourceTree = "<group>"; };
		ADE6ED8E1D4E3B7D00FFA573 /* DayCalendarViewController.h */ = {isa = PBXFileReference; fileEncoding = 4; lastKnownFileType = sourcecode.c.h; path = DayCalendarViewController.h; sourceTree = "<group>"; };
		ADE6ED8F1D4E3B7D00FFA573 /* DayCalendarViewController.m */ = {isa = PBXFileReference; fileEncoding = 4; lastKnownFileType = sourcecode.c.objc; path = DayCalendarViewController.m; sourceTree = "<group>"; };
		ADE6ED921D4E415900FFA573 /* TimeLineView.h */ = {isa = PBXFileReference; fileEncoding = 4; lastKnownFileType = sourcecode.c.h; path = TimeLineView.h; sourceTree = "<group>"; };
		ADE6ED931D4E415900FFA573 /* TimeLineView.m */ = {isa = PBXFileReference; fileEncoding = 4; lastKnownFileType = sourcecode.c.objc; path = TimeLineView.m; sourceTree = "<group>"; };
		ADE6ED951D4E538B00FFA573 /* EventModel.h */ = {isa = PBXFileReference; fileEncoding = 4; lastKnownFileType = sourcecode.c.h; path = EventModel.h; sourceTree = "<group>"; };
		ADE6ED961D4E538B00FFA573 /* EventModel.m */ = {isa = PBXFileReference; fileEncoding = 4; lastKnownFileType = sourcecode.c.objc; path = EventModel.m; sourceTree = "<group>"; };
		ADE820711D54C26200E12768 /* JSONValueTransformer+NSDate.h */ = {isa = PBXFileReference; fileEncoding = 4; lastKnownFileType = sourcecode.c.h; path = "JSONValueTransformer+NSDate.h"; sourceTree = "<group>"; };
		ADE820721D54C26200E12768 /* JSONValueTransformer+NSDate.m */ = {isa = PBXFileReference; fileEncoding = 4; lastKnownFileType = sourcecode.c.objc; path = "JSONValueTransformer+NSDate.m"; sourceTree = "<group>"; };
		ADE820741D54C62D00E12768 /* UserModel.h */ = {isa = PBXFileReference; fileEncoding = 4; lastKnownFileType = sourcecode.c.h; path = UserModel.h; sourceTree = "<group>"; };
		ADE820751D54C62D00E12768 /* UserModel.m */ = {isa = PBXFileReference; fileEncoding = 4; lastKnownFileType = sourcecode.c.objc; path = UserModel.m; sourceTree = "<group>"; };
		ADE820771D54D99000E12768 /* WeartherModel.h */ = {isa = PBXFileReference; fileEncoding = 4; lastKnownFileType = sourcecode.c.h; path = WeartherModel.h; sourceTree = "<group>"; };
		ADE820781D54D99000E12768 /* WeartherModel.m */ = {isa = PBXFileReference; fileEncoding = 4; lastKnownFileType = sourcecode.c.objc; path = WeartherModel.m; sourceTree = "<group>"; };
		ADE8207A1D54F08200E12768 /* MMLocationManager.h */ = {isa = PBXFileReference; fileEncoding = 4; lastKnownFileType = sourcecode.c.h; path = MMLocationManager.h; sourceTree = "<group>"; };
		ADE8207B1D54F08200E12768 /* MMLocationManager.m */ = {isa = PBXFileReference; fileEncoding = 4; lastKnownFileType = sourcecode.c.objc; path = MMLocationManager.m; sourceTree = "<group>"; };
		ADE8207D1D54F0E100E12768 /* NSDictionary+MM.h */ = {isa = PBXFileReference; fileEncoding = 4; lastKnownFileType = sourcecode.c.h; path = "NSDictionary+MM.h"; sourceTree = "<group>"; };
		ADE8207E1D54F0E100E12768 /* NSDictionary+MM.m */ = {isa = PBXFileReference; fileEncoding = 4; lastKnownFileType = sourcecode.c.objc; path = "NSDictionary+MM.m"; sourceTree = "<group>"; };
		ADEF31CA1D47856200BB6A9B /* KidBindViewController.h */ = {isa = PBXFileReference; fileEncoding = 4; lastKnownFileType = sourcecode.c.h; lineEnding = 0; path = KidBindViewController.h; sourceTree = "<group>"; xcLanguageSpecificationIdentifier = xcode.lang.objcpp; };
		ADEF31CB1D47856200BB6A9B /* KidBindViewController.m */ = {isa = PBXFileReference; fileEncoding = 4; lastKnownFileType = sourcecode.c.objc; lineEnding = 0; path = KidBindViewController.m; sourceTree = "<group>"; xcLanguageSpecificationIdentifier = xcode.lang.objc; };
		ADEF31CD1D478D2B00BB6A9B /* BindReadyViewController.h */ = {isa = PBXFileReference; fileEncoding = 4; lastKnownFileType = sourcecode.c.h; lineEnding = 0; path = BindReadyViewController.h; sourceTree = "<group>"; xcLanguageSpecificationIdentifier = xcode.lang.objcpp; };
		ADEF31CE1D478D2B00BB6A9B /* BindReadyViewController.m */ = {isa = PBXFileReference; fileEncoding = 4; lastKnownFileType = sourcecode.c.objc; lineEnding = 0; path = BindReadyViewController.m; sourceTree = "<group>"; xcLanguageSpecificationIdentifier = xcode.lang.objc; };
		ADEF31D01D478E9900BB6A9B /* RoundButton.h */ = {isa = PBXFileReference; fileEncoding = 4; lastKnownFileType = sourcecode.c.h; path = RoundButton.h; sourceTree = "<group>"; };
		ADEF31D11D478E9900BB6A9B /* RoundButton.m */ = {isa = PBXFileReference; fileEncoding = 4; lastKnownFileType = sourcecode.c.objc; path = RoundButton.m; sourceTree = "<group>"; };
		ADEF31D41D47B04200BB6A9B /* VPImageCropperViewController.h */ = {isa = PBXFileReference; fileEncoding = 4; lastKnownFileType = sourcecode.c.h; path = VPImageCropperViewController.h; sourceTree = "<group>"; };
		ADEF31D51D47B04200BB6A9B /* VPImageCropperViewController.m */ = {isa = PBXFileReference; fileEncoding = 4; lastKnownFileType = sourcecode.c.objc; path = VPImageCropperViewController.m; sourceTree = "<group>"; };
		ADF985511D50C4A200B02075 /* AddEventViewController.h */ = {isa = PBXFileReference; fileEncoding = 4; lastKnownFileType = sourcecode.c.h; path = AddEventViewController.h; sourceTree = "<group>"; };
		ADF985521D50C4A200B02075 /* AddEventViewController.m */ = {isa = PBXFileReference; fileEncoding = 4; lastKnownFileType = sourcecode.c.objc; path = AddEventViewController.m; sourceTree = "<group>"; };
		ADF985541D50C64A00B02075 /* ToDoListView.h */ = {isa = PBXFileReference; fileEncoding = 4; lastKnownFileType = sourcecode.c.h; path = ToDoListView.h; sourceTree = "<group>"; };
		ADF985551D50C64A00B02075 /* ToDoListView.m */ = {isa = PBXFileReference; fileEncoding = 4; lastKnownFileType = sourcecode.c.objc; path = ToDoListView.m; sourceTree = "<group>"; };
		ADF985571D50CBFC00B02075 /* DoItemLabel.h */ = {isa = PBXFileReference; fileEncoding = 4; lastKnownFileType = sourcecode.c.h; path = DoItemLabel.h; sourceTree = "<group>"; };
		ADF985581D50CBFC00B02075 /* DoItemLabel.m */ = {isa = PBXFileReference; fileEncoding = 4; lastKnownFileType = sourcecode.c.objc; path = DoItemLabel.m; sourceTree = "<group>"; };
		ADF9855A1D50D27400B02075 /* ColorLabel.h */ = {isa = PBXFileReference; fileEncoding = 4; lastKnownFileType = sourcecode.c.h; path = ColorLabel.h; sourceTree = "<group>"; };
		ADF9855B1D50D27400B02075 /* ColorLabel.m */ = {isa = PBXFileReference; fileEncoding = 4; lastKnownFileType = sourcecode.c.objc; path = ColorLabel.m; sourceTree = "<group>"; };
		ADFC2C281D369949004EDCDF /* Swing.app */ = {isa = PBXFileReference; explicitFileType = wrapper.application; includeInIndex = 0; path = Swing.app; sourceTree = BUILT_PRODUCTS_DIR; };
		ADFC2C2C1D369949004EDCDF /* main.m */ = {isa = PBXFileReference; lastKnownFileType = sourcecode.c.objc; path = main.m; sourceTree = "<group>"; };
		ADFC2C2E1D369949004EDCDF /* AppDelegate.h */ = {isa = PBXFileReference; lastKnownFileType = sourcecode.c.h; lineEnding = 0; path = AppDelegate.h; sourceTree = "<group>"; xcLanguageSpecificationIdentifier = xcode.lang.objcpp; };
		ADFC2C2F1D369949004EDCDF /* AppDelegate.m */ = {isa = PBXFileReference; lastKnownFileType = sourcecode.c.objc; lineEnding = 0; path = AppDelegate.m; sourceTree = "<group>"; xcLanguageSpecificationIdentifier = xcode.lang.objc; };
		ADFC2C3A1D369949004EDCDF /* Assets.xcassets */ = {isa = PBXFileReference; lastKnownFileType = folder.assetcatalog; path = Assets.xcassets; sourceTree = "<group>"; };
		ADFC2C3F1D369949004EDCDF /* Info.plist */ = {isa = PBXFileReference; lastKnownFileType = text.plist.xml; path = Info.plist; sourceTree = "<group>"; };
		AF5277BA1A108CEB33181FD8 /* libPods.a */ = {isa = PBXFileReference; explicitFileType = archive.ar; includeInIndex = 0; path = libPods.a; sourceTree = BUILT_PRODUCTS_DIR; };
		DFF59BBE3C4093767FA3DA40 /* Pods.debug.xcconfig */ = {isa = PBXFileReference; includeInIndex = 1; lastKnownFileType = text.xcconfig; name = Pods.debug.xcconfig; path = "Pods/Target Support Files/Pods/Pods.debug.xcconfig"; sourceTree = "<group>"; };
/* End PBXFileReference section */

/* Begin PBXFrameworksBuildPhase section */
		ADFC2C251D369949004EDCDF /* Frameworks */ = {
			isa = PBXFrameworksBuildPhase;
			buildActionMask = 2147483647;
			files = (
				DB7BDC5D8E60CBB192A098C4 /* libPods.a in Frameworks */,
			);
			runOnlyForDeploymentPostprocessing = 0;
		};
/* End PBXFrameworksBuildPhase section */

/* Begin PBXGroup section */
		02DA3E82FD1D5C05D00D51E2 /* Frameworks */ = {
			isa = PBXGroup;
			children = (
				AF5277BA1A108CEB33181FD8 /* libPods.a */,
			);
			name = Frameworks;
			sourceTree = "<group>";
		};
		AD0B81061D37EF7400F43E72 /* C */ = {
			isa = PBXGroup;
			children = (
				AD978D091D585ED300E59D2B /* Message */,
				AD9B0D9B1D3BB97C009FDD95 /* Login */,
				AD6654511D490BD00056632C /* Sync */,
				AD9B0D8B1D3BB89E009FDD95 /* Battery */,
				AD9B0D8C1D3BB89E009FDD95 /* Calendar */,
				AD9B0D8D1D3BB89E009FDD95 /* Dashboard */,
				AD9B0D8E1D3BB89E009FDD95 /* Profile */,
				AD0B811D1D37EFEA00F43E72 /* LMTabBarController.h */,
				AD0B811E1D37EFEA00F43E72 /* LMTabBarController.m */,
			);
			path = C;
			sourceTree = "<group>";
		};
		AD0B81071D37EF7400F43E72 /* M */ = {
			isa = PBXGroup;
			children = (
				ADBC9BD11D578403007E4A2C /* JSONValueTransformer+UIColor.h */,
				ADBC9BD21D578403007E4A2C /* JSONValueTransformer+UIColor.m */,
				AD05B5BE1D3BD187007BCF7C /* SwingClient.h */,
				AD05B5BF1D3BD187007BCF7C /* SwingClient.m */,
				AD95A5191D5243390047A0A2 /* SwingClientTest.h */,
				AD95A51A1D5243390047A0A2 /* SwingClientTest.m */,
				ADCED9E21D3D2BAC002E3F78 /* LoginedModel.h */,
				ADCED9E31D3D2BAC002E3F78 /* LoginedModel.m */,
				ADE6ED951D4E538B00FFA573 /* EventModel.h */,
				ADE6ED961D4E538B00FFA573 /* EventModel.m */,
				AD2D338B1D5378AD005D9298 /* KidModel.h */,
				AD2D338C1D5378AD005D9298 /* KidModel.m */,
				AD2D338E1D538418005D9298 /* ToDoModel.h */,
				AD2D338F1D538418005D9298 /* ToDoModel.m */,
				ADE820711D54C26200E12768 /* JSONValueTransformer+NSDate.h */,
				ADE820721D54C26200E12768 /* JSONValueTransformer+NSDate.m */,
				ADE820741D54C62D00E12768 /* UserModel.h */,
				ADE820751D54C62D00E12768 /* UserModel.m */,
				ADE820771D54D99000E12768 /* WeartherModel.h */,
				ADE820781D54D99000E12768 /* WeartherModel.m */,
			);
			path = M;
			sourceTree = "<group>";
		};
		AD0B81081D37EF7400F43E72 /* Utils */ = {
			isa = PBXGroup;
			children = (
				ADDCD3F61D4C557E0031DC66 /* UIFont+AvenirFont.h */,
				ADDCD3F71D4C557E0031DC66 /* UIFont+AvenirFont.m */,
				AD0B81091D37EF7400F43E72 /* CommonDef.h */,
				AD0B810A1D37EF7400F43E72 /* ControlFactory.h */,
				AD0B810B1D37EF7400F43E72 /* ControlFactory.m */,
				AD0B810C1D37EF7400F43E72 /* Fun.h */,
				AD0B810D1D37EF7400F43E72 /* Fun.m */,
				AD0B810E1D37EF7400F43E72 /* GlobalCache.h */,
				AD0B810F1D37EF7400F43E72 /* GlobalCache.m */,
				AD0B81101D37EF7400F43E72 /* LMBaseTableViewController.h */,
				AD0B81111D37EF7400F43E72 /* LMBaseTableViewController.m */,
				AD0B81121D37EF7400F43E72 /* LMBaseTableViewController2.h */,
				AD0B81131D37EF7400F43E72 /* LMBaseTableViewController2.m */,
				AD0B81141D37EF7400F43E72 /* LMBaseViewController.h */,
				AD0B81151D37EF7400F43E72 /* LMBaseViewController.m */,
				AD77979A1D4CE11B00472B27 /* CameraUtility.h */,
				AD77979B1D4CE11B00472B27 /* CameraUtility.m */,
			);
			path = Utils;
			sourceTree = "<group>";
		};
		AD0B81161D37EF7400F43E72 /* V */ = {
			isa = PBXGroup;
			children = (
				ADE6ED911D4E413E00FFA573 /* Calendar */,
				AD77979D1D4CF90C00472B27 /* Dashboard */,
				AD7797901D4C8CF900472B27 /* Profile */,
				AD347D181D3FDDF700E91DDD /* Login */,
				ADEF31D01D478E9900BB6A9B /* RoundButton.h */,
				ADEF31D11D478E9900BB6A9B /* RoundButton.m */,
			);
			path = V;
			sourceTree = "<group>";
		};
		AD0B81201D37F09900F43E72 /* ThirdPart */ = {
			isa = PBXGroup;
			children = (
				ADE8207D1D54F0E100E12768 /* NSDictionary+MM.h */,
				ADE8207E1D54F0E100E12768 /* NSDictionary+MM.m */,
				ADE8207A1D54F08200E12768 /* MMLocationManager.h */,
				ADE8207B1D54F08200E12768 /* MMLocationManager.m */,
				ADEF31D31D47B04200BB6A9B /* VPImageCropper */,
				AD0B81211D37F09900F43E72 /* Logger */,
			);
			path = ThirdPart;
			sourceTree = "<group>";
		};
		AD0B81211D37F09900F43E72 /* Logger */ = {
			isa = PBXGroup;
			children = (
				AD0B81221D37F09900F43E72 /* SimpleLogger.h */,
				AD0B81231D37F09900F43E72 /* SimpleLogger.m */,
			);
			path = Logger;
			sourceTree = "<group>";
		};
		AD347D181D3FDDF700E91DDD /* Login */ = {
			isa = PBXGroup;
			children = (
				AD347D191D3FDE1A00E91DDD /* DeviceTableViewCell.h */,
				AD347D1A1D3FDE1A00E91DDD /* DeviceTableViewCell.m */,
			);
			path = Login;
			sourceTree = "<group>";
		};
		AD6654511D490BD00056632C /* Sync */ = {
			isa = PBXGroup;
			children = (
				AD6654521D490C110056632C /* SyncDeviceViewController.h */,
				AD6654531D490C110056632C /* SyncDeviceViewController.m */,
				AD6654551D490EC20056632C /* SearchDeviceViewController.h */,
				AD6654561D490EC20056632C /* SearchDeviceViewController.m */,
			);
			path = Sync;
			sourceTree = "<group>";
		};
		AD7797901D4C8CF900472B27 /* Profile */ = {
			isa = PBXGroup;
			children = (
				AD7797911D4C8D0600472B27 /* ProfileDeviceCell.h */,
				AD7797921D4C8D0600472B27 /* ProfileDeviceCell.m */,
				AD7797971D4CCFD200472B27 /* UnderlineTextField.h */,
				AD7797981D4CCFD200472B27 /* UnderlineTextField.m */,
			);
			path = Profile;
			sourceTree = "<group>";
		};
		AD77979D1D4CF90C00472B27 /* Dashboard */ = {
			isa = PBXGroup;
			children = (
				AD74381F1D4DD47100F5F9D2 /* JBChartTooltipTipView.h */,
				AD7438201D4DD47100F5F9D2 /* JBChartTooltipTipView.m */,
				AD7438211D4DD47100F5F9D2 /* JBChartTooltipView.h */,
				AD7438221D4DD47100F5F9D2 /* JBChartTooltipView.m */,
				AD77979E1D4CF9C400472B27 /* ChartFooterView.h */,
				AD77979F1D4CF9C400472B27 /* ChartFooterView.m */,
			);
			path = Dashboard;
			sourceTree = "<group>";
		};
		AD978D091D585ED300E59D2B /* Message */ = {
			isa = PBXGroup;
			children = (
				AD978D0A1D585EF000E59D2B /* MessageViewController.h */,
				AD978D0B1D585EF000E59D2B /* MessageViewController.m */,
			);
			path = Message;
			sourceTree = "<group>";
		};
		AD9B0D8B1D3BB89E009FDD95 /* Battery */ = {
			isa = PBXGroup;
			children = (
				AD9B0D921D3BB947009FDD95 /* BatteryViewController.h */,
				AD9B0D931D3BB947009FDD95 /* BatteryViewController.m */,
			);
			path = Battery;
			sourceTree = "<group>";
		};
		AD9B0D8C1D3BB89E009FDD95 /* Calendar */ = {
			isa = PBXGroup;
			children = (
				AD9B0D951D3BB954009FDD95 /* CalendarViewController.h */,
				AD9B0D961D3BB954009FDD95 /* CalendarViewController.m */,
				ADE6ED881D4E229D00FFA573 /* MonthCalendarViewController.h */,
				ADE6ED891D4E229D00FFA573 /* MonthCalendarViewController.m */,
				ADE6ED8B1D4E355300FFA573 /* BaseCalendarViewController.h */,
				ADE6ED8C1D4E355300FFA573 /* BaseCalendarViewController.m */,
				ADE6ED8E1D4E3B7D00FFA573 /* DayCalendarViewController.h */,
				ADE6ED8F1D4E3B7D00FFA573 /* DayCalendarViewController.m */,
				AD74D4DD1D4FA08E001F3B36 /* EventInfoViewController.h */,
				AD74D4DE1D4FA08E001F3B36 /* EventInfoViewController.m */,
				ADF985511D50C4A200B02075 /* AddEventViewController.h */,
				ADF985521D50C4A200B02075 /* AddEventViewController.m */,
			);
			path = Calendar;
			sourceTree = "<group>";
		};
		AD9B0D8D1D3BB89E009FDD95 /* Dashboard */ = {
			isa = PBXGroup;
			children = (
				AD7438251D4DD50C00F5F9D2 /* JBBaseChartViewController.h */,
				AD7438261D4DD50C00F5F9D2 /* JBBaseChartViewController.m */,
				AD9B0D8F1D3BB935009FDD95 /* DashboardViewController.h */,
				AD9B0D901D3BB935009FDD95 /* DashboardViewController.m */,
				ADDCD3E61D4C4DA90031DC66 /* UVIndexViewController.h */,
				ADDCD3E71D4C4DA90031DC66 /* UVIndexViewController.m */,
				AD7797A11D4D034600472B27 /* ActivityViewController.h */,
				AD7797A21D4D034600472B27 /* ActivityViewController.m */,
				AD7797A41D4D085600472B27 /* ChartViewController.h */,
				AD7797A51D4D085600472B27 /* ChartViewController.m */,
				AD7438281D4DDD3600F5F9D2 /* WeatherViewController.h */,
				AD7438291D4DDD3600F5F9D2 /* WeatherViewController.m */,
				AD74382B1D4DE08000F5F9D2 /* WeatherContentViewController.h */,
				AD74382C1D4DE08000F5F9D2 /* WeatherContentViewController.m */,
			);
			path = Dashboard;
			sourceTree = "<group>";
		};
		AD9B0D8E1D3BB89E009FDD95 /* Profile */ = {
			isa = PBXGroup;
			children = (
				AD9B0D981D3BB964009FDD95 /* ProfileViewController.h */,
				AD9B0D991D3BB964009FDD95 /* ProfileViewController.m */,
				AD7797941D4C9B5200472B27 /* EditProfileViewController.h */,
				AD7797951D4C9B5200472B27 /* EditProfileViewController.m */,
			);
			path = Profile;
			sourceTree = "<group>";
		};
		AD9B0D9B1D3BB97C009FDD95 /* Login */ = {
			isa = PBXGroup;
			children = (
				AD05B5BB1D3BCAA4007BCF7C /* LoginViewController.h */,
				AD05B5BC1D3BCAA4007BCF7C /* LoginViewController.m */,
				ADCED9E51D3D3C8B002E3F78 /* RegisterViewController.h */,
				ADCED9E61D3D3C8B002E3F78 /* RegisterViewController.m */,
				AD289A5C1D3FD0E800898F92 /* AskStepViewController.h */,
				AD289A5D1D3FD0E800898F92 /* AskStepViewController.m */,
				AD347D151D3FD8DD00E91DDD /* SearchWatchViewController.h */,
				AD347D161D3FD8DD00E91DDD /* SearchWatchViewController.m */,
				AD347D1C1D3FDEEC00E91DDD /* SelectWatchViewController.h */,
				AD347D1D1D3FDEEC00E91DDD /* SelectWatchViewController.m */,
				ADEF31CA1D47856200BB6A9B /* KidBindViewController.h */,
				ADEF31CB1D47856200BB6A9B /* KidBindViewController.m */,
				ADEF31CD1D478D2B00BB6A9B /* BindReadyViewController.h */,
				ADEF31CE1D478D2B00BB6A9B /* BindReadyViewController.m */,
			);
			path = Login;
			sourceTree = "<group>";
		};
		ADDCD3E91D4C54960031DC66 /* Res */ = {
			isa = PBXGroup;
			children = (
				ADDCD3EA1D4C54960031DC66 /* font */,
				ADDCD3ED1D4C54960031DC66 /* storyboard */,
			);
			path = Res;
			sourceTree = "<group>";
		};
		ADDCD3EA1D4C54960031DC66 /* font */ = {
			isa = PBXGroup;
			children = (
				ADDCD3F91D4C59E10031DC66 /* Avenir-bold.ttf */,
				ADDCD3FA1D4C59E10031DC66 /* Avenir-Book.otf */,
			);
			path = font;
			sourceTree = "<group>";
		};
		ADDCD3ED1D4C54960031DC66 /* storyboard */ = {
			isa = PBXGroup;
			children = (
				ADDCD3EE1D4C54960031DC66 /* LoginFlow.storyboard */,
				ADDCD3EF1D4C54960031DC66 /* MainTab.storyboard */,
				ADDCD3F01D4C54960031DC66 /* SyncDevice.storyboard */,
			);
			path = storyboard;
			sourceTree = "<group>";
		};
		ADE6ED911D4E413E00FFA573 /* Calendar */ = {
			isa = PBXGroup;
			children = (
				ADE6ED921D4E415900FFA573 /* TimeLineView.h */,
				ADE6ED931D4E415900FFA573 /* TimeLineView.m */,
				AD74D4DA1D4F90B5001F3B36 /* EventLabel.h */,
				AD74D4DB1D4F90B5001F3B36 /* EventLabel.m */,
				AD74D4E01D4FA750001F3B36 /* EventSelectTableViewCell.h */,
				AD74D4E11D4FA750001F3B36 /* EventSelectTableViewCell.m */,
				ADF985541D50C64A00B02075 /* ToDoListView.h */,
				ADF985551D50C64A00B02075 /* ToDoListView.m */,
				ADF985571D50CBFC00B02075 /* DoItemLabel.h */,
				ADF985581D50CBFC00B02075 /* DoItemLabel.m */,
				ADF9855A1D50D27400B02075 /* ColorLabel.h */,
				ADF9855B1D50D27400B02075 /* ColorLabel.m */,
			);
			path = Calendar;
			sourceTree = "<group>";
		};
		ADEF31D31D47B04200BB6A9B /* VPImageCropper */ = {
			isa = PBXGroup;
			children = (
				ADEF31D41D47B04200BB6A9B /* VPImageCropperViewController.h */,
				ADEF31D51D47B04200BB6A9B /* VPImageCropperViewController.m */,
			);
			path = VPImageCropper;
			sourceTree = "<group>";
		};
		ADFC2C1F1D369949004EDCDF = {
			isa = PBXGroup;
			children = (
				ADFC2C2A1D369949004EDCDF /* Swing */,
				ADFC2C291D369949004EDCDF /* Products */,
				CD88B2842C9CD8D5B32E9A0B /* Pods */,
				02DA3E82FD1D5C05D00D51E2 /* Frameworks */,
			);
			sourceTree = "<group>";
		};
		ADFC2C291D369949004EDCDF /* Products */ = {
			isa = PBXGroup;
			children = (
				ADFC2C281D369949004EDCDF /* Swing.app */,
			);
			name = Products;
			sourceTree = "<group>";
		};
		ADFC2C2A1D369949004EDCDF /* Swing */ = {
			isa = PBXGroup;
			children = (
				AD0B81061D37EF7400F43E72 /* C */,
				AD0B81071D37EF7400F43E72 /* M */,
				AD0B81201D37F09900F43E72 /* ThirdPart */,
				AD0B81081D37EF7400F43E72 /* Utils */,
				AD0B81161D37EF7400F43E72 /* V */,
				ADFC2C2E1D369949004EDCDF /* AppDelegate.h */,
				ADFC2C2F1D369949004EDCDF /* AppDelegate.m */,
				ADFC2C3A1D369949004EDCDF /* Assets.xcassets */,
				ADFC2C3F1D369949004EDCDF /* Info.plist */,
				ADDCD3E91D4C54960031DC66 /* Res */,
				ADFC2C2B1D369949004EDCDF /* Supporting Files */,
			);
			path = Swing;
			sourceTree = "<group>";
		};
		ADFC2C2B1D369949004EDCDF /* Supporting Files */ = {
			isa = PBXGroup;
			children = (
				ADFC2C2C1D369949004EDCDF /* main.m */,
			);
			name = "Supporting Files";
			sourceTree = "<group>";
		};
		CD88B2842C9CD8D5B32E9A0B /* Pods */ = {
			isa = PBXGroup;
			children = (
				DFF59BBE3C4093767FA3DA40 /* Pods.debug.xcconfig */,
				0A892F16F4220A9DEBE01E9D /* Pods.release.xcconfig */,
			);
			name = Pods;
			sourceTree = "<group>";
		};
/* End PBXGroup section */

/* Begin PBXNativeTarget section */
		ADFC2C271D369949004EDCDF /* Swing */ = {
			isa = PBXNativeTarget;
			buildConfigurationList = ADFC2C421D369949004EDCDF /* Build configuration list for PBXNativeTarget "Swing" */;
			buildPhases = (
				ECC5AF3998B57E7470BA2F3F /* Check Pods Manifest.lock */,
				ADFC2C241D369949004EDCDF /* Sources */,
				ADFC2C251D369949004EDCDF /* Frameworks */,
				ADFC2C261D369949004EDCDF /* Resources */,
				E75B65F2FD8224CC46A7D195 /* Copy Pods Resources */,
			);
			buildRules = (
			);
			dependencies = (
			);
			name = Swing;
			productName = Swing;
			productReference = ADFC2C281D369949004EDCDF /* Swing.app */;
			productType = "com.apple.product-type.application";
		};
/* End PBXNativeTarget section */

/* Begin PBXProject section */
		ADFC2C201D369949004EDCDF /* Project object */ = {
			isa = PBXProject;
			attributes = {
				LastUpgradeCheck = 0700;
				ORGANIZATIONNAME = zzteam;
				TargetAttributes = {
					ADFC2C271D369949004EDCDF = {
						CreatedOnToolsVersion = 7.0.1;
					};
				};
			};
			buildConfigurationList = ADFC2C231D369949004EDCDF /* Build configuration list for PBXProject "Swing" */;
			compatibilityVersion = "Xcode 3.2";
			developmentRegion = English;
			hasScannedForEncodings = 0;
			knownRegions = (
				en,
				Base,
			);
			mainGroup = ADFC2C1F1D369949004EDCDF;
			productRefGroup = ADFC2C291D369949004EDCDF /* Products */;
			projectDirPath = "";
			projectRoot = "";
			targets = (
				ADFC2C271D369949004EDCDF /* Swing */,
			);
		};
/* End PBXProject section */

/* Begin PBXResourcesBuildPhase section */
		ADFC2C261D369949004EDCDF /* Resources */ = {
			isa = PBXResourcesBuildPhase;
			buildActionMask = 2147483647;
			files = (
				ADDCD3FB1D4C59F10031DC66 /* Avenir-bold.ttf in Resources */,
				ADDCD3FC1D4C59F10031DC66 /* Avenir-Book.otf in Resources */,
				ADDCD3F31D4C54960031DC66 /* LoginFlow.storyboard in Resources */,
				ADDCD3F51D4C54960031DC66 /* SyncDevice.storyboard in Resources */,
				ADDCD3F41D4C54960031DC66 /* MainTab.storyboard in Resources */,
				ADFC2C3B1D369949004EDCDF /* Assets.xcassets in Resources */,
			);
			runOnlyForDeploymentPostprocessing = 0;
		};
/* End PBXResourcesBuildPhase section */

/* Begin PBXShellScriptBuildPhase section */
		E75B65F2FD8224CC46A7D195 /* Copy Pods Resources */ = {
			isa = PBXShellScriptBuildPhase;
			buildActionMask = 2147483647;
			files = (
			);
			inputPaths = (
			);
			name = "Copy Pods Resources";
			outputPaths = (
			);
			runOnlyForDeploymentPostprocessing = 0;
			shellPath = /bin/sh;
			shellScript = "\"${SRCROOT}/Pods/Target Support Files/Pods/Pods-resources.sh\"\n";
			showEnvVarsInLog = 0;
		};
		ECC5AF3998B57E7470BA2F3F /* Check Pods Manifest.lock */ = {
			isa = PBXShellScriptBuildPhase;
			buildActionMask = 2147483647;
			files = (
			);
			inputPaths = (
			);
			name = "Check Pods Manifest.lock";
			outputPaths = (
			);
			runOnlyForDeploymentPostprocessing = 0;
			shellPath = /bin/sh;
			shellScript = "diff \"${PODS_ROOT}/../Podfile.lock\" \"${PODS_ROOT}/Manifest.lock\" > /dev/null\nif [[ $? != 0 ]] ; then\n    cat << EOM\nerror: The sandbox is not in sync with the Podfile.lock. Run 'pod install' or update your CocoaPods installation.\nEOM\n    exit 1\nfi\n";
			showEnvVarsInLog = 0;
		};
/* End PBXShellScriptBuildPhase section */

/* Begin PBXSourcesBuildPhase section */
		ADFC2C241D369949004EDCDF /* Sources */ = {
			isa = PBXSourcesBuildPhase;
			buildActionMask = 2147483647;
			files = (
				ADCED9E41D3D2BAC002E3F78 /* LoginedModel.m in Sources */,
				ADE820791D54D99000E12768 /* WeartherModel.m in Sources */,
				AD0B811A1D37EF7400F43E72 /* LMBaseTableViewController.m in Sources */,
				AD74D4DF1D4FA08E001F3B36 /* EventInfoViewController.m in Sources */,
				ADE6ED8A1D4E229D00FFA573 /* MonthCalendarViewController.m in Sources */,
				AD0B811C1D37EF7400F43E72 /* LMBaseViewController.m in Sources */,
				AD6654571D490EC20056632C /* SearchDeviceViewController.m in Sources */,
				AD9B0D911D3BB935009FDD95 /* DashboardViewController.m in Sources */,
				ADFC2C301D369949004EDCDF /* AppDelegate.m in Sources */,
				ADE6ED901D4E3B7D00FFA573 /* DayCalendarViewController.m in Sources */,
				AD9B0D941D3BB947009FDD95 /* BatteryViewController.m in Sources */,
				AD7797A31D4D034600472B27 /* ActivityViewController.m in Sources */,
				ADE8207C1D54F08200E12768 /* MMLocationManager.m in Sources */,
				AD0B811F1D37EFEA00F43E72 /* LMTabBarController.m in Sources */,
				ADE820731D54C26200E12768 /* JSONValueTransformer+NSDate.m in Sources */,
				AD0B81171D37EF7400F43E72 /* ControlFactory.m in Sources */,
				AD77979C1D4CE11B00472B27 /* CameraUtility.m in Sources */,
				ADF985561D50C64A00B02075 /* ToDoListView.m in Sources */,
				AD74382A1D4DDD3600F5F9D2 /* WeatherViewController.m in Sources */,
				AD7438231D4DD47100F5F9D2 /* JBChartTooltipTipView.m in Sources */,
				AD05B5C01D3BD187007BCF7C /* SwingClient.m in Sources */,
				AD6654541D490C110056632C /* SyncDeviceViewController.m in Sources */,
				AD7797A01D4CF9C400472B27 /* ChartFooterView.m in Sources */,
				AD0B81181D37EF7400F43E72 /* Fun.m in Sources */,
				ADE8207F1D54F0E100E12768 /* NSDictionary+MM.m in Sources */,
				AD7797A61D4D085600472B27 /* ChartViewController.m in Sources */,
				AD7797961D4C9B5200472B27 /* EditProfileViewController.m in Sources */,
				AD9B0D9A1D3BB964009FDD95 /* ProfileViewController.m in Sources */,
				AD0B81281D37F09900F43E72 /* SimpleLogger.m in Sources */,
				ADEF31CF1D478D2B00BB6A9B /* BindReadyViewController.m in Sources */,
				ADE6ED971D4E538B00FFA573 /* EventModel.m in Sources */,
				AD0B811B1D37EF7400F43E72 /* LMBaseTableViewController2.m in Sources */,
				ADBC9BD31D578403007E4A2C /* JSONValueTransformer+UIColor.m in Sources */,
				AD74382D1D4DE08000F5F9D2 /* WeatherContentViewController.m in Sources */,
				AD7438271D4DD50C00F5F9D2 /* JBBaseChartViewController.m in Sources */,
				AD2D33901D538418005D9298 /* ToDoModel.m in Sources */,
				ADE820761D54C62D00E12768 /* UserModel.m in Sources */,
				AD2D338D1D5378AD005D9298 /* KidModel.m in Sources */,
				AD9B0D971D3BB954009FDD95 /* CalendarViewController.m in Sources */,
				ADDCD3E81D4C4DA90031DC66 /* UVIndexViewController.m in Sources */,
				AD347D1B1D3FDE1A00E91DDD /* DeviceTableViewCell.m in Sources */,
				ADCED9E71D3D3C8B002E3F78 /* RegisterViewController.m in Sources */,
				ADEF31D61D47B04200BB6A9B /* VPImageCropperViewController.m in Sources */,
				AD95A51B1D5243390047A0A2 /* SwingClientTest.m in Sources */,
				ADE6ED8D1D4E355300FFA573 /* BaseCalendarViewController.m in Sources */,
				ADF9855C1D50D27400B02075 /* ColorLabel.m in Sources */,
				ADF985591D50CBFC00B02075 /* DoItemLabel.m in Sources */,
				AD7797991D4CCFD200472B27 /* UnderlineTextField.m in Sources */,
				AD347D171D3FD8DD00E91DDD /* SearchWatchViewController.m in Sources */,
				AD05B5BD1D3BCAA4007BCF7C /* LoginViewController.m in Sources */,
				ADEF31CC1D47856200BB6A9B /* KidBindViewController.m in Sources */,
				AD7438241D4DD47100F5F9D2 /* JBChartTooltipView.m in Sources */,
				AD7797931D4C8D0600472B27 /* ProfileDeviceCell.m in Sources */,
				ADF985531D50C4A200B02075 /* AddEventViewController.m in Sources */,
				AD978D0C1D585EF000E59D2B /* MessageViewController.m in Sources */,
				AD347D1E1D3FDEEC00E91DDD /* SelectWatchViewController.m in Sources */,
				AD74D4DC1D4F90B5001F3B36 /* EventLabel.m in Sources */,
				ADFC2C2D1D369949004EDCDF /* main.m in Sources */,
				AD289A5E1D3FD0E800898F92 /* AskStepViewController.m in Sources */,
				ADDCD3F81D4C557E0031DC66 /* UIFont+AvenirFont.m in Sources */,
				ADEF31D21D478E9900BB6A9B /* RoundButton.m in Sources */,
				AD0B81191D37EF7400F43E72 /* GlobalCache.m in Sources */,
				AD74D4E21D4FA750001F3B36 /* EventSelectTableViewCell.m in Sources */,
				ADE6ED941D4E415900FFA573 /* TimeLineView.m in Sources */,
			);
			runOnlyForDeploymentPostprocessing = 0;
		};
/* End PBXSourcesBuildPhase section */

/* Begin XCBuildConfiguration section */
		ADFC2C401D369949004EDCDF /* Debug */ = {
			isa = XCBuildConfiguration;
			buildSettings = {
				ALWAYS_SEARCH_USER_PATHS = NO;
				CLANG_CXX_LANGUAGE_STANDARD = "gnu++0x";
				CLANG_CXX_LIBRARY = "libc++";
				CLANG_ENABLE_MODULES = YES;
				CLANG_ENABLE_OBJC_ARC = YES;
				CLANG_WARN_BOOL_CONVERSION = YES;
				CLANG_WARN_CONSTANT_CONVERSION = YES;
				CLANG_WARN_DIRECT_OBJC_ISA_USAGE = YES_ERROR;
				CLANG_WARN_EMPTY_BODY = YES;
				CLANG_WARN_ENUM_CONVERSION = YES;
				CLANG_WARN_INT_CONVERSION = YES;
				CLANG_WARN_OBJC_ROOT_CLASS = YES_ERROR;
				CLANG_WARN_UNREACHABLE_CODE = YES;
				CLANG_WARN__DUPLICATE_METHOD_MATCH = YES;
				"CODE_SIGN_IDENTITY[sdk=iphoneos*]" = "iPhone Developer";
				COPY_PHASE_STRIP = NO;
				DEBUG_INFORMATION_FORMAT = dwarf;
				ENABLE_STRICT_OBJC_MSGSEND = YES;
				ENABLE_TESTABILITY = YES;
				GCC_C_LANGUAGE_STANDARD = gnu99;
				GCC_DYNAMIC_NO_PIC = NO;
				GCC_NO_COMMON_BLOCKS = YES;
				GCC_OPTIMIZATION_LEVEL = 0;
				GCC_PREPROCESSOR_DEFINITIONS = (
					"DEBUG=1",
					"$(inherited)",
				);
				GCC_WARN_64_TO_32_BIT_CONVERSION = YES;
				GCC_WARN_ABOUT_RETURN_TYPE = YES_ERROR;
				GCC_WARN_UNDECLARED_SELECTOR = YES;
				GCC_WARN_UNINITIALIZED_AUTOS = YES_AGGRESSIVE;
				GCC_WARN_UNUSED_FUNCTION = YES;
				GCC_WARN_UNUSED_VARIABLE = YES;
				IPHONEOS_DEPLOYMENT_TARGET = 9.0;
				MTL_ENABLE_DEBUG_INFO = YES;
				ONLY_ACTIVE_ARCH = YES;
				SDKROOT = iphoneos;
			};
			name = Debug;
		};
		ADFC2C411D369949004EDCDF /* Release */ = {
			isa = XCBuildConfiguration;
			buildSettings = {
				ALWAYS_SEARCH_USER_PATHS = NO;
				CLANG_CXX_LANGUAGE_STANDARD = "gnu++0x";
				CLANG_CXX_LIBRARY = "libc++";
				CLANG_ENABLE_MODULES = YES;
				CLANG_ENABLE_OBJC_ARC = YES;
				CLANG_WARN_BOOL_CONVERSION = YES;
				CLANG_WARN_CONSTANT_CONVERSION = YES;
				CLANG_WARN_DIRECT_OBJC_ISA_USAGE = YES_ERROR;
				CLANG_WARN_EMPTY_BODY = YES;
				CLANG_WARN_ENUM_CONVERSION = YES;
				CLANG_WARN_INT_CONVERSION = YES;
				CLANG_WARN_OBJC_ROOT_CLASS = YES_ERROR;
				CLANG_WARN_UNREACHABLE_CODE = YES;
				CLANG_WARN__DUPLICATE_METHOD_MATCH = YES;
				"CODE_SIGN_IDENTITY[sdk=iphoneos*]" = "iPhone Developer";
				COPY_PHASE_STRIP = NO;
				DEBUG_INFORMATION_FORMAT = "dwarf-with-dsym";
				ENABLE_NS_ASSERTIONS = NO;
				ENABLE_STRICT_OBJC_MSGSEND = YES;
				GCC_C_LANGUAGE_STANDARD = gnu99;
				GCC_NO_COMMON_BLOCKS = YES;
				GCC_WARN_64_TO_32_BIT_CONVERSION = YES;
				GCC_WARN_ABOUT_RETURN_TYPE = YES_ERROR;
				GCC_WARN_UNDECLARED_SELECTOR = YES;
				GCC_WARN_UNINITIALIZED_AUTOS = YES_AGGRESSIVE;
				GCC_WARN_UNUSED_FUNCTION = YES;
				GCC_WARN_UNUSED_VARIABLE = YES;
				IPHONEOS_DEPLOYMENT_TARGET = 9.0;
				MTL_ENABLE_DEBUG_INFO = NO;
				SDKROOT = iphoneos;
				VALIDATE_PRODUCT = YES;
			};
			name = Release;
		};
		ADFC2C431D369949004EDCDF /* Debug */ = {
			isa = XCBuildConfiguration;
			baseConfigurationReference = DFF59BBE3C4093767FA3DA40 /* Pods.debug.xcconfig */;
			buildSettings = {
				ASSETCATALOG_COMPILER_APPICON_NAME = AppIcon;
				ASSETCATALOG_COMPILER_LAUNCHIMAGE_NAME = LaunchImage;
				INFOPLIST_FILE = Swing/Info.plist;
				IPHONEOS_DEPLOYMENT_TARGET = 7.0;
				LD_RUNPATH_SEARCH_PATHS = "$(inherited) @executable_path/Frameworks";
				PRODUCT_BUNDLE_IDENTIFIER = com.zzteam.Swing;
				PRODUCT_NAME = "$(TARGET_NAME)";
			};
			name = Debug;
		};
		ADFC2C441D369949004EDCDF /* Release */ = {
			isa = XCBuildConfiguration;
			baseConfigurationReference = 0A892F16F4220A9DEBE01E9D /* Pods.release.xcconfig */;
			buildSettings = {
				ASSETCATALOG_COMPILER_APPICON_NAME = AppIcon;
				ASSETCATALOG_COMPILER_LAUNCHIMAGE_NAME = LaunchImage;
				INFOPLIST_FILE = Swing/Info.plist;
				IPHONEOS_DEPLOYMENT_TARGET = 7.0;
				LD_RUNPATH_SEARCH_PATHS = "$(inherited) @executable_path/Frameworks";
				PRODUCT_BUNDLE_IDENTIFIER = com.zzteam.Swing;
				PRODUCT_NAME = "$(TARGET_NAME)";
			};
			name = Release;
		};
/* End XCBuildConfiguration section */

/* Begin XCConfigurationList section */
		ADFC2C231D369949004EDCDF /* Build configuration list for PBXProject "Swing" */ = {
			isa = XCConfigurationList;
			buildConfigurations = (
				ADFC2C401D369949004EDCDF /* Debug */,
				ADFC2C411D369949004EDCDF /* Release */,
			);
			defaultConfigurationIsVisible = 0;
			defaultConfigurationName = Release;
		};
		ADFC2C421D369949004EDCDF /* Build configuration list for PBXNativeTarget "Swing" */ = {
			isa = XCConfigurationList;
			buildConfigurations = (
				ADFC2C431D369949004EDCDF /* Debug */,
				ADFC2C441D369949004EDCDF /* Release */,
			);
			defaultConfigurationIsVisible = 0;
			defaultConfigurationName = Release;
		};
/* End XCConfigurationList section */
	};
	rootObject = ADFC2C201D369949004EDCDF /* Project object */;
}
