// !$*UTF8*$!
{
	archiveVersion = 1;
	classes = {
	};
	objectVersion = 46;
	objects = {

/* Begin PBXBuildFile section */
		ADFC2C2D1D369949004EDCDF /* main.m in Sources */ = {isa = PBXBuildFile; fileRef = ADFC2C2C1D369949004EDCDF /* main.m */; };
		ADFC2C301D369949004EDCDF /* AppDelegate.m in Sources */ = {isa = PBXBuildFile; fileRef = ADFC2C2F1D369949004EDCDF /* AppDelegate.m */; };
		ADFC2C331D369949004EDCDF /* FirstViewController.m in Sources */ = {isa = PBXBuildFile; fileRef = ADFC2C321D369949004EDCDF /* FirstViewController.m */; };
		ADFC2C361D369949004EDCDF /* SecondViewController.m in Sources */ = {isa = PBXBuildFile; fileRef = ADFC2C351D369949004EDCDF /* SecondViewController.m */; };
		ADFC2C391D369949004EDCDF /* Main.storyboard in Resources */ = {isa = PBXBuildFile; fileRef = ADFC2C371D369949004EDCDF /* Main.storyboard */; };
		ADFC2C3B1D369949004EDCDF /* Assets.xcassets in Resources */ = {isa = PBXBuildFile; fileRef = ADFC2C3A1D369949004EDCDF /* Assets.xcassets */; };
		ADFC2C3E1D369949004EDCDF /* LaunchScreen.storyboard in Resources */ = {isa = PBXBuildFile; fileRef = ADFC2C3C1D369949004EDCDF /* LaunchScreen.storyboard */; };
/* End PBXBuildFile section */

/* Begin PBXFileReference section */
		ADFC2C281D369949004EDCDF /* Swing.app */ = {isa = PBXFileReference; explicitFileType = wrapper.application; includeInIndex = 0; path = Swing.app; sourceTree = BUILT_PRODUCTS_DIR; };
		ADFC2C2C1D369949004EDCDF /* main.m */ = {isa = PBXFileReference; lastKnownFileType = sourcecode.c.objc; path = main.m; sourceTree = "<group>"; };
		ADFC2C2E1D369949004EDCDF /* AppDelegate.h */ = {isa = PBXFileReference; lastKnownFileType = sourcecode.c.h; path = AppDelegate.h; sourceTree = "<group>"; };
		ADFC2C2F1D369949004EDCDF /* AppDelegate.m */ = {isa = PBXFileReference; lastKnownFileType = sourcecode.c.objc; path = AppDelegate.m; sourceTree = "<group>"; };
		ADFC2C311D369949004EDCDF /* FirstViewController.h */ = {isa = PBXFileReference; lastKnownFileType = sourcecode.c.h; path = FirstViewController.h; sourceTree = "<group>"; };
		ADFC2C321D369949004EDCDF /* FirstViewController.m */ = {isa = PBXFileReference; lastKnownFileType = sourcecode.c.objc; path = FirstViewController.m; sourceTree = "<group>"; };
		ADFC2C341D369949004EDCDF /* SecondViewController.h */ = {isa = PBXFileReference; lastKnownFileType = sourcecode.c.h; path = SecondViewController.h; sourceTree = "<group>"; };
		ADFC2C351D369949004EDCDF /* SecondViewController.m */ = {isa = PBXFileReference; lastKnownFileType = sourcecode.c.objc; path = SecondViewController.m; sourceTree = "<group>"; };
		ADFC2C381D369949004EDCDF /* Base */ = {isa = PBXFileReference; lastKnownFileType = file.storyboard; name = Base; path = Base.lproj/Main.storyboard; sourceTree = "<group>"; };
		ADFC2C3A1D369949004EDCDF /* Assets.xcassets */ = {isa = PBXFileReference; lastKnownFileType = folder.assetcatalog; path = Assets.xcassets; sourceTree = "<group>"; };
		ADFC2C3D1D369949004EDCDF /* Base */ = {isa = PBXFileReference; lastKnownFileType = file.storyboard; name = Base; path = Base.lproj/LaunchScreen.storyboard; sourceTree = "<group>"; };
		ADFC2C3F1D369949004EDCDF /* Info.plist */ = {isa = PBXFileReference; lastKnownFileType = text.plist.xml; path = Info.plist; sourceTree = "<group>"; };
/* End PBXFileReference section */

/* Begin PBXFrameworksBuildPhase section */
		ADFC2C251D369949004EDCDF /* Frameworks */ = {
			isa = PBXFrameworksBuildPhase;
			buildActionMask = 2147483647;
			files = (
			);
			runOnlyForDeploymentPostprocessing = 0;
		};
/* End PBXFrameworksBuildPhase section */

/* Begin PBXGroup section */
		ADFC2C1F1D369949004EDCDF = {
			isa = PBXGroup;
			children = (
				ADFC2C2A1D369949004EDCDF /* Swing */,
				ADFC2C291D369949004EDCDF /* Products */,
			);
			sourceTree = "<group>";
		};
		ADFC2C291D369949004EDCDF /* Products */ = {
			isa = PBXGroup;
			children = (
				ADFC2C281D369949004EDCDF /* Swing.app */,
			);
			name = Products;
			sourceTree = "<group>";
		};
		ADFC2C2A1D369949004EDCDF /* Swing */ = {
			isa = PBXGroup;
			children = (
				ADFC2C2E1D369949004EDCDF /* AppDelegate.h */,
				ADFC2C2F1D369949004EDCDF /* AppDelegate.m */,
				ADFC2C311D369949004EDCDF /* FirstViewController.h */,
				ADFC2C321D369949004EDCDF /* FirstViewController.m */,
				ADFC2C341D369949004EDCDF /* SecondViewController.h */,
				ADFC2C351D369949004EDCDF /* SecondViewController.m */,
				ADFC2C371D369949004EDCDF /* Main.storyboard */,
				ADFC2C3A1D369949004EDCDF /* Assets.xcassets */,
				ADFC2C3C1D369949004EDCDF /* LaunchScreen.storyboard */,
				ADFC2C3F1D369949004EDCDF /* Info.plist */,
				ADFC2C2B1D369949004EDCDF /* Supporting Files */,
			);
			path = Swing;
			sourceTree = "<group>";
		};
		ADFC2C2B1D369949004EDCDF /* Supporting Files */ = {
			isa = PBXGroup;
			children = (
				ADFC2C2C1D369949004EDCDF /* main.m */,
			);
			name = "Supporting Files";
			sourceTree = "<group>";
		};
/* End PBXGroup section */

/* Begin PBXNativeTarget section */
		ADFC2C271D369949004EDCDF /* Swing */ = {
			isa = PBXNativeTarget;
			buildConfigurationList = ADFC2C421D369949004EDCDF /* Build configuration list for PBXNativeTarget "Swing" */;
			buildPhases = (
				ADFC2C241D369949004EDCDF /* Sources */,
				ADFC2C251D369949004EDCDF /* Frameworks */,
				ADFC2C261D369949004EDCDF /* Resources */,
			);
			buildRules = (
			);
			dependencies = (
			);
			name = Swing;
			productName = Swing;
			productReference = ADFC2C281D369949004EDCDF /* Swing.app */;
			productType = "com.apple.product-type.application";
		};
/* End PBXNativeTarget section */

/* Begin PBXProject section */
		ADFC2C201D369949004EDCDF /* Project object */ = {
			isa = PBXProject;
			attributes = {
				LastUpgradeCheck = 0700;
				ORGANIZATIONNAME = zzteam;
				TargetAttributes = {
					ADFC2C271D369949004EDCDF = {
						CreatedOnToolsVersion = 7.0.1;
					};
				};
			};
			buildConfigurationList = ADFC2C231D369949004EDCDF /* Build configuration list for PBXProject "Swing" */;
			compatibilityVersion = "Xcode 3.2";
			developmentRegion = English;
			hasScannedForEncodings = 0;
			knownRegions = (
				en,
				Base,
			);
			mainGroup = ADFC2C1F1D369949004EDCDF;
			productRefGroup = ADFC2C291D369949004EDCDF /* Products */;
			projectDirPath = "";
			projectRoot = "";
			targets = (
				ADFC2C271D369949004EDCDF /* Swing */,
			);
		};
/* End PBXProject section */

/* Begin PBXResourcesBuildPhase section */
		ADFC2C261D369949004EDCDF /* Resources */ = {
			isa = PBXResourcesBuildPhase;
			buildActionMask = 2147483647;
			files = (
				ADFC2C3E1D369949004EDCDF /* LaunchScreen.storyboard in Resources */,
				ADFC2C3B1D369949004EDCDF /* Assets.xcassets in Resources */,
				ADFC2C391D369949004EDCDF /* Main.storyboard in Resources */,
			);
			runOnlyForDeploymentPostprocessing = 0;
		};
/* End PBXResourcesBuildPhase section */

/* Begin PBXSourcesBuildPhase section */
		ADFC2C241D369949004EDCDF /* Sources */ = {
			isa = PBXSourcesBuildPhase;
			buildActionMask = 2147483647;
			files = (
				ADFC2C361D369949004EDCDF /* SecondViewController.m in Sources */,
				ADFC2C301D369949004EDCDF /* AppDelegate.m in Sources */,
				ADFC2C331D369949004EDCDF /* FirstViewController.m in Sources */,
				ADFC2C2D1D369949004EDCDF /* main.m in Sources */,
			);
			runOnlyForDeploymentPostprocessing = 0;
		};
/* End PBXSourcesBuildPhase section */

/* Begin PBXVariantGroup section */
		ADFC2C371D369949004EDCDF /* Main.storyboard */ = {
			isa = PBXVariantGroup;
			children = (
				ADFC2C381D369949004EDCDF /* Base */,
			);
			name = Main.storyboard;
			sourceTree = "<group>";
		};
		ADFC2C3C1D369949004EDCDF /* LaunchScreen.storyboard */ = {
			isa = PBXVariantGroup;
			children = (
				ADFC2C3D1D369949004EDCDF /* Base */,
			);
			name = LaunchScreen.storyboard;
			sourceTree = "<group>";
		};
/* End PBXVariantGroup section */

/* Begin XCBuildConfiguration section */
		ADFC2C401D369949004EDCDF /* Debug */ = {
			isa = XCBuildConfiguration;
			buildSettings = {
				ALWAYS_SEARCH_USER_PATHS = NO;
				CLANG_CXX_LANGUAGE_STANDARD = "gnu++0x";
				CLANG_CXX_LIBRARY = "libc++";
				CLANG_ENABLE_MODULES = YES;
				CLANG_ENABLE_OBJC_ARC = YES;
				CLANG_WARN_BOOL_CONVERSION = YES;
				CLANG_WARN_CONSTANT_CONVERSION = YES;
				CLANG_WARN_DIRECT_OBJC_ISA_USAGE = YES_ERROR;
				CLANG_WARN_EMPTY_BODY = YES;
				CLANG_WARN_ENUM_CONVERSION = YES;
				CLANG_WARN_INT_CONVERSION = YES;
				CLANG_WARN_OBJC_ROOT_CLASS = YES_ERROR;
				CLANG_WARN_UNREACHABLE_CODE = YES;
				CLANG_WARN__DUPLICATE_METHOD_MATCH = YES;
				"CODE_SIGN_IDENTITY[sdk=iphoneos*]" = "iPhone Developer";
				COPY_PHASE_STRIP = NO;
				DEBUG_INFORMATION_FORMAT = dwarf;
				ENABLE_STRICT_OBJC_MSGSEND = YES;
				ENABLE_TESTABILITY = YES;
				GCC_C_LANGUAGE_STANDARD = gnu99;
				GCC_DYNAMIC_NO_PIC = NO;
				GCC_NO_COMMON_BLOCKS = YES;
				GCC_OPTIMIZATION_LEVEL = 0;
				GCC_PREPROCESSOR_DEFINITIONS = (
					"DEBUG=1",
					"$(inherited)",
				);
				GCC_WARN_64_TO_32_BIT_CONVERSION = YES;
				GCC_WARN_ABOUT_RETURN_TYPE = YES_ERROR;
				GCC_WARN_UNDECLARED_SELECTOR = YES;
				GCC_WARN_UNINITIALIZED_AUTOS = YES_AGGRESSIVE;
				GCC_WARN_UNUSED_FUNCTION = YES;
				GCC_WARN_UNUSED_VARIABLE = YES;
				IPHONEOS_DEPLOYMENT_TARGET = 9.0;
				MTL_ENABLE_DEBUG_INFO = YES;
				ONLY_ACTIVE_ARCH = YES;
				SDKROOT = iphoneos;
			};
			name = Debug;
		};
		ADFC2C411D369949004EDCDF /* Release */ = {
			isa = XCBuildConfiguration;
			buildSettings = {
				ALWAYS_SEARCH_USER_PATHS = NO;
				CLANG_CXX_LANGUAGE_STANDARD = "gnu++0x";
				CLANG_CXX_LIBRARY = "libc++";
				CLANG_ENABLE_MODULES = YES;
				CLANG_ENABLE_OBJC_ARC = YES;
				CLANG_WARN_BOOL_CONVERSION = YES;
				CLANG_WARN_CONSTANT_CONVERSION = YES;
				CLANG_WARN_DIRECT_OBJC_ISA_USAGE = YES_ERROR;
				CLANG_WARN_EMPTY_BODY = YES;
				CLANG_WARN_ENUM_CONVERSION = YES;
				CLANG_WARN_INT_CONVERSION = YES;
				CLANG_WARN_OBJC_ROOT_CLASS = YES_ERROR;
				CLANG_WARN_UNREACHABLE_CODE = YES;
				CLANG_WARN__DUPLICATE_METHOD_MATCH = YES;
				"CODE_SIGN_IDENTITY[sdk=iphoneos*]" = "iPhone Developer";
				COPY_PHASE_STRIP = NO;
				DEBUG_INFORMATION_FORMAT = "dwarf-with-dsym";
				ENABLE_NS_ASSERTIONS = NO;
				ENABLE_STRICT_OBJC_MSGSEND = YES;
				GCC_C_LANGUAGE_STANDARD = gnu99;
				GCC_NO_COMMON_BLOCKS = YES;
				GCC_WARN_64_TO_32_BIT_CONVERSION = YES;
				GCC_WARN_ABOUT_RETURN_TYPE = YES_ERROR;
				GCC_WARN_UNDECLARED_SELECTOR = YES;
				GCC_WARN_UNINITIALIZED_AUTOS = YES_AGGRESSIVE;
				GCC_WARN_UNUSED_FUNCTION = YES;
				GCC_WARN_UNUSED_VARIABLE = YES;
				IPHONEOS_DEPLOYMENT_TARGET = 9.0;
				MTL_ENABLE_DEBUG_INFO = NO;
				SDKROOT = iphoneos;
				VALIDATE_PRODUCT = YES;
			};
			name = Release;
		};
		ADFC2C431D369949004EDCDF /* Debug */ = {
			isa = XCBuildConfiguration;
			buildSettings = {
				ASSETCATALOG_COMPILER_APPICON_NAME = AppIcon;
				ASSETCATALOG_COMPILER_LAUNCHIMAGE_NAME = LaunchImage;
				INFOPLIST_FILE = Swing/Info.plist;
				IPHONEOS_DEPLOYMENT_TARGET = 7.0;
				LD_RUNPATH_SEARCH_PATHS = "$(inherited) @executable_path/Frameworks";
				PRODUCT_BUNDLE_IDENTIFIER = com.zzteam.Swing;
				PRODUCT_NAME = "$(TARGET_NAME)";
			};
			name = Debug;
		};
		ADFC2C441D369949004EDCDF /* Release */ = {
			isa = XCBuildConfiguration;
			buildSettings = {
				ASSETCATALOG_COMPILER_APPICON_NAME = AppIcon;
				ASSETCATALOG_COMPILER_LAUNCHIMAGE_NAME = LaunchImage;
				INFOPLIST_FILE = Swing/Info.plist;
				IPHONEOS_DEPLOYMENT_TARGET = 7.0;
				LD_RUNPATH_SEARCH_PATHS = "$(inherited) @executable_path/Frameworks";
				PRODUCT_BUNDLE_IDENTIFIER = com.zzteam.Swing;
				PRODUCT_NAME = "$(TARGET_NAME)";
			};
			name = Release;
		};
/* End XCBuildConfiguration section */

/* Begin XCConfigurationList section */
		ADFC2C231D369949004EDCDF /* Build configuration list for PBXProject "Swing" */ = {
			isa = XCConfigurationList;
			buildConfigurations = (
				ADFC2C401D369949004EDCDF /* Debug */,
				ADFC2C411D369949004EDCDF /* Release */,
			);
			defaultConfigurationIsVisible = 0;
			defaultConfigurationName = Release;
		};
		ADFC2C421D369949004EDCDF /* Build configuration list for PBXNativeTarget "Swing" */ = {
			isa = XCConfigurationList;
			buildConfigurations = (
				ADFC2C431D369949004EDCDF /* Debug */,
				ADFC2C441D369949004EDCDF /* Release */,
			);
			defaultConfigurationIsVisible = 0;
			defaultConfigurationName = Release;
		};
/* End XCConfigurationList section */
	};
	rootObject = ADFC2C201D369949004EDCDF /* Project object */;
}
